
Microsoft Visual Studio Solution File, Format Version 12.00
# Visual Studio Version 17
VisualStudioVersion = 17.7.34031.279
MinimumVisualStudioVersion = 10.0.40219.1
Project("{8BC9CEB8-8B4A-11D0-8D11-00A0C91BC942}") = "Bai172", "Bai172\Bai172.vcxproj", "{14E71B85-766D-4897-B902-9C4394673166}"
EndProject
Project("{8BC9CEB8-8B4A-11D0-8D11-00A0C91BC942}") = "Bai168", "Bai168\Bai168.vcxproj", "{6E1341F3-2A7D-431A-A513-D7B10E71D9D4}"
EndProject
Project("{8BC9CEB8-8B4A-11D0-8D11-00A0C91BC942}") = "Bai164", "Bai164\Bai164.vcxproj", "{7362EB63-F838-4206-BD0D-318ECAAEE003}"
EndProject
Project("{8BC9CEB8-8B4A-11D0-8D11-00A0C91BC942}") = "Bai160", "Bai160\Bai160.vcxproj", "{563A84FF-F720-451B-AD28-0EAEBEFB99AD}"
EndProject
Project("{8BC9CEB8-8B4A-11D0-8D11-00A0C91BC942}") = "Bai156", "Bai156\Bai156.vcxproj", "{5871944E-978F-453E-A267-ADE1C0EDD32C}"
EndProject
Project("{8BC9CEB8-8B4A-11D0-8D11-00A0C91BC942}") = "Bai152", "Bai152\Bai152.vcxproj", "{5CCA2F4C-0B66-4571-84BB-102263D7DDA8}"
EndProject
Project("{8BC9CEB8-8B4A-11D0-8D11-00A0C91BC942}") = "Bai148", "Bai148\Bai148.vcxproj", "{25B1FC24-6A89-4FE5-A3D0-D611AD90EB52}"
EndProject
Project("{8BC9CEB8-8B4A-11D0-8D11-00A0C91BC942}") = "Bai144", "Bai144\Bai144.vcxproj", "{53E36C99-3CD8-45E8-A34F-E1E998B1AE83}"
EndProject
Project("{8BC9CEB8-8B4A-11D0-8D11-00A0C91BC942}") = "Bai140", "Bai140\Bai140.vcxproj", "{E546D138-ACBF-4B36-88DD-885C66EF4171}"
EndProject
Project("{8BC9CEB8-8B4A-11D0-8D11-00A0C91BC942}") = "Bai136", "Bai136\Bai136.vcxproj", "{824AA612-D49C-4503-A6A9-073B8A40938F}"
EndProject
Project("{8BC9CEB8-8B4A-11D0-8D11-00A0C91BC942}") = "Bai132", "Bai132\Bai132.vcxproj", "{37F26546-32A8-4AB4-A15D-779BA6F51A85}"
EndProject
Project("{8BC9CEB8-8B4A-11D0-8D11-00A0C91BC942}") = "Bai128", "Bai128\Bai128.vcxproj", "{4C026190-F0D0-4AA5-8422-B7F2BD843D05}"
EndProject
Project("{8BC9CEB8-8B4A-11D0-8D11-00A0C91BC942}") = "Bai124", "Bai124\Bai124.vcxproj", "{1D02606B-7E36-4FC1-AC6D-93A88805DF6A}"
EndProject
Project("{8BC9CEB8-8B4A-11D0-8D11-00A0C91BC942}") = "Bai120", "Bai120\Bai120.vcxproj", "{527EA359-8098-4716-AD98-730DC4909BA5}"
EndProject
Project("{8BC9CEB8-8B4A-11D0-8D11-00A0C91BC942}") = "Bai116", "Bai116\Bai116.vcxproj", "{AA5271A0-03B6-468F-9AFA-1BAEF13A6C41}"
EndProject
Project("{8BC9CEB8-8B4A-11D0-8D11-00A0C91BC942}") = "Bai112", "Bai112\Bai112.vcxproj", "{3513F137-4F39-4D9A-BF6B-326FBD4ABE3F}"
EndProject
Project("{8BC9CEB8-8B4A-11D0-8D11-00A0C91BC942}") = "Bai108", "Bai108\Bai108.vcxproj", "{32D969F8-7DA0-4312-9A40-B007CDD43C3C}"
EndProject
Project("{8BC9CEB8-8B4A-11D0-8D11-00A0C91BC942}") = "Bai104", "Bai104\Bai104.vcxproj", "{A3208DEB-B29A-4999-8F4B-D804666A994C}"
EndProject
Project("{8BC9CEB8-8B4A-11D0-8D11-00A0C91BC942}") = "Bai100", "Bai100\Bai100.vcxproj", "{0CC951F1-A73F-46E1-83D8-70B5FF0B394C}"
EndProject
Project("{8BC9CEB8-8B4A-11D0-8D11-00A0C91BC942}") = "Bai096", "Bai096\Bai096.vcxproj", "{E371507C-4CA0-4E4B-AAEC-411743C0E817}"
EndProject
Project("{8BC9CEB8-8B4A-11D0-8D11-00A0C91BC942}") = "Bai092", "Bai092\Bai092.vcxproj", "{708BD591-DD27-476E-9483-858BEBCBC792}"
EndProject
Project("{8BC9CEB8-8B4A-11D0-8D11-00A0C91BC942}") = "Bai088", "Bai088\Bai088.vcxproj", "{29082C86-B98A-4615-8D81-DF9673BB8B7F}"
EndProject
Project("{8BC9CEB8-8B4A-11D0-8D11-00A0C91BC942}") = "Bai084", "Bai084\Bai084.vcxproj", "{D107D667-1B3D-4553-A305-7E4EEB6910BB}"
EndProject
Project("{8BC9CEB8-8B4A-11D0-8D11-00A0C91BC942}") = "Bai080", "Bai080\Bai080.vcxproj", "{2CDD9CCD-2F59-4617-99F7-C065827B0BF2}"
EndProject
Project("{8BC9CEB8-8B4A-11D0-8D11-00A0C91BC942}") = "Bai076", "Bai076\Bai076.vcxproj", "{8572D2B6-7B33-47FF-BD1E-03B5C80E6D5D}"
EndProject
Project("{8BC9CEB8-8B4A-11D0-8D11-00A0C91BC942}") = "Bai072", "Bai072\Bai072.vcxproj", "{22D7BDB3-E645-43E7-A9F7-DC58D56586CA}"
EndProject
Project("{8BC9CEB8-8B4A-11D0-8D11-00A0C91BC942}") = "Bai068", "Bai068\Bai068.vcxproj", "{E78BCF3A-A237-4954-A8AA-2BB4C3B5C8FB}"
EndProject
Project("{8BC9CEB8-8B4A-11D0-8D11-00A0C91BC942}") = "Bai064", "Bai064\Bai064.vcxproj", "{1877BFA1-8466-46A8-B8AF-68A9AEDC477E}"
EndProject
Project("{8BC9CEB8-8B4A-11D0-8D11-00A0C91BC942}") = "Bai060", "Bai060\Bai060.vcxproj", "{3DAF15C1-16C5-423C-9D2B-9F9D4406CD37}"
EndProject
Project("{8BC9CEB8-8B4A-11D0-8D11-00A0C91BC942}") = "Bai056", "Bai056\Bai056.vcxproj", "{F382E9E2-C159-49DF-845A-3D706BEA33C7}"
EndProject
Project("{8BC9CEB8-8B4A-11D0-8D11-00A0C91BC942}") = "Bai052", "Bai052\Bai052.vcxproj", "{7C770882-D8EA-4461-9F0C-8674C99C5F97}"
EndProject
Project("{8BC9CEB8-8B4A-11D0-8D11-00A0C91BC942}") = "Bai048", "Bai048\Bai048.vcxproj", "{B30BB113-C610-4259-8EB8-AD971C9232C2}"
EndProject
Project("{8BC9CEB8-8B4A-11D0-8D11-00A0C91BC942}") = "Bai044", "Bai044\Bai044.vcxproj", "{7E9F6FE8-322B-4754-B9BD-8E83FE32797F}"
EndProject
Project("{8BC9CEB8-8B4A-11D0-8D11-00A0C91BC942}") = "Bai040", "Bai040\Bai040.vcxproj", "{53DC49F9-E0FF-47EF-BC0F-94DB0DC853D0}"
EndProject
Project("{8BC9CEB8-8B4A-11D0-8D11-00A0C91BC942}") = "Bai036", "Bai036\Bai036.vcxproj", "{E5893BE2-C68E-46C3-A4AB-FA5EE9B6A54D}"
EndProject
Project("{8BC9CEB8-8B4A-11D0-8D11-00A0C91BC942}") = "Bai032", "Bai032\Bai032.vcxproj", "{95638278-EE47-461D-8C44-251C6DC5349D}"
EndProject
Project("{8BC9CEB8-8B4A-11D0-8D11-00A0C91BC942}") = "Bai028", "Bai028\Bai028.vcxproj", "{648D12DF-9A9A-406B-882E-BDB456D0A6CD}"
EndProject
Project("{8BC9CEB8-8B4A-11D0-8D11-00A0C91BC942}") = "Bai024", "Bai024\Bai024.vcxproj", "{524A0601-8BFD-48B3-BBC0-717003ED4C1A}"
EndProject
Project("{8BC9CEB8-8B4A-11D0-8D11-00A0C91BC942}") = "Bai020", "Bai020\Bai020.vcxproj", "{730157BB-2FAC-4458-9BAB-EBE570C8FF01}"
EndProject
Project("{8BC9CEB8-8B4A-11D0-8D11-00A0C91BC942}") = "Bai016", "Bai016\Bai016.vcxproj", "{79A1243E-733B-4304-83E5-F73134FF2452}"
EndProject
Project("{8BC9CEB8-8B4A-11D0-8D11-00A0C91BC942}") = "Bai012", "Bai012\Bai012.vcxproj", "{CE606046-C616-4199-A9CD-F3BCA61A4D11}"
EndProject
Project("{8BC9CEB8-8B4A-11D0-8D11-00A0C91BC942}") = "Bai008", "Bai008\Bai008.vcxproj", "{237BE828-AEE9-4294-A3C3-B0E8C8B5350E}"
EndProject
Project("{8BC9CEB8-8B4A-11D0-8D11-00A0C91BC942}") = "Bai004", "Bai004\Bai004.vcxproj", "{637FE4FD-8117-4FF2-BA75-90A01E38DCCF}"
EndProject
Project("{8BC9CEB8-8B4A-11D0-8D11-00A0C91BC942}") = "Bai176", "Bai176\Bai176.vcxproj", "{AA73E663-A49A-4BFB-9C2D-5AAE8D9BC931}"
EndProject
Project("{8BC9CEB8-8B4A-11D0-8D11-00A0C91BC942}") = "Bai180", "Bai180\Bai180.vcxproj", "{9D33F5F7-6415-4F73-8877-0CB3302384E0}"
EndProject
Project("{8BC9CEB8-8B4A-11D0-8D11-00A0C91BC942}") = "Bai184", "Bai184\Bai184.vcxproj", "{0E364559-49C4-4500-8E07-A0CB19D2CACB}"
EndProject
Project("{8BC9CEB8-8B4A-11D0-8D11-00A0C91BC942}") = "Bai188", "Bai188\Bai188.vcxproj", "{7DCC24EC-9DA0-48B8-8821-704D256C364F}"
EndProject
Project("{8BC9CEB8-8B4A-11D0-8D11-00A0C91BC942}") = "Bai192", "Bai192\Bai192.vcxproj", "{FB143E27-8548-4F1C-864C-0CD7C6D71D07}"
EndProject
Project("{8BC9CEB8-8B4A-11D0-8D11-00A0C91BC942}") = "Bai196", "Bai196\Bai196.vcxproj", "{EBC9407C-B838-4F3D-A0C0-491631CED22C}"
EndProject
Project("{8BC9CEB8-8B4A-11D0-8D11-00A0C91BC942}") = "Bai200", "Bai200\Bai200.vcxproj", "{16CC2C58-CC70-488E-9A24-C8013E6E01B6}"
EndProject
Project("{8BC9CEB8-8B4A-11D0-8D11-00A0C91BC942}") = "Bai204", "Bai204\Bai204.vcxproj", "{4F9F07C3-E3DA-4FD4-8F89-D6DE5C59137A}"
EndProject
Project("{8BC9CEB8-8B4A-11D0-8D11-00A0C91BC942}") = "Bai208", "Bai208\Bai208.vcxproj", "{88143335-B576-4E77-9242-6619C4C0024F}"
EndProject
Project("{8BC9CEB8-8B4A-11D0-8D11-00A0C91BC942}") = "Bai212", "Bai212\Bai212.vcxproj", "{316A2CB4-34C6-44BF-B4A0-3591A56395DF}"
EndProject
Project("{8BC9CEB8-8B4A-11D0-8D11-00A0C91BC942}") = "Bai216", "Bai216\Bai216.vcxproj", "{DE893DBD-D741-4AEE-A186-6EB83C439D5A}"
EndProject
Project("{8BC9CEB8-8B4A-11D0-8D11-00A0C91BC942}") = "Bai220", "Bai220\Bai220.vcxproj", "{8D8C2A3D-C9B3-47A2-B5F8-BC591FF296D5}"
EndProject
Project("{8BC9CEB8-8B4A-11D0-8D11-00A0C91BC942}") = "Bai224", "Bai224\Bai224.vcxproj", "{E096F690-7AD4-4D71-9F25-9F9DDC5B51BD}"
EndProject
Project("{8BC9CEB8-8B4A-11D0-8D11-00A0C91BC942}") = "Bai228", "Bai228\Bai228.vcxproj", "{4B7605A6-71C1-4736-BA0C-3639E0B2D265}"
EndProject
Project("{8BC9CEB8-8B4A-11D0-8D11-00A0C91BC942}") = "Bai232", "Bai232\Bai232.vcxproj", "{E47A0701-B84C-4C9F-9818-1252206F8447}"
EndProject
Project("{8BC9CEB8-8B4A-11D0-8D11-00A0C91BC942}") = "Bai236", "Bai236\Bai236.vcxproj", "{F2A8E2B3-9338-4165-8E97-0DCAB108B674}"
EndProject
Project("{8BC9CEB8-8B4A-11D0-8D11-00A0C91BC942}") = "Bai244", "Bai244\Bai244.vcxproj", "{5491B11C-206E-4DFA-9FFC-35ADEA715B79}"
EndProject
Project("{8BC9CEB8-8B4A-11D0-8D11-00A0C91BC942}") = "Bai240", "Bai240\Bai240.vcxproj", "{263B3400-057C-4291-A042-3A4F6C418A2C}"
EndProject
Project("{8BC9CEB8-8B4A-11D0-8D11-00A0C91BC942}") = "Bai248", "Bai248\Bai248.vcxproj", "{92402E59-B661-4DF9-A16E-1973407141D9}"
EndProject
Project("{8BC9CEB8-8B4A-11D0-8D11-00A0C91BC942}") = "Bai252", "Bai252\Bai252.vcxproj", "{58A15CDF-ACBD-4095-83D4-DFF58128291D}"
EndProject
Project("{8BC9CEB8-8B4A-11D0-8D11-00A0C91BC942}") = "Bai256", "Bai256\Bai256.vcxproj", "{33BB8204-C05B-4714-BD0C-8D010EAD6DC5}"
EndProject
Project("{8BC9CEB8-8B4A-11D0-8D11-00A0C91BC942}") = "Bai260", "Bai260\Bai260.vcxproj", "{687B0A24-B45A-48B1-8B42-D63994E56C39}"
EndProject
Project("{8BC9CEB8-8B4A-11D0-8D11-00A0C91BC942}") = "Bai264", "Bai264\Bai264.vcxproj", "{C2D53AB1-60B1-4D20-8A2E-951B1953B606}"
EndProject
Project("{8BC9CEB8-8B4A-11D0-8D11-00A0C91BC942}") = "Bai268", "Bai268\Bai268.vcxproj", "{52212FD6-D668-4F3C-BB72-17879B155ED6}"
EndProject
Project("{8BC9CEB8-8B4A-11D0-8D11-00A0C91BC942}") = "Bai272", "Bai272\Bai272.vcxproj", "{1740C0C0-12E5-4D1A-AA6A-225854A64E41}"
EndProject
Project("{8BC9CEB8-8B4A-11D0-8D11-00A0C91BC942}") = "Bai276", "Bai276\Bai276.vcxproj", "{A233AB5D-0C95-43A9-887A-6CC35900FD60}"
EndProject
Project("{8BC9CEB8-8B4A-11D0-8D11-00A0C91BC942}") = "Bai280", "Bai280\Bai280.vcxproj", "{119B38EE-F7B1-41A2-8F12-41E968504DA2}"
EndProject
Project("{8BC9CEB8-8B4A-11D0-8D11-00A0C91BC942}") = "Bai284", "Bai284\Bai284.vcxproj", "{BC4C21E1-0FFA-41AD-B068-55C3F61B6A58}"
EndProject
Project("{8BC9CEB8-8B4A-11D0-8D11-00A0C91BC942}") = "Bai288", "Bai288\Bai288.vcxproj", "{EE7059F2-E989-42B9-9F20-E1A349FA634C}"
EndProject
Global
	GlobalSection(SolutionConfigurationPlatforms) = preSolution
		Debug|x64 = Debug|x64
		Debug|x86 = Debug|x86
		Release|x64 = Release|x64
		Release|x86 = Release|x86
	EndGlobalSection
	GlobalSection(ProjectConfigurationPlatforms) = postSolution
		{14E71B85-766D-4897-B902-9C4394673166}.Debug|x64.ActiveCfg = Debug|x64
		{14E71B85-766D-4897-B902-9C4394673166}.Debug|x64.Build.0 = Debug|x64
		{14E71B85-766D-4897-B902-9C4394673166}.Debug|x86.ActiveCfg = Debug|Win32
		{14E71B85-766D-4897-B902-9C4394673166}.Debug|x86.Build.0 = Debug|Win32
		{14E71B85-766D-4897-B902-9C4394673166}.Release|x64.ActiveCfg = Release|x64
		{14E71B85-766D-4897-B902-9C4394673166}.Release|x64.Build.0 = Release|x64
		{14E71B85-766D-4897-B902-9C4394673166}.Release|x86.ActiveCfg = Release|Win32
		{14E71B85-766D-4897-B902-9C4394673166}.Release|x86.Build.0 = Release|Win32
		{6E1341F3-2A7D-431A-A513-D7B10E71D9D4}.Debug|x64.ActiveCfg = Debug|x64
		{6E1341F3-2A7D-431A-A513-D7B10E71D9D4}.Debug|x64.Build.0 = Debug|x64
		{6E1341F3-2A7D-431A-A513-D7B10E71D9D4}.Debug|x86.ActiveCfg = Debug|Win32
		{6E1341F3-2A7D-431A-A513-D7B10E71D9D4}.Debug|x86.Build.0 = Debug|Win32
		{6E1341F3-2A7D-431A-A513-D7B10E71D9D4}.Release|x64.ActiveCfg = Release|x64
		{6E1341F3-2A7D-431A-A513-D7B10E71D9D4}.Release|x64.Build.0 = Release|x64
		{6E1341F3-2A7D-431A-A513-D7B10E71D9D4}.Release|x86.ActiveCfg = Release|Win32
		{6E1341F3-2A7D-431A-A513-D7B10E71D9D4}.Release|x86.Build.0 = Release|Win32
		{7362EB63-F838-4206-BD0D-318ECAAEE003}.Debug|x64.ActiveCfg = Debug|x64
		{7362EB63-F838-4206-BD0D-318ECAAEE003}.Debug|x64.Build.0 = Debug|x64
		{7362EB63-F838-4206-BD0D-318ECAAEE003}.Debug|x86.ActiveCfg = Debug|Win32
		{7362EB63-F838-4206-BD0D-318ECAAEE003}.Debug|x86.Build.0 = Debug|Win32
		{7362EB63-F838-4206-BD0D-318ECAAEE003}.Release|x64.ActiveCfg = Release|x64
		{7362EB63-F838-4206-BD0D-318ECAAEE003}.Release|x64.Build.0 = Release|x64
		{7362EB63-F838-4206-BD0D-318ECAAEE003}.Release|x86.ActiveCfg = Release|Win32
		{7362EB63-F838-4206-BD0D-318ECAAEE003}.Release|x86.Build.0 = Release|Win32
		{563A84FF-F720-451B-AD28-0EAEBEFB99AD}.Debug|x64.ActiveCfg = Debug|x64
		{563A84FF-F720-451B-AD28-0EAEBEFB99AD}.Debug|x64.Build.0 = Debug|x64
		{563A84FF-F720-451B-AD28-0EAEBEFB99AD}.Debug|x86.ActiveCfg = Debug|Win32
		{563A84FF-F720-451B-AD28-0EAEBEFB99AD}.Debug|x86.Build.0 = Debug|Win32
		{563A84FF-F720-451B-AD28-0EAEBEFB99AD}.Release|x64.ActiveCfg = Release|x64
		{563A84FF-F720-451B-AD28-0EAEBEFB99AD}.Release|x64.Build.0 = Release|x64
		{563A84FF-F720-451B-AD28-0EAEBEFB99AD}.Release|x86.ActiveCfg = Release|Win32
		{563A84FF-F720-451B-AD28-0EAEBEFB99AD}.Release|x86.Build.0 = Release|Win32
		{5871944E-978F-453E-A267-ADE1C0EDD32C}.Debug|x64.ActiveCfg = Debug|x64
		{5871944E-978F-453E-A267-ADE1C0EDD32C}.Debug|x64.Build.0 = Debug|x64
		{5871944E-978F-453E-A267-ADE1C0EDD32C}.Debug|x86.ActiveCfg = Debug|Win32
		{5871944E-978F-453E-A267-ADE1C0EDD32C}.Debug|x86.Build.0 = Debug|Win32
		{5871944E-978F-453E-A267-ADE1C0EDD32C}.Release|x64.ActiveCfg = Release|x64
		{5871944E-978F-453E-A267-ADE1C0EDD32C}.Release|x64.Build.0 = Release|x64
		{5871944E-978F-453E-A267-ADE1C0EDD32C}.Release|x86.ActiveCfg = Release|Win32
		{5871944E-978F-453E-A267-ADE1C0EDD32C}.Release|x86.Build.0 = Release|Win32
		{5CCA2F4C-0B66-4571-84BB-102263D7DDA8}.Debug|x64.ActiveCfg = Debug|x64
		{5CCA2F4C-0B66-4571-84BB-102263D7DDA8}.Debug|x64.Build.0 = Debug|x64
		{5CCA2F4C-0B66-4571-84BB-102263D7DDA8}.Debug|x86.ActiveCfg = Debug|Win32
		{5CCA2F4C-0B66-4571-84BB-102263D7DDA8}.Debug|x86.Build.0 = Debug|Win32
		{5CCA2F4C-0B66-4571-84BB-102263D7DDA8}.Release|x64.ActiveCfg = Release|x64
		{5CCA2F4C-0B66-4571-84BB-102263D7DDA8}.Release|x64.Build.0 = Release|x64
		{5CCA2F4C-0B66-4571-84BB-102263D7DDA8}.Release|x86.ActiveCfg = Release|Win32
		{5CCA2F4C-0B66-4571-84BB-102263D7DDA8}.Release|x86.Build.0 = Release|Win32
		{25B1FC24-6A89-4FE5-A3D0-D611AD90EB52}.Debug|x64.ActiveCfg = Debug|x64
		{25B1FC24-6A89-4FE5-A3D0-D611AD90EB52}.Debug|x64.Build.0 = Debug|x64
		{25B1FC24-6A89-4FE5-A3D0-D611AD90EB52}.Debug|x86.ActiveCfg = Debug|Win32
		{25B1FC24-6A89-4FE5-A3D0-D611AD90EB52}.Debug|x86.Build.0 = Debug|Win32
		{25B1FC24-6A89-4FE5-A3D0-D611AD90EB52}.Release|x64.ActiveCfg = Release|x64
		{25B1FC24-6A89-4FE5-A3D0-D611AD90EB52}.Release|x64.Build.0 = Release|x64
		{25B1FC24-6A89-4FE5-A3D0-D611AD90EB52}.Release|x86.ActiveCfg = Release|Win32
		{25B1FC24-6A89-4FE5-A3D0-D611AD90EB52}.Release|x86.Build.0 = Release|Win32
		{53E36C99-3CD8-45E8-A34F-E1E998B1AE83}.Debug|x64.ActiveCfg = Debug|x64
		{53E36C99-3CD8-45E8-A34F-E1E998B1AE83}.Debug|x64.Build.0 = Debug|x64
		{53E36C99-3CD8-45E8-A34F-E1E998B1AE83}.Debug|x86.ActiveCfg = Debug|Win32
		{53E36C99-3CD8-45E8-A34F-E1E998B1AE83}.Debug|x86.Build.0 = Debug|Win32
		{53E36C99-3CD8-45E8-A34F-E1E998B1AE83}.Release|x64.ActiveCfg = Release|x64
		{53E36C99-3CD8-45E8-A34F-E1E998B1AE83}.Release|x64.Build.0 = Release|x64
		{53E36C99-3CD8-45E8-A34F-E1E998B1AE83}.Release|x86.ActiveCfg = Release|Win32
		{53E36C99-3CD8-45E8-A34F-E1E998B1AE83}.Release|x86.Build.0 = Release|Win32
		{E546D138-ACBF-4B36-88DD-885C66EF4171}.Debug|x64.ActiveCfg = Debug|x64
		{E546D138-ACBF-4B36-88DD-885C66EF4171}.Debug|x64.Build.0 = Debug|x64
		{E546D138-ACBF-4B36-88DD-885C66EF4171}.Debug|x86.ActiveCfg = Debug|Win32
		{E546D138-ACBF-4B36-88DD-885C66EF4171}.Debug|x86.Build.0 = Debug|Win32
		{E546D138-ACBF-4B36-88DD-885C66EF4171}.Release|x64.ActiveCfg = Release|x64
		{E546D138-ACBF-4B36-88DD-885C66EF4171}.Release|x64.Build.0 = Release|x64
		{E546D138-ACBF-4B36-88DD-885C66EF4171}.Release|x86.ActiveCfg = Release|Win32
		{E546D138-ACBF-4B36-88DD-885C66EF4171}.Release|x86.Build.0 = Release|Win32
		{824AA612-D49C-4503-A6A9-073B8A40938F}.Debug|x64.ActiveCfg = Debug|x64
		{824AA612-D49C-4503-A6A9-073B8A40938F}.Debug|x64.Build.0 = Debug|x64
		{824AA612-D49C-4503-A6A9-073B8A40938F}.Debug|x86.ActiveCfg = Debug|Win32
		{824AA612-D49C-4503-A6A9-073B8A40938F}.Debug|x86.Build.0 = Debug|Win32
		{824AA612-D49C-4503-A6A9-073B8A40938F}.Release|x64.ActiveCfg = Release|x64
		{824AA612-D49C-4503-A6A9-073B8A40938F}.Release|x64.Build.0 = Release|x64
		{824AA612-D49C-4503-A6A9-073B8A40938F}.Release|x86.ActiveCfg = Release|Win32
		{824AA612-D49C-4503-A6A9-073B8A40938F}.Release|x86.Build.0 = Release|Win32
		{37F26546-32A8-4AB4-A15D-779BA6F51A85}.Debug|x64.ActiveCfg = Debug|x64
		{37F26546-32A8-4AB4-A15D-779BA6F51A85}.Debug|x64.Build.0 = Debug|x64
		{37F26546-32A8-4AB4-A15D-779BA6F51A85}.Debug|x86.ActiveCfg = Debug|Win32
		{37F26546-32A8-4AB4-A15D-779BA6F51A85}.Debug|x86.Build.0 = Debug|Win32
		{37F26546-32A8-4AB4-A15D-779BA6F51A85}.Release|x64.ActiveCfg = Release|x64
		{37F26546-32A8-4AB4-A15D-779BA6F51A85}.Release|x64.Build.0 = Release|x64
		{37F26546-32A8-4AB4-A15D-779BA6F51A85}.Release|x86.ActiveCfg = Release|Win32
		{37F26546-32A8-4AB4-A15D-779BA6F51A85}.Release|x86.Build.0 = Release|Win32
		{4C026190-F0D0-4AA5-8422-B7F2BD843D05}.Debug|x64.ActiveCfg = Debug|x64
		{4C026190-F0D0-4AA5-8422-B7F2BD843D05}.Debug|x64.Build.0 = Debug|x64
		{4C026190-F0D0-4AA5-8422-B7F2BD843D05}.Debug|x86.ActiveCfg = Debug|Win32
		{4C026190-F0D0-4AA5-8422-B7F2BD843D05}.Debug|x86.Build.0 = Debug|Win32
		{4C026190-F0D0-4AA5-8422-B7F2BD843D05}.Release|x64.ActiveCfg = Release|x64
		{4C026190-F0D0-4AA5-8422-B7F2BD843D05}.Release|x64.Build.0 = Release|x64
		{4C026190-F0D0-4AA5-8422-B7F2BD843D05}.Release|x86.ActiveCfg = Release|Win32
		{4C026190-F0D0-4AA5-8422-B7F2BD843D05}.Release|x86.Build.0 = Release|Win32
		{1D02606B-7E36-4FC1-AC6D-93A88805DF6A}.Debug|x64.ActiveCfg = Debug|x64
		{1D02606B-7E36-4FC1-AC6D-93A88805DF6A}.Debug|x64.Build.0 = Debug|x64
		{1D02606B-7E36-4FC1-AC6D-93A88805DF6A}.Debug|x86.ActiveCfg = Debug|Win32
		{1D02606B-7E36-4FC1-AC6D-93A88805DF6A}.Debug|x86.Build.0 = Debug|Win32
		{1D02606B-7E36-4FC1-AC6D-93A88805DF6A}.Release|x64.ActiveCfg = Release|x64
		{1D02606B-7E36-4FC1-AC6D-93A88805DF6A}.Release|x64.Build.0 = Release|x64
		{1D02606B-7E36-4FC1-AC6D-93A88805DF6A}.Release|x86.ActiveCfg = Release|Win32
		{1D02606B-7E36-4FC1-AC6D-93A88805DF6A}.Release|x86.Build.0 = Release|Win32
		{527EA359-8098-4716-AD98-730DC4909BA5}.Debug|x64.ActiveCfg = Debug|x64
		{527EA359-8098-4716-AD98-730DC4909BA5}.Debug|x64.Build.0 = Debug|x64
		{527EA359-8098-4716-AD98-730DC4909BA5}.Debug|x86.ActiveCfg = Debug|Win32
		{527EA359-8098-4716-AD98-730DC4909BA5}.Debug|x86.Build.0 = Debug|Win32
		{527EA359-8098-4716-AD98-730DC4909BA5}.Release|x64.ActiveCfg = Release|x64
		{527EA359-8098-4716-AD98-730DC4909BA5}.Release|x64.Build.0 = Release|x64
		{527EA359-8098-4716-AD98-730DC4909BA5}.Release|x86.ActiveCfg = Release|Win32
		{527EA359-8098-4716-AD98-730DC4909BA5}.Release|x86.Build.0 = Release|Win32
		{AA5271A0-03B6-468F-9AFA-1BAEF13A6C41}.Debug|x64.ActiveCfg = Debug|x64
		{AA5271A0-03B6-468F-9AFA-1BAEF13A6C41}.Debug|x64.Build.0 = Debug|x64
		{AA5271A0-03B6-468F-9AFA-1BAEF13A6C41}.Debug|x86.ActiveCfg = Debug|Win32
		{AA5271A0-03B6-468F-9AFA-1BAEF13A6C41}.Debug|x86.Build.0 = Debug|Win32
		{AA5271A0-03B6-468F-9AFA-1BAEF13A6C41}.Release|x64.ActiveCfg = Release|x64
		{AA5271A0-03B6-468F-9AFA-1BAEF13A6C41}.Release|x64.Build.0 = Release|x64
		{AA5271A0-03B6-468F-9AFA-1BAEF13A6C41}.Release|x86.ActiveCfg = Release|Win32
		{AA5271A0-03B6-468F-9AFA-1BAEF13A6C41}.Release|x86.Build.0 = Release|Win32
		{3513F137-4F39-4D9A-BF6B-326FBD4ABE3F}.Debug|x64.ActiveCfg = Debug|x64
		{3513F137-4F39-4D9A-BF6B-326FBD4ABE3F}.Debug|x64.Build.0 = Debug|x64
		{3513F137-4F39-4D9A-BF6B-326FBD4ABE3F}.Debug|x86.ActiveCfg = Debug|Win32
		{3513F137-4F39-4D9A-BF6B-326FBD4ABE3F}.Debug|x86.Build.0 = Debug|Win32
		{3513F137-4F39-4D9A-BF6B-326FBD4ABE3F}.Release|x64.ActiveCfg = Release|x64
		{3513F137-4F39-4D9A-BF6B-326FBD4ABE3F}.Release|x64.Build.0 = Release|x64
		{3513F137-4F39-4D9A-BF6B-326FBD4ABE3F}.Release|x86.ActiveCfg = Release|Win32
		{3513F137-4F39-4D9A-BF6B-326FBD4ABE3F}.Release|x86.Build.0 = Release|Win32
		{32D969F8-7DA0-4312-9A40-B007CDD43C3C}.Debug|x64.ActiveCfg = Debug|x64
		{32D969F8-7DA0-4312-9A40-B007CDD43C3C}.Debug|x64.Build.0 = Debug|x64
		{32D969F8-7DA0-4312-9A40-B007CDD43C3C}.Debug|x86.ActiveCfg = Debug|Win32
		{32D969F8-7DA0-4312-9A40-B007CDD43C3C}.Debug|x86.Build.0 = Debug|Win32
		{32D969F8-7DA0-4312-9A40-B007CDD43C3C}.Release|x64.ActiveCfg = Release|x64
		{32D969F8-7DA0-4312-9A40-B007CDD43C3C}.Release|x64.Build.0 = Release|x64
		{32D969F8-7DA0-4312-9A40-B007CDD43C3C}.Release|x86.ActiveCfg = Release|Win32
		{32D969F8-7DA0-4312-9A40-B007CDD43C3C}.Release|x86.Build.0 = Release|Win32
		{A3208DEB-B29A-4999-8F4B-D804666A994C}.Debug|x64.ActiveCfg = Debug|x64
		{A3208DEB-B29A-4999-8F4B-D804666A994C}.Debug|x64.Build.0 = Debug|x64
		{A3208DEB-B29A-4999-8F4B-D804666A994C}.Debug|x86.ActiveCfg = Debug|Win32
		{A3208DEB-B29A-4999-8F4B-D804666A994C}.Debug|x86.Build.0 = Debug|Win32
		{A3208DEB-B29A-4999-8F4B-D804666A994C}.Release|x64.ActiveCfg = Release|x64
		{A3208DEB-B29A-4999-8F4B-D804666A994C}.Release|x64.Build.0 = Release|x64
		{A3208DEB-B29A-4999-8F4B-D804666A994C}.Release|x86.ActiveCfg = Release|Win32
		{A3208DEB-B29A-4999-8F4B-D804666A994C}.Release|x86.Build.0 = Release|Win32
		{0CC951F1-A73F-46E1-83D8-70B5FF0B394C}.Debug|x64.ActiveCfg = Debug|x64
		{0CC951F1-A73F-46E1-83D8-70B5FF0B394C}.Debug|x64.Build.0 = Debug|x64
		{0CC951F1-A73F-46E1-83D8-70B5FF0B394C}.Debug|x86.ActiveCfg = Debug|Win32
		{0CC951F1-A73F-46E1-83D8-70B5FF0B394C}.Debug|x86.Build.0 = Debug|Win32
		{0CC951F1-A73F-46E1-83D8-70B5FF0B394C}.Release|x64.ActiveCfg = Release|x64
		{0CC951F1-A73F-46E1-83D8-70B5FF0B394C}.Release|x64.Build.0 = Release|x64
		{0CC951F1-A73F-46E1-83D8-70B5FF0B394C}.Release|x86.ActiveCfg = Release|Win32
		{0CC951F1-A73F-46E1-83D8-70B5FF0B394C}.Release|x86.Build.0 = Release|Win32
		{E371507C-4CA0-4E4B-AAEC-411743C0E817}.Debug|x64.ActiveCfg = Debug|x64
		{E371507C-4CA0-4E4B-AAEC-411743C0E817}.Debug|x64.Build.0 = Debug|x64
		{E371507C-4CA0-4E4B-AAEC-411743C0E817}.Debug|x86.ActiveCfg = Debug|Win32
		{E371507C-4CA0-4E4B-AAEC-411743C0E817}.Debug|x86.Build.0 = Debug|Win32
		{E371507C-4CA0-4E4B-AAEC-411743C0E817}.Release|x64.ActiveCfg = Release|x64
		{E371507C-4CA0-4E4B-AAEC-411743C0E817}.Release|x64.Build.0 = Release|x64
		{E371507C-4CA0-4E4B-AAEC-411743C0E817}.Release|x86.ActiveCfg = Release|Win32
		{E371507C-4CA0-4E4B-AAEC-411743C0E817}.Release|x86.Build.0 = Release|Win32
		{708BD591-DD27-476E-9483-858BEBCBC792}.Debug|x64.ActiveCfg = Debug|x64
		{708BD591-DD27-476E-9483-858BEBCBC792}.Debug|x64.Build.0 = Debug|x64
		{708BD591-DD27-476E-9483-858BEBCBC792}.Debug|x86.ActiveCfg = Debug|Win32
		{708BD591-DD27-476E-9483-858BEBCBC792}.Debug|x86.Build.0 = Debug|Win32
		{708BD591-DD27-476E-9483-858BEBCBC792}.Release|x64.ActiveCfg = Release|x64
		{708BD591-DD27-476E-9483-858BEBCBC792}.Release|x64.Build.0 = Release|x64
		{708BD591-DD27-476E-9483-858BEBCBC792}.Release|x86.ActiveCfg = Release|Win32
		{708BD591-DD27-476E-9483-858BEBCBC792}.Release|x86.Build.0 = Release|Win32
		{29082C86-B98A-4615-8D81-DF9673BB8B7F}.Debug|x64.ActiveCfg = Debug|x64
		{29082C86-B98A-4615-8D81-DF9673BB8B7F}.Debug|x64.Build.0 = Debug|x64
		{29082C86-B98A-4615-8D81-DF9673BB8B7F}.Debug|x86.ActiveCfg = Debug|Win32
		{29082C86-B98A-4615-8D81-DF9673BB8B7F}.Debug|x86.Build.0 = Debug|Win32
		{29082C86-B98A-4615-8D81-DF9673BB8B7F}.Release|x64.ActiveCfg = Release|x64
		{29082C86-B98A-4615-8D81-DF9673BB8B7F}.Release|x64.Build.0 = Release|x64
		{29082C86-B98A-4615-8D81-DF9673BB8B7F}.Release|x86.ActiveCfg = Release|Win32
		{29082C86-B98A-4615-8D81-DF9673BB8B7F}.Release|x86.Build.0 = Release|Win32
		{D107D667-1B3D-4553-A305-7E4EEB6910BB}.Debug|x64.ActiveCfg = Debug|x64
		{D107D667-1B3D-4553-A305-7E4EEB6910BB}.Debug|x64.Build.0 = Debug|x64
		{D107D667-1B3D-4553-A305-7E4EEB6910BB}.Debug|x86.ActiveCfg = Debug|Win32
		{D107D667-1B3D-4553-A305-7E4EEB6910BB}.Debug|x86.Build.0 = Debug|Win32
		{D107D667-1B3D-4553-A305-7E4EEB6910BB}.Release|x64.ActiveCfg = Release|x64
		{D107D667-1B3D-4553-A305-7E4EEB6910BB}.Release|x64.Build.0 = Release|x64
		{D107D667-1B3D-4553-A305-7E4EEB6910BB}.Release|x86.ActiveCfg = Release|Win32
		{D107D667-1B3D-4553-A305-7E4EEB6910BB}.Release|x86.Build.0 = Release|Win32
		{2CDD9CCD-2F59-4617-99F7-C065827B0BF2}.Debug|x64.ActiveCfg = Debug|x64
		{2CDD9CCD-2F59-4617-99F7-C065827B0BF2}.Debug|x64.Build.0 = Debug|x64
		{2CDD9CCD-2F59-4617-99F7-C065827B0BF2}.Debug|x86.ActiveCfg = Debug|Win32
		{2CDD9CCD-2F59-4617-99F7-C065827B0BF2}.Debug|x86.Build.0 = Debug|Win32
		{2CDD9CCD-2F59-4617-99F7-C065827B0BF2}.Release|x64.ActiveCfg = Release|x64
		{2CDD9CCD-2F59-4617-99F7-C065827B0BF2}.Release|x64.Build.0 = Release|x64
		{2CDD9CCD-2F59-4617-99F7-C065827B0BF2}.Release|x86.ActiveCfg = Release|Win32
		{2CDD9CCD-2F59-4617-99F7-C065827B0BF2}.Release|x86.Build.0 = Release|Win32
		{8572D2B6-7B33-47FF-BD1E-03B5C80E6D5D}.Debug|x64.ActiveCfg = Debug|x64
		{8572D2B6-7B33-47FF-BD1E-03B5C80E6D5D}.Debug|x64.Build.0 = Debug|x64
		{8572D2B6-7B33-47FF-BD1E-03B5C80E6D5D}.Debug|x86.ActiveCfg = Debug|Win32
		{8572D2B6-7B33-47FF-BD1E-03B5C80E6D5D}.Debug|x86.Build.0 = Debug|Win32
		{8572D2B6-7B33-47FF-BD1E-03B5C80E6D5D}.Release|x64.ActiveCfg = Release|x64
		{8572D2B6-7B33-47FF-BD1E-03B5C80E6D5D}.Release|x64.Build.0 = Release|x64
		{8572D2B6-7B33-47FF-BD1E-03B5C80E6D5D}.Release|x86.ActiveCfg = Release|Win32
		{8572D2B6-7B33-47FF-BD1E-03B5C80E6D5D}.Release|x86.Build.0 = Release|Win32
		{22D7BDB3-E645-43E7-A9F7-DC58D56586CA}.Debug|x64.ActiveCfg = Debug|x64
		{22D7BDB3-E645-43E7-A9F7-DC58D56586CA}.Debug|x64.Build.0 = Debug|x64
		{22D7BDB3-E645-43E7-A9F7-DC58D56586CA}.Debug|x86.ActiveCfg = Debug|Win32
		{22D7BDB3-E645-43E7-A9F7-DC58D56586CA}.Debug|x86.Build.0 = Debug|Win32
		{22D7BDB3-E645-43E7-A9F7-DC58D56586CA}.Release|x64.ActiveCfg = Release|x64
		{22D7BDB3-E645-43E7-A9F7-DC58D56586CA}.Release|x64.Build.0 = Release|x64
		{22D7BDB3-E645-43E7-A9F7-DC58D56586CA}.Release|x86.ActiveCfg = Release|Win32
		{22D7BDB3-E645-43E7-A9F7-DC58D56586CA}.Release|x86.Build.0 = Release|Win32
		{E78BCF3A-A237-4954-A8AA-2BB4C3B5C8FB}.Debug|x64.ActiveCfg = Debug|x64
		{E78BCF3A-A237-4954-A8AA-2BB4C3B5C8FB}.Debug|x64.Build.0 = Debug|x64
		{E78BCF3A-A237-4954-A8AA-2BB4C3B5C8FB}.Debug|x86.ActiveCfg = Debug|Win32
		{E78BCF3A-A237-4954-A8AA-2BB4C3B5C8FB}.Debug|x86.Build.0 = Debug|Win32
		{E78BCF3A-A237-4954-A8AA-2BB4C3B5C8FB}.Release|x64.ActiveCfg = Release|x64
		{E78BCF3A-A237-4954-A8AA-2BB4C3B5C8FB}.Release|x64.Build.0 = Release|x64
		{E78BCF3A-A237-4954-A8AA-2BB4C3B5C8FB}.Release|x86.ActiveCfg = Release|Win32
		{E78BCF3A-A237-4954-A8AA-2BB4C3B5C8FB}.Release|x86.Build.0 = Release|Win32
		{1877BFA1-8466-46A8-B8AF-68A9AEDC477E}.Debug|x64.ActiveCfg = Debug|x64
		{1877BFA1-8466-46A8-B8AF-68A9AEDC477E}.Debug|x64.Build.0 = Debug|x64
		{1877BFA1-8466-46A8-B8AF-68A9AEDC477E}.Debug|x86.ActiveCfg = Debug|Win32
		{1877BFA1-8466-46A8-B8AF-68A9AEDC477E}.Debug|x86.Build.0 = Debug|Win32
		{1877BFA1-8466-46A8-B8AF-68A9AEDC477E}.Release|x64.ActiveCfg = Release|x64
		{1877BFA1-8466-46A8-B8AF-68A9AEDC477E}.Release|x64.Build.0 = Release|x64
		{1877BFA1-8466-46A8-B8AF-68A9AEDC477E}.Release|x86.ActiveCfg = Release|Win32
		{1877BFA1-8466-46A8-B8AF-68A9AEDC477E}.Release|x86.Build.0 = Release|Win32
		{3DAF15C1-16C5-423C-9D2B-9F9D4406CD37}.Debug|x64.ActiveCfg = Debug|x64
		{3DAF15C1-16C5-423C-9D2B-9F9D4406CD37}.Debug|x64.Build.0 = Debug|x64
		{3DAF15C1-16C5-423C-9D2B-9F9D4406CD37}.Debug|x86.ActiveCfg = Debug|Win32
		{3DAF15C1-16C5-423C-9D2B-9F9D4406CD37}.Debug|x86.Build.0 = Debug|Win32
		{3DAF15C1-16C5-423C-9D2B-9F9D4406CD37}.Release|x64.ActiveCfg = Release|x64
		{3DAF15C1-16C5-423C-9D2B-9F9D4406CD37}.Release|x64.Build.0 = Release|x64
		{3DAF15C1-16C5-423C-9D2B-9F9D4406CD37}.Release|x86.ActiveCfg = Release|Win32
		{3DAF15C1-16C5-423C-9D2B-9F9D4406CD37}.Release|x86.Build.0 = Release|Win32
		{F382E9E2-C159-49DF-845A-3D706BEA33C7}.Debug|x64.ActiveCfg = Debug|x64
		{F382E9E2-C159-49DF-845A-3D706BEA33C7}.Debug|x64.Build.0 = Debug|x64
		{F382E9E2-C159-49DF-845A-3D706BEA33C7}.Debug|x86.ActiveCfg = Debug|Win32
		{F382E9E2-C159-49DF-845A-3D706BEA33C7}.Debug|x86.Build.0 = Debug|Win32
		{F382E9E2-C159-49DF-845A-3D706BEA33C7}.Release|x64.ActiveCfg = Release|x64
		{F382E9E2-C159-49DF-845A-3D706BEA33C7}.Release|x64.Build.0 = Release|x64
		{F382E9E2-C159-49DF-845A-3D706BEA33C7}.Release|x86.ActiveCfg = Release|Win32
		{F382E9E2-C159-49DF-845A-3D706BEA33C7}.Release|x86.Build.0 = Release|Win32
		{7C770882-D8EA-4461-9F0C-8674C99C5F97}.Debug|x64.ActiveCfg = Debug|x64
		{7C770882-D8EA-4461-9F0C-8674C99C5F97}.Debug|x64.Build.0 = Debug|x64
		{7C770882-D8EA-4461-9F0C-8674C99C5F97}.Debug|x86.ActiveCfg = Debug|Win32
		{7C770882-D8EA-4461-9F0C-8674C99C5F97}.Debug|x86.Build.0 = Debug|Win32
		{7C770882-D8EA-4461-9F0C-8674C99C5F97}.Release|x64.ActiveCfg = Release|x64
		{7C770882-D8EA-4461-9F0C-8674C99C5F97}.Release|x64.Build.0 = Release|x64
		{7C770882-D8EA-4461-9F0C-8674C99C5F97}.Release|x86.ActiveCfg = Release|Win32
		{7C770882-D8EA-4461-9F0C-8674C99C5F97}.Release|x86.Build.0 = Release|Win32
		{B30BB113-C610-4259-8EB8-AD971C9232C2}.Debug|x64.ActiveCfg = Debug|x64
		{B30BB113-C610-4259-8EB8-AD971C9232C2}.Debug|x64.Build.0 = Debug|x64
		{B30BB113-C610-4259-8EB8-AD971C9232C2}.Debug|x86.ActiveCfg = Debug|Win32
		{B30BB113-C610-4259-8EB8-AD971C9232C2}.Debug|x86.Build.0 = Debug|Win32
		{B30BB113-C610-4259-8EB8-AD971C9232C2}.Release|x64.ActiveCfg = Release|x64
		{B30BB113-C610-4259-8EB8-AD971C9232C2}.Release|x64.Build.0 = Release|x64
		{B30BB113-C610-4259-8EB8-AD971C9232C2}.Release|x86.ActiveCfg = Release|Win32
		{B30BB113-C610-4259-8EB8-AD971C9232C2}.Release|x86.Build.0 = Release|Win32
		{7E9F6FE8-322B-4754-B9BD-8E83FE32797F}.Debug|x64.ActiveCfg = Debug|x64
		{7E9F6FE8-322B-4754-B9BD-8E83FE32797F}.Debug|x64.Build.0 = Debug|x64
		{7E9F6FE8-322B-4754-B9BD-8E83FE32797F}.Debug|x86.ActiveCfg = Debug|Win32
		{7E9F6FE8-322B-4754-B9BD-8E83FE32797F}.Debug|x86.Build.0 = Debug|Win32
		{7E9F6FE8-322B-4754-B9BD-8E83FE32797F}.Release|x64.ActiveCfg = Release|x64
		{7E9F6FE8-322B-4754-B9BD-8E83FE32797F}.Release|x64.Build.0 = Release|x64
		{7E9F6FE8-322B-4754-B9BD-8E83FE32797F}.Release|x86.ActiveCfg = Release|Win32
		{7E9F6FE8-322B-4754-B9BD-8E83FE32797F}.Release|x86.Build.0 = Release|Win32
		{53DC49F9-E0FF-47EF-BC0F-94DB0DC853D0}.Debug|x64.ActiveCfg = Debug|x64
		{53DC49F9-E0FF-47EF-BC0F-94DB0DC853D0}.Debug|x64.Build.0 = Debug|x64
		{53DC49F9-E0FF-47EF-BC0F-94DB0DC853D0}.Debug|x86.ActiveCfg = Debug|Win32
		{53DC49F9-E0FF-47EF-BC0F-94DB0DC853D0}.Debug|x86.Build.0 = Debug|Win32
		{53DC49F9-E0FF-47EF-BC0F-94DB0DC853D0}.Release|x64.ActiveCfg = Release|x64
		{53DC49F9-E0FF-47EF-BC0F-94DB0DC853D0}.Release|x64.Build.0 = Release|x64
		{53DC49F9-E0FF-47EF-BC0F-94DB0DC853D0}.Release|x86.ActiveCfg = Release|Win32
		{53DC49F9-E0FF-47EF-BC0F-94DB0DC853D0}.Release|x86.Build.0 = Release|Win32
		{E5893BE2-C68E-46C3-A4AB-FA5EE9B6A54D}.Debug|x64.ActiveCfg = Debug|x64
		{E5893BE2-C68E-46C3-A4AB-FA5EE9B6A54D}.Debug|x64.Build.0 = Debug|x64
		{E5893BE2-C68E-46C3-A4AB-FA5EE9B6A54D}.Debug|x86.ActiveCfg = Debug|Win32
		{E5893BE2-C68E-46C3-A4AB-FA5EE9B6A54D}.Debug|x86.Build.0 = Debug|Win32
		{E5893BE2-C68E-46C3-A4AB-FA5EE9B6A54D}.Release|x64.ActiveCfg = Release|x64
		{E5893BE2-C68E-46C3-A4AB-FA5EE9B6A54D}.Release|x64.Build.0 = Release|x64
		{E5893BE2-C68E-46C3-A4AB-FA5EE9B6A54D}.Release|x86.ActiveCfg = Release|Win32
		{E5893BE2-C68E-46C3-A4AB-FA5EE9B6A54D}.Release|x86.Build.0 = Release|Win32
		{95638278-EE47-461D-8C44-251C6DC5349D}.Debug|x64.ActiveCfg = Debug|x64
		{95638278-EE47-461D-8C44-251C6DC5349D}.Debug|x64.Build.0 = Debug|x64
		{95638278-EE47-461D-8C44-251C6DC5349D}.Debug|x86.ActiveCfg = Debug|Win32
		{95638278-EE47-461D-8C44-251C6DC5349D}.Debug|x86.Build.0 = Debug|Win32
		{95638278-EE47-461D-8C44-251C6DC5349D}.Release|x64.ActiveCfg = Release|x64
		{95638278-EE47-461D-8C44-251C6DC5349D}.Release|x64.Build.0 = Release|x64
		{95638278-EE47-461D-8C44-251C6DC5349D}.Release|x86.ActiveCfg = Release|Win32
		{95638278-EE47-461D-8C44-251C6DC5349D}.Release|x86.Build.0 = Release|Win32
		{648D12DF-9A9A-406B-882E-BDB456D0A6CD}.Debug|x64.ActiveCfg = Debug|x64
		{648D12DF-9A9A-406B-882E-BDB456D0A6CD}.Debug|x64.Build.0 = Debug|x64
		{648D12DF-9A9A-406B-882E-BDB456D0A6CD}.Debug|x86.ActiveCfg = Debug|Win32
		{648D12DF-9A9A-406B-882E-BDB456D0A6CD}.Debug|x86.Build.0 = Debug|Win32
		{648D12DF-9A9A-406B-882E-BDB456D0A6CD}.Release|x64.ActiveCfg = Release|x64
		{648D12DF-9A9A-406B-882E-BDB456D0A6CD}.Release|x64.Build.0 = Release|x64
		{648D12DF-9A9A-406B-882E-BDB456D0A6CD}.Release|x86.ActiveCfg = Release|Win32
		{648D12DF-9A9A-406B-882E-BDB456D0A6CD}.Release|x86.Build.0 = Release|Win32
		{524A0601-8BFD-48B3-BBC0-717003ED4C1A}.Debug|x64.ActiveCfg = Debug|x64
		{524A0601-8BFD-48B3-BBC0-717003ED4C1A}.Debug|x64.Build.0 = Debug|x64
		{524A0601-8BFD-48B3-BBC0-717003ED4C1A}.Debug|x86.ActiveCfg = Debug|Win32
		{524A0601-8BFD-48B3-BBC0-717003ED4C1A}.Debug|x86.Build.0 = Debug|Win32
		{524A0601-8BFD-48B3-BBC0-717003ED4C1A}.Release|x64.ActiveCfg = Release|x64
		{524A0601-8BFD-48B3-BBC0-717003ED4C1A}.Release|x64.Build.0 = Release|x64
		{524A0601-8BFD-48B3-BBC0-717003ED4C1A}.Release|x86.ActiveCfg = Release|Win32
		{524A0601-8BFD-48B3-BBC0-717003ED4C1A}.Release|x86.Build.0 = Release|Win32
		{730157BB-2FAC-4458-9BAB-EBE570C8FF01}.Debug|x64.ActiveCfg = Debug|x64
		{730157BB-2FAC-4458-9BAB-EBE570C8FF01}.Debug|x64.Build.0 = Debug|x64
		{730157BB-2FAC-4458-9BAB-EBE570C8FF01}.Debug|x86.ActiveCfg = Debug|Win32
		{730157BB-2FAC-4458-9BAB-EBE570C8FF01}.Debug|x86.Build.0 = Debug|Win32
		{730157BB-2FAC-4458-9BAB-EBE570C8FF01}.Release|x64.ActiveCfg = Release|x64
		{730157BB-2FAC-4458-9BAB-EBE570C8FF01}.Release|x64.Build.0 = Release|x64
		{730157BB-2FAC-4458-9BAB-EBE570C8FF01}.Release|x86.ActiveCfg = Release|Win32
		{730157BB-2FAC-4458-9BAB-EBE570C8FF01}.Release|x86.Build.0 = Release|Win32
		{79A1243E-733B-4304-83E5-F73134FF2452}.Debug|x64.ActiveCfg = Debug|x64
		{79A1243E-733B-4304-83E5-F73134FF2452}.Debug|x64.Build.0 = Debug|x64
		{79A1243E-733B-4304-83E5-F73134FF2452}.Debug|x86.ActiveCfg = Debug|Win32
		{79A1243E-733B-4304-83E5-F73134FF2452}.Debug|x86.Build.0 = Debug|Win32
		{79A1243E-733B-4304-83E5-F73134FF2452}.Release|x64.ActiveCfg = Release|x64
		{79A1243E-733B-4304-83E5-F73134FF2452}.Release|x64.Build.0 = Release|x64
		{79A1243E-733B-4304-83E5-F73134FF2452}.Release|x86.ActiveCfg = Release|Win32
		{79A1243E-733B-4304-83E5-F73134FF2452}.Release|x86.Build.0 = Release|Win32
		{CE606046-C616-4199-A9CD-F3BCA61A4D11}.Debug|x64.ActiveCfg = Debug|x64
		{CE606046-C616-4199-A9CD-F3BCA61A4D11}.Debug|x64.Build.0 = Debug|x64
		{CE606046-C616-4199-A9CD-F3BCA61A4D11}.Debug|x86.ActiveCfg = Debug|Win32
		{CE606046-C616-4199-A9CD-F3BCA61A4D11}.Debug|x86.Build.0 = Debug|Win32
		{CE606046-C616-4199-A9CD-F3BCA61A4D11}.Release|x64.ActiveCfg = Release|x64
		{CE606046-C616-4199-A9CD-F3BCA61A4D11}.Release|x64.Build.0 = Release|x64
		{CE606046-C616-4199-A9CD-F3BCA61A4D11}.Release|x86.ActiveCfg = Release|Win32
		{CE606046-C616-4199-A9CD-F3BCA61A4D11}.Release|x86.Build.0 = Release|Win32
		{237BE828-AEE9-4294-A3C3-B0E8C8B5350E}.Debug|x64.ActiveCfg = Debug|x64
		{237BE828-AEE9-4294-A3C3-B0E8C8B5350E}.Debug|x64.Build.0 = Debug|x64
		{237BE828-AEE9-4294-A3C3-B0E8C8B5350E}.Debug|x86.ActiveCfg = Debug|Win32
		{237BE828-AEE9-4294-A3C3-B0E8C8B5350E}.Debug|x86.Build.0 = Debug|Win32
		{237BE828-AEE9-4294-A3C3-B0E8C8B5350E}.Release|x64.ActiveCfg = Release|x64
		{237BE828-AEE9-4294-A3C3-B0E8C8B5350E}.Release|x64.Build.0 = Release|x64
		{237BE828-AEE9-4294-A3C3-B0E8C8B5350E}.Release|x86.ActiveCfg = Release|Win32
		{237BE828-AEE9-4294-A3C3-B0E8C8B5350E}.Release|x86.Build.0 = Release|Win32
		{637FE4FD-8117-4FF2-BA75-90A01E38DCCF}.Debug|x64.ActiveCfg = Debug|x64
		{637FE4FD-8117-4FF2-BA75-90A01E38DCCF}.Debug|x64.Build.0 = Debug|x64
		{637FE4FD-8117-4FF2-BA75-90A01E38DCCF}.Debug|x86.ActiveCfg = Debug|Win32
		{637FE4FD-8117-4FF2-BA75-90A01E38DCCF}.Debug|x86.Build.0 = Debug|Win32
		{637FE4FD-8117-4FF2-BA75-90A01E38DCCF}.Release|x64.ActiveCfg = Release|x64
		{637FE4FD-8117-4FF2-BA75-90A01E38DCCF}.Release|x64.Build.0 = Release|x64
		{637FE4FD-8117-4FF2-BA75-90A01E38DCCF}.Release|x86.ActiveCfg = Release|Win32
		{637FE4FD-8117-4FF2-BA75-90A01E38DCCF}.Release|x86.Build.0 = Release|Win32
		{AA73E663-A49A-4BFB-9C2D-5AAE8D9BC931}.Debug|x64.ActiveCfg = Debug|x64
		{AA73E663-A49A-4BFB-9C2D-5AAE8D9BC931}.Debug|x64.Build.0 = Debug|x64
		{AA73E663-A49A-4BFB-9C2D-5AAE8D9BC931}.Debug|x86.ActiveCfg = Debug|Win32
		{AA73E663-A49A-4BFB-9C2D-5AAE8D9BC931}.Debug|x86.Build.0 = Debug|Win32
		{AA73E663-A49A-4BFB-9C2D-5AAE8D9BC931}.Release|x64.ActiveCfg = Release|x64
		{AA73E663-A49A-4BFB-9C2D-5AAE8D9BC931}.Release|x64.Build.0 = Release|x64
		{AA73E663-A49A-4BFB-9C2D-5AAE8D9BC931}.Release|x86.ActiveCfg = Release|Win32
		{AA73E663-A49A-4BFB-9C2D-5AAE8D9BC931}.Release|x86.Build.0 = Release|Win32
		{9D33F5F7-6415-4F73-8877-0CB3302384E0}.Debug|x64.ActiveCfg = Debug|x64
		{9D33F5F7-6415-4F73-8877-0CB3302384E0}.Debug|x64.Build.0 = Debug|x64
		{9D33F5F7-6415-4F73-8877-0CB3302384E0}.Debug|x86.ActiveCfg = Debug|Win32
		{9D33F5F7-6415-4F73-8877-0CB3302384E0}.Debug|x86.Build.0 = Debug|Win32
		{9D33F5F7-6415-4F73-8877-0CB3302384E0}.Release|x64.ActiveCfg = Release|x64
		{9D33F5F7-6415-4F73-8877-0CB3302384E0}.Release|x64.Build.0 = Release|x64
		{9D33F5F7-6415-4F73-8877-0CB3302384E0}.Release|x86.ActiveCfg = Release|Win32
		{9D33F5F7-6415-4F73-8877-0CB3302384E0}.Release|x86.Build.0 = Release|Win32
		{0E364559-49C4-4500-8E07-A0CB19D2CACB}.Debug|x64.ActiveCfg = Debug|x64
		{0E364559-49C4-4500-8E07-A0CB19D2CACB}.Debug|x64.Build.0 = Debug|x64
		{0E364559-49C4-4500-8E07-A0CB19D2CACB}.Debug|x86.ActiveCfg = Debug|Win32
		{0E364559-49C4-4500-8E07-A0CB19D2CACB}.Debug|x86.Build.0 = Debug|Win32
		{0E364559-49C4-4500-8E07-A0CB19D2CACB}.Release|x64.ActiveCfg = Release|x64
		{0E364559-49C4-4500-8E07-A0CB19D2CACB}.Release|x64.Build.0 = Release|x64
		{0E364559-49C4-4500-8E07-A0CB19D2CACB}.Release|x86.ActiveCfg = Release|Win32
		{0E364559-49C4-4500-8E07-A0CB19D2CACB}.Release|x86.Build.0 = Release|Win32
		{7DCC24EC-9DA0-48B8-8821-704D256C364F}.Debug|x64.ActiveCfg = Debug|x64
		{7DCC24EC-9DA0-48B8-8821-704D256C364F}.Debug|x64.Build.0 = Debug|x64
		{7DCC24EC-9DA0-48B8-8821-704D256C364F}.Debug|x86.ActiveCfg = Debug|Win32
		{7DCC24EC-9DA0-48B8-8821-704D256C364F}.Debug|x86.Build.0 = Debug|Win32
		{7DCC24EC-9DA0-48B8-8821-704D256C364F}.Release|x64.ActiveCfg = Release|x64
		{7DCC24EC-9DA0-48B8-8821-704D256C364F}.Release|x64.Build.0 = Release|x64
		{7DCC24EC-9DA0-48B8-8821-704D256C364F}.Release|x86.ActiveCfg = Release|Win32
		{7DCC24EC-9DA0-48B8-8821-704D256C364F}.Release|x86.Build.0 = Release|Win32
		{FB143E27-8548-4F1C-864C-0CD7C6D71D07}.Debug|x64.ActiveCfg = Debug|x64
		{FB143E27-8548-4F1C-864C-0CD7C6D71D07}.Debug|x64.Build.0 = Debug|x64
		{FB143E27-8548-4F1C-864C-0CD7C6D71D07}.Debug|x86.ActiveCfg = Debug|Win32
		{FB143E27-8548-4F1C-864C-0CD7C6D71D07}.Debug|x86.Build.0 = Debug|Win32
		{FB143E27-8548-4F1C-864C-0CD7C6D71D07}.Release|x64.ActiveCfg = Release|x64
		{FB143E27-8548-4F1C-864C-0CD7C6D71D07}.Release|x64.Build.0 = Release|x64
		{FB143E27-8548-4F1C-864C-0CD7C6D71D07}.Release|x86.ActiveCfg = Release|Win32
		{FB143E27-8548-4F1C-864C-0CD7C6D71D07}.Release|x86.Build.0 = Release|Win32
		{EBC9407C-B838-4F3D-A0C0-491631CED22C}.Debug|x64.ActiveCfg = Debug|x64
		{EBC9407C-B838-4F3D-A0C0-491631CED22C}.Debug|x64.Build.0 = Debug|x64
		{EBC9407C-B838-4F3D-A0C0-491631CED22C}.Debug|x86.ActiveCfg = Debug|Win32
		{EBC9407C-B838-4F3D-A0C0-491631CED22C}.Debug|x86.Build.0 = Debug|Win32
		{EBC9407C-B838-4F3D-A0C0-491631CED22C}.Release|x64.ActiveCfg = Release|x64
		{EBC9407C-B838-4F3D-A0C0-491631CED22C}.Release|x64.Build.0 = Release|x64
		{EBC9407C-B838-4F3D-A0C0-491631CED22C}.Release|x86.ActiveCfg = Release|Win32
		{EBC9407C-B838-4F3D-A0C0-491631CED22C}.Release|x86.Build.0 = Release|Win32
		{16CC2C58-CC70-488E-9A24-C8013E6E01B6}.Debug|x64.ActiveCfg = Debug|x64
		{16CC2C58-CC70-488E-9A24-C8013E6E01B6}.Debug|x64.Build.0 = Debug|x64
		{16CC2C58-CC70-488E-9A24-C8013E6E01B6}.Debug|x86.ActiveCfg = Debug|Win32
		{16CC2C58-CC70-488E-9A24-C8013E6E01B6}.Debug|x86.Build.0 = Debug|Win32
		{16CC2C58-CC70-488E-9A24-C8013E6E01B6}.Release|x64.ActiveCfg = Release|x64
		{16CC2C58-CC70-488E-9A24-C8013E6E01B6}.Release|x64.Build.0 = Release|x64
		{16CC2C58-CC70-488E-9A24-C8013E6E01B6}.Release|x86.ActiveCfg = Release|Win32
		{16CC2C58-CC70-488E-9A24-C8013E6E01B6}.Release|x86.Build.0 = Release|Win32
		{4F9F07C3-E3DA-4FD4-8F89-D6DE5C59137A}.Debug|x64.ActiveCfg = Debug|x64
		{4F9F07C3-E3DA-4FD4-8F89-D6DE5C59137A}.Debug|x64.Build.0 = Debug|x64
		{4F9F07C3-E3DA-4FD4-8F89-D6DE5C59137A}.Debug|x86.ActiveCfg = Debug|Win32
		{4F9F07C3-E3DA-4FD4-8F89-D6DE5C59137A}.Debug|x86.Build.0 = Debug|Win32
		{4F9F07C3-E3DA-4FD4-8F89-D6DE5C59137A}.Release|x64.ActiveCfg = Release|x64
		{4F9F07C3-E3DA-4FD4-8F89-D6DE5C59137A}.Release|x64.Build.0 = Release|x64
		{4F9F07C3-E3DA-4FD4-8F89-D6DE5C59137A}.Release|x86.ActiveCfg = Release|Win32
		{4F9F07C3-E3DA-4FD4-8F89-D6DE5C59137A}.Release|x86.Build.0 = Release|Win32
		{88143335-B576-4E77-9242-6619C4C0024F}.Debug|x64.ActiveCfg = Debug|x64
		{88143335-B576-4E77-9242-6619C4C0024F}.Debug|x64.Build.0 = Debug|x64
		{88143335-B576-4E77-9242-6619C4C0024F}.Debug|x86.ActiveCfg = Debug|Win32
		{88143335-B576-4E77-9242-6619C4C0024F}.Debug|x86.Build.0 = Debug|Win32
		{88143335-B576-4E77-9242-6619C4C0024F}.Release|x64.ActiveCfg = Release|x64
		{88143335-B576-4E77-9242-6619C4C0024F}.Release|x64.Build.0 = Release|x64
		{88143335-B576-4E77-9242-6619C4C0024F}.Release|x86.ActiveCfg = Release|Win32
		{88143335-B576-4E77-9242-6619C4C0024F}.Release|x86.Build.0 = Release|Win32
		{316A2CB4-34C6-44BF-B4A0-3591A56395DF}.Debug|x64.ActiveCfg = Debug|x64
		{316A2CB4-34C6-44BF-B4A0-3591A56395DF}.Debug|x64.Build.0 = Debug|x64
		{316A2CB4-34C6-44BF-B4A0-3591A56395DF}.Debug|x86.ActiveCfg = Debug|Win32
		{316A2CB4-34C6-44BF-B4A0-3591A56395DF}.Debug|x86.Build.0 = Debug|Win32
		{316A2CB4-34C6-44BF-B4A0-3591A56395DF}.Release|x64.ActiveCfg = Release|x64
		{316A2CB4-34C6-44BF-B4A0-3591A56395DF}.Release|x64.Build.0 = Release|x64
		{316A2CB4-34C6-44BF-B4A0-3591A56395DF}.Release|x86.ActiveCfg = Release|Win32
		{316A2CB4-34C6-44BF-B4A0-3591A56395DF}.Release|x86.Build.0 = Release|Win32
		{DE893DBD-D741-4AEE-A186-6EB83C439D5A}.Debug|x64.ActiveCfg = Debug|x64
		{DE893DBD-D741-4AEE-A186-6EB83C439D5A}.Debug|x64.Build.0 = Debug|x64
		{DE893DBD-D741-4AEE-A186-6EB83C439D5A}.Debug|x86.ActiveCfg = Debug|Win32
		{DE893DBD-D741-4AEE-A186-6EB83C439D5A}.Debug|x86.Build.0 = Debug|Win32
		{DE893DBD-D741-4AEE-A186-6EB83C439D5A}.Release|x64.ActiveCfg = Release|x64
		{DE893DBD-D741-4AEE-A186-6EB83C439D5A}.Release|x64.Build.0 = Release|x64
		{DE893DBD-D741-4AEE-A186-6EB83C439D5A}.Release|x86.ActiveCfg = Release|Win32
		{DE893DBD-D741-4AEE-A186-6EB83C439D5A}.Release|x86.Build.0 = Release|Win32
		{8D8C2A3D-C9B3-47A2-B5F8-BC591FF296D5}.Debug|x64.ActiveCfg = Debug|x64
		{8D8C2A3D-C9B3-47A2-B5F8-BC591FF296D5}.Debug|x64.Build.0 = Debug|x64
		{8D8C2A3D-C9B3-47A2-B5F8-BC591FF296D5}.Debug|x86.ActiveCfg = Debug|Win32
		{8D8C2A3D-C9B3-47A2-B5F8-BC591FF296D5}.Debug|x86.Build.0 = Debug|Win32
		{8D8C2A3D-C9B3-47A2-B5F8-BC591FF296D5}.Release|x64.ActiveCfg = Release|x64
		{8D8C2A3D-C9B3-47A2-B5F8-BC591FF296D5}.Release|x64.Build.0 = Release|x64
		{8D8C2A3D-C9B3-47A2-B5F8-BC591FF296D5}.Release|x86.ActiveCfg = Release|Win32
		{8D8C2A3D-C9B3-47A2-B5F8-BC591FF296D5}.Release|x86.Build.0 = Release|Win32
		{E096F690-7AD4-4D71-9F25-9F9DDC5B51BD}.Debug|x64.ActiveCfg = Debug|x64
		{E096F690-7AD4-4D71-9F25-9F9DDC5B51BD}.Debug|x64.Build.0 = Debug|x64
		{E096F690-7AD4-4D71-9F25-9F9DDC5B51BD}.Debug|x86.ActiveCfg = Debug|Win32
		{E096F690-7AD4-4D71-9F25-9F9DDC5B51BD}.Debug|x86.Build.0 = Debug|Win32
		{E096F690-7AD4-4D71-9F25-9F9DDC5B51BD}.Release|x64.ActiveCfg = Release|x64
		{E096F690-7AD4-4D71-9F25-9F9DDC5B51BD}.Release|x64.Build.0 = Release|x64
		{E096F690-7AD4-4D71-9F25-9F9DDC5B51BD}.Release|x86.ActiveCfg = Release|Win32
		{E096F690-7AD4-4D71-9F25-9F9DDC5B51BD}.Release|x86.Build.0 = Release|Win32
		{4B7605A6-71C1-4736-BA0C-3639E0B2D265}.Debug|x64.ActiveCfg = Debug|x64
		{4B7605A6-71C1-4736-BA0C-3639E0B2D265}.Debug|x64.Build.0 = Debug|x64
		{4B7605A6-71C1-4736-BA0C-3639E0B2D265}.Debug|x86.ActiveCfg = Debug|Win32
		{4B7605A6-71C1-4736-BA0C-3639E0B2D265}.Debug|x86.Build.0 = Debug|Win32
		{4B7605A6-71C1-4736-BA0C-3639E0B2D265}.Release|x64.ActiveCfg = Release|x64
		{4B7605A6-71C1-4736-BA0C-3639E0B2D265}.Release|x64.Build.0 = Release|x64
		{4B7605A6-71C1-4736-BA0C-3639E0B2D265}.Release|x86.ActiveCfg = Release|Win32
		{4B7605A6-71C1-4736-BA0C-3639E0B2D265}.Release|x86.Build.0 = Release|Win32
		{E47A0701-B84C-4C9F-9818-1252206F8447}.Debug|x64.ActiveCfg = Debug|x64
		{E47A0701-B84C-4C9F-9818-1252206F8447}.Debug|x64.Build.0 = Debug|x64
		{E47A0701-B84C-4C9F-9818-1252206F8447}.Debug|x86.ActiveCfg = Debug|Win32
		{E47A0701-B84C-4C9F-9818-1252206F8447}.Debug|x86.Build.0 = Debug|Win32
		{E47A0701-B84C-4C9F-9818-1252206F8447}.Release|x64.ActiveCfg = Release|x64
		{E47A0701-B84C-4C9F-9818-1252206F8447}.Release|x64.Build.0 = Release|x64
		{E47A0701-B84C-4C9F-9818-1252206F8447}.Release|x86.ActiveCfg = Release|Win32
		{E47A0701-B84C-4C9F-9818-1252206F8447}.Release|x86.Build.0 = Release|Win32
		{F2A8E2B3-9338-4165-8E97-0DCAB108B674}.Debug|x64.ActiveCfg = Debug|x64
		{F2A8E2B3-9338-4165-8E97-0DCAB108B674}.Debug|x64.Build.0 = Debug|x64
		{F2A8E2B3-9338-4165-8E97-0DCAB108B674}.Debug|x86.ActiveCfg = Debug|Win32
		{F2A8E2B3-9338-4165-8E97-0DCAB108B674}.Debug|x86.Build.0 = Debug|Win32
		{F2A8E2B3-9338-4165-8E97-0DCAB108B674}.Release|x64.ActiveCfg = Release|x64
		{F2A8E2B3-9338-4165-8E97-0DCAB108B674}.Release|x64.Build.0 = Release|x64
		{F2A8E2B3-9338-4165-8E97-0DCAB108B674}.Release|x86.ActiveCfg = Release|Win32
		{F2A8E2B3-9338-4165-8E97-0DCAB108B674}.Release|x86.Build.0 = Release|Win32
		{5491B11C-206E-4DFA-9FFC-35ADEA715B79}.Debug|x64.ActiveCfg = Debug|x64
		{5491B11C-206E-4DFA-9FFC-35ADEA715B79}.Debug|x64.Build.0 = Debug|x64
		{5491B11C-206E-4DFA-9FFC-35ADEA715B79}.Debug|x86.ActiveCfg = Debug|Win32
		{5491B11C-206E-4DFA-9FFC-35ADEA715B79}.Debug|x86.Build.0 = Debug|Win32
		{5491B11C-206E-4DFA-9FFC-35ADEA715B79}.Release|x64.ActiveCfg = Release|x64
		{5491B11C-206E-4DFA-9FFC-35ADEA715B79}.Release|x64.Build.0 = Release|x64
		{5491B11C-206E-4DFA-9FFC-35ADEA715B79}.Release|x86.ActiveCfg = Release|Win32
		{5491B11C-206E-4DFA-9FFC-35ADEA715B79}.Release|x86.Build.0 = Release|Win32
		{263B3400-057C-4291-A042-3A4F6C418A2C}.Debug|x64.ActiveCfg = Debug|x64
		{263B3400-057C-4291-A042-3A4F6C418A2C}.Debug|x64.Build.0 = Debug|x64
		{263B3400-057C-4291-A042-3A4F6C418A2C}.Debug|x86.ActiveCfg = Debug|Win32
		{263B3400-057C-4291-A042-3A4F6C418A2C}.Debug|x86.Build.0 = Debug|Win32
		{263B3400-057C-4291-A042-3A4F6C418A2C}.Release|x64.ActiveCfg = Release|x64
		{263B3400-057C-4291-A042-3A4F6C418A2C}.Release|x64.Build.0 = Release|x64
		{263B3400-057C-4291-A042-3A4F6C418A2C}.Release|x86.ActiveCfg = Release|Win32
		{263B3400-057C-4291-A042-3A4F6C418A2C}.Release|x86.Build.0 = Release|Win32
		{92402E59-B661-4DF9-A16E-1973407141D9}.Debug|x64.ActiveCfg = Debug|x64
		{92402E59-B661-4DF9-A16E-1973407141D9}.Debug|x64.Build.0 = Debug|x64
		{92402E59-B661-4DF9-A16E-1973407141D9}.Debug|x86.ActiveCfg = Debug|Win32
		{92402E59-B661-4DF9-A16E-1973407141D9}.Debug|x86.Build.0 = Debug|Win32
		{92402E59-B661-4DF9-A16E-1973407141D9}.Release|x64.ActiveCfg = Release|x64
		{92402E59-B661-4DF9-A16E-1973407141D9}.Release|x64.Build.0 = Release|x64
		{92402E59-B661-4DF9-A16E-1973407141D9}.Release|x86.ActiveCfg = Release|Win32
		{92402E59-B661-4DF9-A16E-1973407141D9}.Release|x86.Build.0 = Release|Win32
		{58A15CDF-ACBD-4095-83D4-DFF58128291D}.Debug|x64.ActiveCfg = Debug|x64
		{58A15CDF-ACBD-4095-83D4-DFF58128291D}.Debug|x64.Build.0 = Debug|x64
		{58A15CDF-ACBD-4095-83D4-DFF58128291D}.Debug|x86.ActiveCfg = Debug|Win32
		{58A15CDF-ACBD-4095-83D4-DFF58128291D}.Debug|x86.Build.0 = Debug|Win32
		{58A15CDF-ACBD-4095-83D4-DFF58128291D}.Release|x64.ActiveCfg = Release|x64
		{58A15CDF-ACBD-4095-83D4-DFF58128291D}.Release|x64.Build.0 = Release|x64
		{58A15CDF-ACBD-4095-83D4-DFF58128291D}.Release|x86.ActiveCfg = Release|Win32
		{58A15CDF-ACBD-4095-83D4-DFF58128291D}.Release|x86.Build.0 = Release|Win32
		{33BB8204-C05B-4714-BD0C-8D010EAD6DC5}.Debug|x64.ActiveCfg = Debug|x64
		{33BB8204-C05B-4714-BD0C-8D010EAD6DC5}.Debug|x64.Build.0 = Debug|x64
		{33BB8204-C05B-4714-BD0C-8D010EAD6DC5}.Debug|x86.ActiveCfg = Debug|Win32
		{33BB8204-C05B-4714-BD0C-8D010EAD6DC5}.Debug|x86.Build.0 = Debug|Win32
		{33BB8204-C05B-4714-BD0C-8D010EAD6DC5}.Release|x64.ActiveCfg = Release|x64
		{33BB8204-C05B-4714-BD0C-8D010EAD6DC5}.Release|x64.Build.0 = Release|x64
		{33BB8204-C05B-4714-BD0C-8D010EAD6DC5}.Release|x86.ActiveCfg = Release|Win32
		{33BB8204-C05B-4714-BD0C-8D010EAD6DC5}.Release|x86.Build.0 = Release|Win32
		{687B0A24-B45A-48B1-8B42-D63994E56C39}.Debug|x64.ActiveCfg = Debug|x64
		{687B0A24-B45A-48B1-8B42-D63994E56C39}.Debug|x64.Build.0 = Debug|x64
		{687B0A24-B45A-48B1-8B42-D63994E56C39}.Debug|x86.ActiveCfg = Debug|Win32
		{687B0A24-B45A-48B1-8B42-D63994E56C39}.Debug|x86.Build.0 = Debug|Win32
		{687B0A24-B45A-48B1-8B42-D63994E56C39}.Release|x64.ActiveCfg = Release|x64
		{687B0A24-B45A-48B1-8B42-D63994E56C39}.Release|x64.Build.0 = Release|x64
		{687B0A24-B45A-48B1-8B42-D63994E56C39}.Release|x86.ActiveCfg = Release|Win32
		{687B0A24-B45A-48B1-8B42-D63994E56C39}.Release|x86.Build.0 = Release|Win32
		{C2D53AB1-60B1-4D20-8A2E-951B1953B606}.Debug|x64.ActiveCfg = Debug|x64
		{C2D53AB1-60B1-4D20-8A2E-951B1953B606}.Debug|x64.Build.0 = Debug|x64
		{C2D53AB1-60B1-4D20-8A2E-951B1953B606}.Debug|x86.ActiveCfg = Debug|Win32
		{C2D53AB1-60B1-4D20-8A2E-951B1953B606}.Debug|x86.Build.0 = Debug|Win32
		{C2D53AB1-60B1-4D20-8A2E-951B1953B606}.Release|x64.ActiveCfg = Release|x64
		{C2D53AB1-60B1-4D20-8A2E-951B1953B606}.Release|x64.Build.0 = Release|x64
		{C2D53AB1-60B1-4D20-8A2E-951B1953B606}.Release|x86.ActiveCfg = Release|Win32
		{C2D53AB1-60B1-4D20-8A2E-951B1953B606}.Release|x86.Build.0 = Release|Win32
		{52212FD6-D668-4F3C-BB72-17879B155ED6}.Debug|x64.ActiveCfg = Debug|x64
		{52212FD6-D668-4F3C-BB72-17879B155ED6}.Debug|x64.Build.0 = Debug|x64
		{52212FD6-D668-4F3C-BB72-17879B155ED6}.Debug|x86.ActiveCfg = Debug|Win32
		{52212FD6-D668-4F3C-BB72-17879B155ED6}.Debug|x86.Build.0 = Debug|Win32
		{52212FD6-D668-4F3C-BB72-17879B155ED6}.Release|x64.ActiveCfg = Release|x64
		{52212FD6-D668-4F3C-BB72-17879B155ED6}.Release|x64.Build.0 = Release|x64
		{52212FD6-D668-4F3C-BB72-17879B155ED6}.Release|x86.ActiveCfg = Release|Win32
		{52212FD6-D668-4F3C-BB72-17879B155ED6}.Release|x86.Build.0 = Release|Win32
		{1740C0C0-12E5-4D1A-AA6A-225854A64E41}.Debug|x64.ActiveCfg = Debug|x64
		{1740C0C0-12E5-4D1A-AA6A-225854A64E41}.Debug|x64.Build.0 = Debug|x64
		{1740C0C0-12E5-4D1A-AA6A-225854A64E41}.Debug|x86.ActiveCfg = Debug|Win32
		{1740C0C0-12E5-4D1A-AA6A-225854A64E41}.Debug|x86.Build.0 = Debug|Win32
		{1740C0C0-12E5-4D1A-AA6A-225854A64E41}.Release|x64.ActiveCfg = Release|x64
		{1740C0C0-12E5-4D1A-AA6A-225854A64E41}.Release|x64.Build.0 = Release|x64
		{1740C0C0-12E5-4D1A-AA6A-225854A64E41}.Release|x86.ActiveCfg = Release|Win32
		{1740C0C0-12E5-4D1A-AA6A-225854A64E41}.Release|x86.Build.0 = Release|Win32
		{A233AB5D-0C95-43A9-887A-6CC35900FD60}.Debug|x64.ActiveCfg = Debug|x64
		{A233AB5D-0C95-43A9-887A-6CC35900FD60}.Debug|x64.Build.0 = Debug|x64
		{A233AB5D-0C95-43A9-887A-6CC35900FD60}.Debug|x86.ActiveCfg = Debug|Win32
		{A233AB5D-0C95-43A9-887A-6CC35900FD60}.Debug|x86.Build.0 = Debug|Win32
		{A233AB5D-0C95-43A9-887A-6CC35900FD60}.Release|x64.ActiveCfg = Release|x64
		{A233AB5D-0C95-43A9-887A-6CC35900FD60}.Release|x64.Build.0 = Release|x64
		{A233AB5D-0C95-43A9-887A-6CC35900FD60}.Release|x86.ActiveCfg = Release|Win32
		{A233AB5D-0C95-43A9-887A-6CC35900FD60}.Release|x86.Build.0 = Release|Win32
		{119B38EE-F7B1-41A2-8F12-41E968504DA2}.Debug|x64.ActiveCfg = Debug|x64
		{119B38EE-F7B1-41A2-8F12-41E968504DA2}.Debug|x64.Build.0 = Debug|x64
		{119B38EE-F7B1-41A2-8F12-41E968504DA2}.Debug|x86.ActiveCfg = Debug|Win32
		{119B38EE-F7B1-41A2-8F12-41E968504DA2}.Debug|x86.Build.0 = Debug|Win32
		{119B38EE-F7B1-41A2-8F12-41E968504DA2}.Release|x64.ActiveCfg = Release|x64
		{119B38EE-F7B1-41A2-8F12-41E968504DA2}.Release|x64.Build.0 = Release|x64
		{119B38EE-F7B1-41A2-8F12-41E968504DA2}.Release|x86.ActiveCfg = Release|Win32
		{119B38EE-F7B1-41A2-8F12-41E968504DA2}.Release|x86.Build.0 = Release|Win32
		{BC4C21E1-0FFA-41AD-B068-55C3F61B6A58}.Debug|x64.ActiveCfg = Debug|x64
		{BC4C21E1-0FFA-41AD-B068-55C3F61B6A58}.Debug|x64.Build.0 = Debug|x64
		{BC4C21E1-0FFA-41AD-B068-55C3F61B6A58}.Debug|x86.ActiveCfg = Debug|Win32
		{BC4C21E1-0FFA-41AD-B068-55C3F61B6A58}.Debug|x86.Build.0 = Debug|Win32
		{BC4C21E1-0FFA-41AD-B068-55C3F61B6A58}.Release|x64.ActiveCfg = Release|x64
		{BC4C21E1-0FFA-41AD-B068-55C3F61B6A58}.Release|x64.Build.0 = Release|x64
		{BC4C21E1-0FFA-41AD-B068-55C3F61B6A58}.Release|x86.ActiveCfg = Release|Win32
		{BC4C21E1-0FFA-41AD-B068-55C3F61B6A58}.Release|x86.Build.0 = Release|Win32
		{EE7059F2-E989-42B9-9F20-E1A349FA634C}.Debug|x64.ActiveCfg = Debug|x64
		{EE7059F2-E989-42B9-9F20-E1A349FA634C}.Debug|x64.Build.0 = Debug|x64
		{EE7059F2-E989-42B9-9F20-E1A349FA634C}.Debug|x86.ActiveCfg = Debug|Win32
		{EE7059F2-E989-42B9-9F20-E1A349FA634C}.Debug|x86.Build.0 = Debug|Win32
		{EE7059F2-E989-42B9-9F20-E1A349FA634C}.Release|x64.ActiveCfg = Release|x64
		{EE7059F2-E989-42B9-9F20-E1A349FA634C}.Release|x64.Build.0 = Release|x64
		{EE7059F2-E989-42B9-9F20-E1A349FA634C}.Release|x86.ActiveCfg = Release|Win32
		{EE7059F2-E989-42B9-9F20-E1A349FA634C}.Release|x86.Build.0 = Release|Win32
	EndGlobalSection
	GlobalSection(SolutionProperties) = preSolution
		HideSolutionNode = FALSE
	EndGlobalSection
	GlobalSection(ExtensibilityGlobals) = postSolution
		SolutionGuid = {4C0F0715-ABC8-4431-A0B8-BCF830189564}
	EndGlobalSection
EndGlobal
