
Microsoft Visual Studio Solution File, Format Version 12.00
# Visual Studio Version 17
VisualStudioVersion = 17.7.34031.279
MinimumVisualStudioVersion = 10.0.40219.1
Project("{8BC9CEB8-8B4A-11D0-8D11-00A0C91BC942}") = "Bai001", "Bai001\Bai001.vcxproj", "{86E98313-760C-4909-A2E9-1CBA1005B7E5}"
EndProject
Project("{8BC9CEB8-8B4A-11D0-8D11-00A0C91BC942}") = "Bai002", "Bai002\Bai002.vcxproj", "{1C46A9DC-77CB-4FA0-B724-F8D42085C5B5}"
EndProject
Project("{8BC9CEB8-8B4A-11D0-8D11-00A0C91BC942}") = "Bai003", "Bai003\Bai003.vcxproj", "{B02B25D4-EFD4-4913-873A-F556290DA310}"
EndProject
Project("{8BC9CEB8-8B4A-11D0-8D11-00A0C91BC942}") = "Bai004", "Bai004\Bai004.vcxproj", "{637FE4FD-8117-4FF2-BA75-90A01E38DCCF}"
EndProject
Project("{8BC9CEB8-8B4A-11D0-8D11-00A0C91BC942}") = "Bai005", "Bai005\Bai005.vcxproj", "{CB9E8A87-2E2F-46CA-8E02-285FC65C6A58}"
EndProject
Project("{8BC9CEB8-8B4A-11D0-8D11-00A0C91BC942}") = "Bai006", "Bai006\Bai006.vcxproj", "{65E9B52C-7BAD-434A-807A-75A817BEF477}"
EndProject
Project("{8BC9CEB8-8B4A-11D0-8D11-00A0C91BC942}") = "Bai007", "Bai007\Bai007.vcxproj", "{3125AA2A-2D05-425A-AB44-5EFFE7B3BEAC}"
EndProject
Project("{8BC9CEB8-8B4A-11D0-8D11-00A0C91BC942}") = "Bai008", "Bai008\Bai008.vcxproj", "{237BE828-AEE9-4294-A3C3-B0E8C8B5350E}"
EndProject
Project("{8BC9CEB8-8B4A-11D0-8D11-00A0C91BC942}") = "Bai009", "Bai009\Bai009.vcxproj", "{DE8125C8-17DF-42EA-B655-89BEEB2335B6}"
EndProject
Project("{8BC9CEB8-8B4A-11D0-8D11-00A0C91BC942}") = "Bai010", "Bai010\Bai010.vcxproj", "{BD0824EF-261B-4FB9-9DE0-247CB8166168}"
EndProject
Project("{8BC9CEB8-8B4A-11D0-8D11-00A0C91BC942}") = "Bai011", "Bai011\Bai011.vcxproj", "{C9BFC132-F565-473C-81E3-9C3A68065D48}"
EndProject
Project("{8BC9CEB8-8B4A-11D0-8D11-00A0C91BC942}") = "Bai012", "Bai012\Bai012.vcxproj", "{CE606046-C616-4199-A9CD-F3BCA61A4D11}"
EndProject
Project("{8BC9CEB8-8B4A-11D0-8D11-00A0C91BC942}") = "Bai013", "Bai013\Bai013.vcxproj", "{A0865B26-06F9-497C-BF3C-66F2B396166B}"
EndProject
Project("{8BC9CEB8-8B4A-11D0-8D11-00A0C91BC942}") = "Bai014", "Bai014\Bai014.vcxproj", "{6939B78B-546A-4C1E-AC18-EAF82AABB82A}"
EndProject
Project("{8BC9CEB8-8B4A-11D0-8D11-00A0C91BC942}") = "Bai015", "Bai015\Bai015.vcxproj", "{E5FE1488-6D2C-45AF-971A-BF91C8D8AD95}"
EndProject
Project("{8BC9CEB8-8B4A-11D0-8D11-00A0C91BC942}") = "Bai016", "Bai016\Bai016.vcxproj", "{79A1243E-733B-4304-83E5-F73134FF2452}"
EndProject
Project("{8BC9CEB8-8B4A-11D0-8D11-00A0C91BC942}") = "Bai017", "Bai017\Bai017.vcxproj", "{ABF86D94-9EAF-4628-A5D8-44BB642369C2}"
EndProject
Project("{8BC9CEB8-8B4A-11D0-8D11-00A0C91BC942}") = "Bai018", "Bai018\Bai018.vcxproj", "{9773A9E4-1D26-4BA5-A55D-9AC159C59738}"
EndProject
Project("{8BC9CEB8-8B4A-11D0-8D11-00A0C91BC942}") = "Bai019", "Bai019\Bai019.vcxproj", "{79DBE962-B1B6-49BC-B546-4EEEEA3A2905}"
EndProject
Project("{8BC9CEB8-8B4A-11D0-8D11-00A0C91BC942}") = "Bai020", "Bai020\Bai020.vcxproj", "{730157BB-2FAC-4458-9BAB-EBE570C8FF01}"
EndProject
Project("{8BC9CEB8-8B4A-11D0-8D11-00A0C91BC942}") = "Bai021", "Bai021\Bai021.vcxproj", "{CACD693D-639D-4F7C-A109-4AC7B22BE4C7}"
EndProject
Project("{8BC9CEB8-8B4A-11D0-8D11-00A0C91BC942}") = "Bai022", "Bai022\Bai022.vcxproj", "{79B739AB-01EA-495B-90FD-0CA38B8FFB4D}"
EndProject
Project("{8BC9CEB8-8B4A-11D0-8D11-00A0C91BC942}") = "Bai023", "Bai023\Bai023.vcxproj", "{82F50BBF-A9AC-44CA-8456-BC922E268263}"
EndProject
Project("{8BC9CEB8-8B4A-11D0-8D11-00A0C91BC942}") = "Bai024", "Bai024\Bai024.vcxproj", "{524A0601-8BFD-48B3-BBC0-717003ED4C1A}"
EndProject
Project("{8BC9CEB8-8B4A-11D0-8D11-00A0C91BC942}") = "Bai025", "Bai025\Bai025.vcxproj", "{38D451D4-1A44-4C04-99CD-4CAFD91CB7F9}"
EndProject
Project("{8BC9CEB8-8B4A-11D0-8D11-00A0C91BC942}") = "Bai026", "Bai026\Bai026.vcxproj", "{93C9E56F-BA2F-46EF-951F-42305F1D4DDA}"
EndProject
Project("{8BC9CEB8-8B4A-11D0-8D11-00A0C91BC942}") = "Bai027", "Bai027\Bai027.vcxproj", "{A690CEF9-C905-42E3-868D-90CCB12CC9D7}"
EndProject
Project("{8BC9CEB8-8B4A-11D0-8D11-00A0C91BC942}") = "Bai028", "Bai028\Bai028.vcxproj", "{648D12DF-9A9A-406B-882E-BDB456D0A6CD}"
EndProject
Project("{8BC9CEB8-8B4A-11D0-8D11-00A0C91BC942}") = "Bai029", "Bai029\Bai029.vcxproj", "{842AC20D-E57E-4378-BE45-DF448E5DD450}"
EndProject
Project("{8BC9CEB8-8B4A-11D0-8D11-00A0C91BC942}") = "Bai030", "Bai030\Bai030.vcxproj", "{0FCE93F0-3EAB-4FD4-B85F-ABC9638FB5DD}"
EndProject
Project("{8BC9CEB8-8B4A-11D0-8D11-00A0C91BC942}") = "Bai031", "Bai031\Bai031.vcxproj", "{27AE58D6-9794-4259-A7B6-F35AC7AA9159}"
EndProject
Project("{8BC9CEB8-8B4A-11D0-8D11-00A0C91BC942}") = "Bai032", "Bai032\Bai032.vcxproj", "{95638278-EE47-461D-8C44-251C6DC5349D}"
EndProject
Project("{8BC9CEB8-8B4A-11D0-8D11-00A0C91BC942}") = "Bai033", "Bai033\Bai033.vcxproj", "{D7DDB13F-0FDE-4BAF-9294-2808A5379D04}"
EndProject
Project("{8BC9CEB8-8B4A-11D0-8D11-00A0C91BC942}") = "Bai034", "Bai034\Bai034.vcxproj", "{F8601D22-EF56-4152-B577-7718A6D33419}"
EndProject
Project("{8BC9CEB8-8B4A-11D0-8D11-00A0C91BC942}") = "Bai035", "Bai035\Bai035.vcxproj", "{08F67866-85EF-4B67-9E65-911210A4B022}"
EndProject
Project("{8BC9CEB8-8B4A-11D0-8D11-00A0C91BC942}") = "Bai036", "Bai036\Bai036.vcxproj", "{E5893BE2-C68E-46C3-A4AB-FA5EE9B6A54D}"
EndProject
Project("{8BC9CEB8-8B4A-11D0-8D11-00A0C91BC942}") = "Bai037", "Bai037\Bai037.vcxproj", "{15C9D3E3-C9B1-468B-9B05-C47923FE7FC4}"
EndProject
Project("{8BC9CEB8-8B4A-11D0-8D11-00A0C91BC942}") = "Bai038", "Bai038\Bai038.vcxproj", "{E72C7A0C-2CBA-474F-BCBA-84A203E6A222}"
EndProject
Project("{8BC9CEB8-8B4A-11D0-8D11-00A0C91BC942}") = "Bai039", "Bai039\Bai039.vcxproj", "{9ADBDF4B-D750-42E3-9144-EAB110F6274B}"
EndProject
Project("{8BC9CEB8-8B4A-11D0-8D11-00A0C91BC942}") = "Bai040", "Bai040\Bai040.vcxproj", "{53DC49F9-E0FF-47EF-BC0F-94DB0DC853D0}"
EndProject
Project("{8BC9CEB8-8B4A-11D0-8D11-00A0C91BC942}") = "Bai041", "Bai041\Bai041.vcxproj", "{D8694AF3-CD90-45F7-831F-EF3D31F7FCF4}"
EndProject
Project("{8BC9CEB8-8B4A-11D0-8D11-00A0C91BC942}") = "Bai042", "Bai042\Bai042.vcxproj", "{715DF26D-BE8B-4FA2-A923-2EB5BDDED028}"
EndProject
Project("{8BC9CEB8-8B4A-11D0-8D11-00A0C91BC942}") = "Bai043", "Bai043\Bai043.vcxproj", "{39712AC3-D4A9-420C-9E40-A14C9C2FC83C}"
EndProject
Project("{8BC9CEB8-8B4A-11D0-8D11-00A0C91BC942}") = "Bai044", "Bai044\Bai044.vcxproj", "{7E9F6FE8-322B-4754-B9BD-8E83FE32797F}"
EndProject
Project("{8BC9CEB8-8B4A-11D0-8D11-00A0C91BC942}") = "Bai045", "Bai045\Bai045.vcxproj", "{84FD6862-DE32-4D4E-A93C-FFE6664296A2}"
EndProject
Project("{8BC9CEB8-8B4A-11D0-8D11-00A0C91BC942}") = "Bai046", "Bai046\Bai046.vcxproj", "{9BE495E5-C0C6-4206-BFCC-3297B32CDBF9}"
EndProject
Project("{8BC9CEB8-8B4A-11D0-8D11-00A0C91BC942}") = "Bai047", "Bai047\Bai047.vcxproj", "{84442EAB-6EE6-4028-AA8C-03397D8B18AB}"
EndProject
Project("{8BC9CEB8-8B4A-11D0-8D11-00A0C91BC942}") = "Bai048", "Bai048\Bai048.vcxproj", "{B30BB113-C610-4259-8EB8-AD971C9232C2}"
EndProject
Project("{8BC9CEB8-8B4A-11D0-8D11-00A0C91BC942}") = "Bai049", "Bai049\Bai049.vcxproj", "{2E57D0ED-5F84-463E-93D4-E902965ECC48}"
EndProject
Project("{8BC9CEB8-8B4A-11D0-8D11-00A0C91BC942}") = "Bai050", "Bai050\Bai050.vcxproj", "{45CBC6E2-C8F2-45BC-B107-E78816ADF58D}"
EndProject
Project("{8BC9CEB8-8B4A-11D0-8D11-00A0C91BC942}") = "Bai058", "Bai058\Bai058.vcxproj", "{9BE58CA4-67E4-4AAD-B4EF-1E939F021D33}"
EndProject
Project("{8BC9CEB8-8B4A-11D0-8D11-00A0C91BC942}") = "Bai057", "Bai057\Bai057.vcxproj", "{07C21579-CDB9-4E40-B866-33A95EB289BF}"
EndProject
Project("{8BC9CEB8-8B4A-11D0-8D11-00A0C91BC942}") = "Bai056", "Bai056\Bai056.vcxproj", "{F382E9E2-C159-49DF-845A-3D706BEA33C7}"
EndProject
Project("{8BC9CEB8-8B4A-11D0-8D11-00A0C91BC942}") = "Bai055", "Bai055\Bai055.vcxproj", "{3B6AA616-47C8-4346-B378-E7FCD0A1CB25}"
EndProject
Project("{8BC9CEB8-8B4A-11D0-8D11-00A0C91BC942}") = "Bai054", "Bai054\Bai054.vcxproj", "{23F1F9CD-96DF-4745-8F16-0FE61FE85C7B}"
EndProject
Project("{8BC9CEB8-8B4A-11D0-8D11-00A0C91BC942}") = "Bai053", "Bai053\Bai053.vcxproj", "{52F578DA-5D4E-4879-9511-66C54102171E}"
EndProject
Project("{8BC9CEB8-8B4A-11D0-8D11-00A0C91BC942}") = "Bai052", "Bai052\Bai052.vcxproj", "{7C770882-D8EA-4461-9F0C-8674C99C5F97}"
EndProject
Project("{8BC9CEB8-8B4A-11D0-8D11-00A0C91BC942}") = "Bai051", "Bai051\Bai051.vcxproj", "{2F500518-855C-43FD-820E-A0A22445DFE3}"
EndProject
Project("{8BC9CEB8-8B4A-11D0-8D11-00A0C91BC942}") = "Bai059", "Bai059\Bai059.vcxproj", "{13C76168-FBAD-4F0A-A8D5-F93B4E8C8FB3}"
EndProject
Project("{8BC9CEB8-8B4A-11D0-8D11-00A0C91BC942}") = "Bai060", "Bai060\Bai060.vcxproj", "{3DAF15C1-16C5-423C-9D2B-9F9D4406CD37}"
EndProject
Project("{8BC9CEB8-8B4A-11D0-8D11-00A0C91BC942}") = "Bai061", "Bai061\Bai061.vcxproj", "{E81227CD-6F7C-4AD5-92A6-21F9B245F2C1}"
EndProject
Project("{8BC9CEB8-8B4A-11D0-8D11-00A0C91BC942}") = "Bai062", "Bai062\Bai062.vcxproj", "{73E9E599-A79B-4B92-8BBF-F8B413E7D45E}"
EndProject
Project("{8BC9CEB8-8B4A-11D0-8D11-00A0C91BC942}") = "Bai063", "Bai063\Bai063.vcxproj", "{E253A424-5C89-4EBC-AFCE-25BDEF830A22}"
EndProject
Project("{8BC9CEB8-8B4A-11D0-8D11-00A0C91BC942}") = "Bai064", "Bai064\Bai064.vcxproj", "{1877BFA1-8466-46A8-B8AF-68A9AEDC477E}"
EndProject
Project("{8BC9CEB8-8B4A-11D0-8D11-00A0C91BC942}") = "Bai065", "Bai065\Bai065.vcxproj", "{4690840C-EC7C-4075-B017-9DCAD41A87C4}"
EndProject
Project("{8BC9CEB8-8B4A-11D0-8D11-00A0C91BC942}") = "Bai066", "Bai066\Bai066.vcxproj", "{DBD0D196-2039-4773-8296-A9AE91F92740}"
EndProject
Project("{8BC9CEB8-8B4A-11D0-8D11-00A0C91BC942}") = "Bai067", "Bai067\Bai067.vcxproj", "{27C5DDDA-9E2E-4668-9DA1-E5E1E6E7C9E9}"
EndProject
Project("{8BC9CEB8-8B4A-11D0-8D11-00A0C91BC942}") = "Bai068", "Bai068\Bai068.vcxproj", "{E78BCF3A-A237-4954-A8AA-2BB4C3B5C8FB}"
EndProject
Project("{8BC9CEB8-8B4A-11D0-8D11-00A0C91BC942}") = "Bai069", "Bai069\Bai069.vcxproj", "{AD545323-7852-48B1-B3C2-A28ED1F98B6F}"
EndProject
Project("{8BC9CEB8-8B4A-11D0-8D11-00A0C91BC942}") = "Bai070", "Bai070\Bai070.vcxproj", "{5318B1CA-2C9A-4ED4-B6AA-5803ABA6C9A8}"
EndProject
Project("{8BC9CEB8-8B4A-11D0-8D11-00A0C91BC942}") = "Bai071", "Bai071\Bai071.vcxproj", "{05C2CF7C-6B72-44A8-817C-BD8D637DC3AB}"
EndProject
Project("{8BC9CEB8-8B4A-11D0-8D11-00A0C91BC942}") = "Bai072", "Bai072\Bai072.vcxproj", "{22D7BDB3-E645-43E7-A9F7-DC58D56586CA}"
EndProject
Project("{8BC9CEB8-8B4A-11D0-8D11-00A0C91BC942}") = "Bai073", "Bai073\Bai073.vcxproj", "{25C5E894-7263-4DE9-8650-A6D1B6F174AE}"
EndProject
Project("{8BC9CEB8-8B4A-11D0-8D11-00A0C91BC942}") = "Bai074", "Bai074\Bai074.vcxproj", "{69ED3C52-8EDA-4867-943E-8935DFD10397}"
EndProject
Project("{8BC9CEB8-8B4A-11D0-8D11-00A0C91BC942}") = "Bai075", "Bai075\Bai075.vcxproj", "{970212BE-1E2B-43A4-A104-2B17C4FB09E3}"
EndProject
Project("{8BC9CEB8-8B4A-11D0-8D11-00A0C91BC942}") = "Bai076", "Bai076\Bai076.vcxproj", "{8572D2B6-7B33-47FF-BD1E-03B5C80E6D5D}"
EndProject
Project("{8BC9CEB8-8B4A-11D0-8D11-00A0C91BC942}") = "Bai077", "Bai077\Bai077.vcxproj", "{41733881-12AC-4572-A421-0CEA582CF727}"
EndProject
Project("{8BC9CEB8-8B4A-11D0-8D11-00A0C91BC942}") = "Bai078", "Bai078\Bai078.vcxproj", "{6ABDD67C-F0FB-421C-811D-3D7102B5239E}"
EndProject
Project("{8BC9CEB8-8B4A-11D0-8D11-00A0C91BC942}") = "Bai079", "Bai079\Bai079.vcxproj", "{AFBC98AC-9B7B-454E-A6C5-50BD10DBF3DD}"
EndProject
Project("{8BC9CEB8-8B4A-11D0-8D11-00A0C91BC942}") = "Bai080", "Bai080\Bai080.vcxproj", "{2CDD9CCD-2F59-4617-99F7-C065827B0BF2}"
EndProject
Project("{8BC9CEB8-8B4A-11D0-8D11-00A0C91BC942}") = "Bai081", "Bai081\Bai081.vcxproj", "{FDBE956A-8D9C-4E21-BC24-0024FE777548}"
EndProject
Project("{8BC9CEB8-8B4A-11D0-8D11-00A0C91BC942}") = "Bai082", "Bai082\Bai082.vcxproj", "{E486FC08-2B6D-4320-9E05-7C382537E22D}"
EndProject
Project("{8BC9CEB8-8B4A-11D0-8D11-00A0C91BC942}") = "Bai083", "Bai083\Bai083.vcxproj", "{290DE99E-9D5D-4BB5-8346-80C0A74C471C}"
EndProject
Project("{8BC9CEB8-8B4A-11D0-8D11-00A0C91BC942}") = "Bai084", "Bai084\Bai084.vcxproj", "{D107D667-1B3D-4553-A305-7E4EEB6910BB}"
EndProject
Project("{8BC9CEB8-8B4A-11D0-8D11-00A0C91BC942}") = "Bai085", "Bai085\Bai085.vcxproj", "{EC5B8643-9554-4E77-BA30-7FE9B9EA7BD7}"
EndProject
Project("{8BC9CEB8-8B4A-11D0-8D11-00A0C91BC942}") = "Bai086", "Bai086\Bai086.vcxproj", "{D24DF4D1-7423-426F-9345-EB05AAFAB259}"
EndProject
Project("{8BC9CEB8-8B4A-11D0-8D11-00A0C91BC942}") = "Bai087", "Bai087\Bai087.vcxproj", "{27878737-3EEC-4674-B246-4FFC0EC8201E}"
EndProject
Project("{8BC9CEB8-8B4A-11D0-8D11-00A0C91BC942}") = "Bai088", "Bai088\Bai088.vcxproj", "{29082C86-B98A-4615-8D81-DF9673BB8B7F}"
EndProject
Project("{8BC9CEB8-8B4A-11D0-8D11-00A0C91BC942}") = "Bai089", "Bai089\Bai089.vcxproj", "{404DB2AE-C620-42FE-9D6A-0271CD51274F}"
EndProject
Project("{8BC9CEB8-8B4A-11D0-8D11-00A0C91BC942}") = "Bai090", "Bai090\Bai090.vcxproj", "{1462BC26-5FB0-4021-8598-F063E9EDE577}"
EndProject
Project("{8BC9CEB8-8B4A-11D0-8D11-00A0C91BC942}") = "Bai091", "Bai091\Bai091.vcxproj", "{14C09481-C932-4A05-BA42-ABC5B15E5E78}"
EndProject
Project("{8BC9CEB8-8B4A-11D0-8D11-00A0C91BC942}") = "Bai092", "Bai092\Bai092.vcxproj", "{708BD591-DD27-476E-9483-858BEBCBC792}"
EndProject
Project("{8BC9CEB8-8B4A-11D0-8D11-00A0C91BC942}") = "Bai093", "Bai093\Bai093.vcxproj", "{42C35E8E-AC1C-493E-8A03-C1271B51D08D}"
EndProject
Project("{8BC9CEB8-8B4A-11D0-8D11-00A0C91BC942}") = "Bai094", "Bai094\Bai094.vcxproj", "{6804BD6C-4969-4FEE-81F8-835816D6B728}"
EndProject
Project("{8BC9CEB8-8B4A-11D0-8D11-00A0C91BC942}") = "Bai095", "Bai095\Bai095.vcxproj", "{C6A21617-9174-4B06-AF83-A0EF2E0262B3}"
EndProject
Project("{8BC9CEB8-8B4A-11D0-8D11-00A0C91BC942}") = "Bai096", "Bai096\Bai096.vcxproj", "{E371507C-4CA0-4E4B-AAEC-411743C0E817}"
EndProject
Project("{8BC9CEB8-8B4A-11D0-8D11-00A0C91BC942}") = "Bai097", "Bai097\Bai097.vcxproj", "{749FDB68-AF9C-4CC8-94A4-3265A454EB16}"
EndProject
Project("{8BC9CEB8-8B4A-11D0-8D11-00A0C91BC942}") = "Bai098", "Bai098\Bai098.vcxproj", "{30BB2EB7-3037-4F2D-BE83-E93B975B1381}"
EndProject
Project("{8BC9CEB8-8B4A-11D0-8D11-00A0C91BC942}") = "Bai099", "Bai099\Bai099.vcxproj", "{876F4B78-090D-4344-BA88-691B1F40954C}"
EndProject
Project("{8BC9CEB8-8B4A-11D0-8D11-00A0C91BC942}") = "Bai100", "Bai100\Bai100.vcxproj", "{0CC951F1-A73F-46E1-83D8-70B5FF0B394C}"
EndProject
Project("{8BC9CEB8-8B4A-11D0-8D11-00A0C91BC942}") = "Bai101", "Bai101\Bai101.vcxproj", "{B2144730-45E4-405F-BE59-F4C377A6ECB2}"
EndProject
Project("{8BC9CEB8-8B4A-11D0-8D11-00A0C91BC942}") = "Bai102", "Bai102\Bai102.vcxproj", "{2DDD6A7D-4100-419E-9742-FE889A96645A}"
EndProject
Project("{8BC9CEB8-8B4A-11D0-8D11-00A0C91BC942}") = "Bai103", "Bai103\Bai103.vcxproj", "{11DE1440-8DAB-47CB-BDE9-6194D5A26C4C}"
EndProject
Project("{8BC9CEB8-8B4A-11D0-8D11-00A0C91BC942}") = "Bai104", "Bai104\Bai104.vcxproj", "{A3208DEB-B29A-4999-8F4B-D804666A994C}"
EndProject
Project("{8BC9CEB8-8B4A-11D0-8D11-00A0C91BC942}") = "Bai105", "Bai105\Bai105.vcxproj", "{A13BAC15-2FF2-4F39-ABC1-24FC38386FBA}"
EndProject
Project("{8BC9CEB8-8B4A-11D0-8D11-00A0C91BC942}") = "Bai106", "Bai106\Bai106.vcxproj", "{7373F389-0259-4266-91BB-6E28A166C1C0}"
EndProject
Project("{8BC9CEB8-8B4A-11D0-8D11-00A0C91BC942}") = "Bai107", "Bai107\Bai107.vcxproj", "{7998C664-51EF-4912-BF78-79420495687F}"
EndProject
Project("{8BC9CEB8-8B4A-11D0-8D11-00A0C91BC942}") = "Bai108", "Bai108\Bai108.vcxproj", "{32D969F8-7DA0-4312-9A40-B007CDD43C3C}"
EndProject
Project("{8BC9CEB8-8B4A-11D0-8D11-00A0C91BC942}") = "Bai109", "Bai109\Bai109.vcxproj", "{B40B5098-32FF-49C8-9077-AB2BE1E98DF9}"
EndProject
Project("{8BC9CEB8-8B4A-11D0-8D11-00A0C91BC942}") = "Bai110", "Bai110\Bai110.vcxproj", "{5A9E1CFF-FB89-4156-9D08-C448D818771D}"
EndProject
Project("{8BC9CEB8-8B4A-11D0-8D11-00A0C91BC942}") = "Bai111", "Bai111\Bai111.vcxproj", "{6EBCA8C8-4577-46C3-8B3E-E0B3DB4E3A3E}"
EndProject
Project("{8BC9CEB8-8B4A-11D0-8D11-00A0C91BC942}") = "Bai112", "Bai112\Bai112.vcxproj", "{3513F137-4F39-4D9A-BF6B-326FBD4ABE3F}"
EndProject
Project("{8BC9CEB8-8B4A-11D0-8D11-00A0C91BC942}") = "Bai113", "Bai113\Bai113.vcxproj", "{AA2B87B0-212B-4878-A569-17D634D3732D}"
EndProject
Project("{8BC9CEB8-8B4A-11D0-8D11-00A0C91BC942}") = "Bai114", "Bai114\Bai114.vcxproj", "{801E62ED-D72B-490D-BCFE-EFFBDB6AF4C7}"
EndProject
Project("{8BC9CEB8-8B4A-11D0-8D11-00A0C91BC942}") = "Bai115", "Bai115\Bai115.vcxproj", "{65DE8FE3-D66E-462D-8A66-BCB192323A13}"
EndProject
Project("{8BC9CEB8-8B4A-11D0-8D11-00A0C91BC942}") = "Bai116", "Bai116\Bai116.vcxproj", "{AA5271A0-03B6-468F-9AFA-1BAEF13A6C41}"
EndProject
Project("{8BC9CEB8-8B4A-11D0-8D11-00A0C91BC942}") = "Bai117", "Bai117\Bai117.vcxproj", "{C9D86603-04CD-4457-903E-F26B4217DDAA}"
EndProject
Global
	GlobalSection(SolutionConfigurationPlatforms) = preSolution
		Debug|x64 = Debug|x64
		Debug|x86 = Debug|x86
		Release|x64 = Release|x64
		Release|x86 = Release|x86
	EndGlobalSection
	GlobalSection(ProjectConfigurationPlatforms) = postSolution
		{86E98313-760C-4909-A2E9-1CBA1005B7E5}.Debug|x64.ActiveCfg = Debug|x64
		{86E98313-760C-4909-A2E9-1CBA1005B7E5}.Debug|x64.Build.0 = Debug|x64
		{86E98313-760C-4909-A2E9-1CBA1005B7E5}.Debug|x86.ActiveCfg = Debug|Win32
		{86E98313-760C-4909-A2E9-1CBA1005B7E5}.Debug|x86.Build.0 = Debug|Win32
		{86E98313-760C-4909-A2E9-1CBA1005B7E5}.Release|x64.ActiveCfg = Release|x64
		{86E98313-760C-4909-A2E9-1CBA1005B7E5}.Release|x64.Build.0 = Release|x64
		{86E98313-760C-4909-A2E9-1CBA1005B7E5}.Release|x86.ActiveCfg = Release|Win32
		{86E98313-760C-4909-A2E9-1CBA1005B7E5}.Release|x86.Build.0 = Release|Win32
		{1C46A9DC-77CB-4FA0-B724-F8D42085C5B5}.Debug|x64.ActiveCfg = Debug|x64
		{1C46A9DC-77CB-4FA0-B724-F8D42085C5B5}.Debug|x64.Build.0 = Debug|x64
		{1C46A9DC-77CB-4FA0-B724-F8D42085C5B5}.Debug|x86.ActiveCfg = Debug|Win32
		{1C46A9DC-77CB-4FA0-B724-F8D42085C5B5}.Debug|x86.Build.0 = Debug|Win32
		{1C46A9DC-77CB-4FA0-B724-F8D42085C5B5}.Release|x64.ActiveCfg = Release|x64
		{1C46A9DC-77CB-4FA0-B724-F8D42085C5B5}.Release|x64.Build.0 = Release|x64
		{1C46A9DC-77CB-4FA0-B724-F8D42085C5B5}.Release|x86.ActiveCfg = Release|Win32
		{1C46A9DC-77CB-4FA0-B724-F8D42085C5B5}.Release|x86.Build.0 = Release|Win32
		{B02B25D4-EFD4-4913-873A-F556290DA310}.Debug|x64.ActiveCfg = Debug|x64
		{B02B25D4-EFD4-4913-873A-F556290DA310}.Debug|x64.Build.0 = Debug|x64
		{B02B25D4-EFD4-4913-873A-F556290DA310}.Debug|x86.ActiveCfg = Debug|Win32
		{B02B25D4-EFD4-4913-873A-F556290DA310}.Debug|x86.Build.0 = Debug|Win32
		{B02B25D4-EFD4-4913-873A-F556290DA310}.Release|x64.ActiveCfg = Release|x64
		{B02B25D4-EFD4-4913-873A-F556290DA310}.Release|x64.Build.0 = Release|x64
		{B02B25D4-EFD4-4913-873A-F556290DA310}.Release|x86.ActiveCfg = Release|Win32
		{B02B25D4-EFD4-4913-873A-F556290DA310}.Release|x86.Build.0 = Release|Win32
		{637FE4FD-8117-4FF2-BA75-90A01E38DCCF}.Debug|x64.ActiveCfg = Debug|x64
		{637FE4FD-8117-4FF2-BA75-90A01E38DCCF}.Debug|x64.Build.0 = Debug|x64
		{637FE4FD-8117-4FF2-BA75-90A01E38DCCF}.Debug|x86.ActiveCfg = Debug|Win32
		{637FE4FD-8117-4FF2-BA75-90A01E38DCCF}.Debug|x86.Build.0 = Debug|Win32
		{637FE4FD-8117-4FF2-BA75-90A01E38DCCF}.Release|x64.ActiveCfg = Release|x64
		{637FE4FD-8117-4FF2-BA75-90A01E38DCCF}.Release|x64.Build.0 = Release|x64
		{637FE4FD-8117-4FF2-BA75-90A01E38DCCF}.Release|x86.ActiveCfg = Release|Win32
		{637FE4FD-8117-4FF2-BA75-90A01E38DCCF}.Release|x86.Build.0 = Release|Win32
		{CB9E8A87-2E2F-46CA-8E02-285FC65C6A58}.Debug|x64.ActiveCfg = Debug|x64
		{CB9E8A87-2E2F-46CA-8E02-285FC65C6A58}.Debug|x64.Build.0 = Debug|x64
		{CB9E8A87-2E2F-46CA-8E02-285FC65C6A58}.Debug|x86.ActiveCfg = Debug|Win32
		{CB9E8A87-2E2F-46CA-8E02-285FC65C6A58}.Debug|x86.Build.0 = Debug|Win32
		{CB9E8A87-2E2F-46CA-8E02-285FC65C6A58}.Release|x64.ActiveCfg = Release|x64
		{CB9E8A87-2E2F-46CA-8E02-285FC65C6A58}.Release|x64.Build.0 = Release|x64
		{CB9E8A87-2E2F-46CA-8E02-285FC65C6A58}.Release|x86.ActiveCfg = Release|Win32
		{CB9E8A87-2E2F-46CA-8E02-285FC65C6A58}.Release|x86.Build.0 = Release|Win32
		{65E9B52C-7BAD-434A-807A-75A817BEF477}.Debug|x64.ActiveCfg = Debug|x64
		{65E9B52C-7BAD-434A-807A-75A817BEF477}.Debug|x64.Build.0 = Debug|x64
		{65E9B52C-7BAD-434A-807A-75A817BEF477}.Debug|x86.ActiveCfg = Debug|Win32
		{65E9B52C-7BAD-434A-807A-75A817BEF477}.Debug|x86.Build.0 = Debug|Win32
		{65E9B52C-7BAD-434A-807A-75A817BEF477}.Release|x64.ActiveCfg = Release|x64
		{65E9B52C-7BAD-434A-807A-75A817BEF477}.Release|x64.Build.0 = Release|x64
		{65E9B52C-7BAD-434A-807A-75A817BEF477}.Release|x86.ActiveCfg = Release|Win32
		{65E9B52C-7BAD-434A-807A-75A817BEF477}.Release|x86.Build.0 = Release|Win32
		{3125AA2A-2D05-425A-AB44-5EFFE7B3BEAC}.Debug|x64.ActiveCfg = Debug|x64
		{3125AA2A-2D05-425A-AB44-5EFFE7B3BEAC}.Debug|x64.Build.0 = Debug|x64
		{3125AA2A-2D05-425A-AB44-5EFFE7B3BEAC}.Debug|x86.ActiveCfg = Debug|Win32
		{3125AA2A-2D05-425A-AB44-5EFFE7B3BEAC}.Debug|x86.Build.0 = Debug|Win32
		{3125AA2A-2D05-425A-AB44-5EFFE7B3BEAC}.Release|x64.ActiveCfg = Release|x64
		{3125AA2A-2D05-425A-AB44-5EFFE7B3BEAC}.Release|x64.Build.0 = Release|x64
		{3125AA2A-2D05-425A-AB44-5EFFE7B3BEAC}.Release|x86.ActiveCfg = Release|Win32
		{3125AA2A-2D05-425A-AB44-5EFFE7B3BEAC}.Release|x86.Build.0 = Release|Win32
		{237BE828-AEE9-4294-A3C3-B0E8C8B5350E}.Debug|x64.ActiveCfg = Debug|x64
		{237BE828-AEE9-4294-A3C3-B0E8C8B5350E}.Debug|x64.Build.0 = Debug|x64
		{237BE828-AEE9-4294-A3C3-B0E8C8B5350E}.Debug|x86.ActiveCfg = Debug|Win32
		{237BE828-AEE9-4294-A3C3-B0E8C8B5350E}.Debug|x86.Build.0 = Debug|Win32
		{237BE828-AEE9-4294-A3C3-B0E8C8B5350E}.Release|x64.ActiveCfg = Release|x64
		{237BE828-AEE9-4294-A3C3-B0E8C8B5350E}.Release|x64.Build.0 = Release|x64
		{237BE828-AEE9-4294-A3C3-B0E8C8B5350E}.Release|x86.ActiveCfg = Release|Win32
		{237BE828-AEE9-4294-A3C3-B0E8C8B5350E}.Release|x86.Build.0 = Release|Win32
		{DE8125C8-17DF-42EA-B655-89BEEB2335B6}.Debug|x64.ActiveCfg = Debug|x64
		{DE8125C8-17DF-42EA-B655-89BEEB2335B6}.Debug|x64.Build.0 = Debug|x64
		{DE8125C8-17DF-42EA-B655-89BEEB2335B6}.Debug|x86.ActiveCfg = Debug|Win32
		{DE8125C8-17DF-42EA-B655-89BEEB2335B6}.Debug|x86.Build.0 = Debug|Win32
		{DE8125C8-17DF-42EA-B655-89BEEB2335B6}.Release|x64.ActiveCfg = Release|x64
		{DE8125C8-17DF-42EA-B655-89BEEB2335B6}.Release|x64.Build.0 = Release|x64
		{DE8125C8-17DF-42EA-B655-89BEEB2335B6}.Release|x86.ActiveCfg = Release|Win32
		{DE8125C8-17DF-42EA-B655-89BEEB2335B6}.Release|x86.Build.0 = Release|Win32
		{BD0824EF-261B-4FB9-9DE0-247CB8166168}.Debug|x64.ActiveCfg = Debug|x64
		{BD0824EF-261B-4FB9-9DE0-247CB8166168}.Debug|x64.Build.0 = Debug|x64
		{BD0824EF-261B-4FB9-9DE0-247CB8166168}.Debug|x86.ActiveCfg = Debug|Win32
		{BD0824EF-261B-4FB9-9DE0-247CB8166168}.Debug|x86.Build.0 = Debug|Win32
		{BD0824EF-261B-4FB9-9DE0-247CB8166168}.Release|x64.ActiveCfg = Release|x64
		{BD0824EF-261B-4FB9-9DE0-247CB8166168}.Release|x64.Build.0 = Release|x64
		{BD0824EF-261B-4FB9-9DE0-247CB8166168}.Release|x86.ActiveCfg = Release|Win32
		{BD0824EF-261B-4FB9-9DE0-247CB8166168}.Release|x86.Build.0 = Release|Win32
		{C9BFC132-F565-473C-81E3-9C3A68065D48}.Debug|x64.ActiveCfg = Debug|x64
		{C9BFC132-F565-473C-81E3-9C3A68065D48}.Debug|x64.Build.0 = Debug|x64
		{C9BFC132-F565-473C-81E3-9C3A68065D48}.Debug|x86.ActiveCfg = Debug|Win32
		{C9BFC132-F565-473C-81E3-9C3A68065D48}.Debug|x86.Build.0 = Debug|Win32
		{C9BFC132-F565-473C-81E3-9C3A68065D48}.Release|x64.ActiveCfg = Release|x64
		{C9BFC132-F565-473C-81E3-9C3A68065D48}.Release|x64.Build.0 = Release|x64
		{C9BFC132-F565-473C-81E3-9C3A68065D48}.Release|x86.ActiveCfg = Release|Win32
		{C9BFC132-F565-473C-81E3-9C3A68065D48}.Release|x86.Build.0 = Release|Win32
		{CE606046-C616-4199-A9CD-F3BCA61A4D11}.Debug|x64.ActiveCfg = Debug|x64
		{CE606046-C616-4199-A9CD-F3BCA61A4D11}.Debug|x64.Build.0 = Debug|x64
		{CE606046-C616-4199-A9CD-F3BCA61A4D11}.Debug|x86.ActiveCfg = Debug|Win32
		{CE606046-C616-4199-A9CD-F3BCA61A4D11}.Debug|x86.Build.0 = Debug|Win32
		{CE606046-C616-4199-A9CD-F3BCA61A4D11}.Release|x64.ActiveCfg = Release|x64
		{CE606046-C616-4199-A9CD-F3BCA61A4D11}.Release|x64.Build.0 = Release|x64
		{CE606046-C616-4199-A9CD-F3BCA61A4D11}.Release|x86.ActiveCfg = Release|Win32
		{CE606046-C616-4199-A9CD-F3BCA61A4D11}.Release|x86.Build.0 = Release|Win32
		{A0865B26-06F9-497C-BF3C-66F2B396166B}.Debug|x64.ActiveCfg = Debug|x64
		{A0865B26-06F9-497C-BF3C-66F2B396166B}.Debug|x64.Build.0 = Debug|x64
		{A0865B26-06F9-497C-BF3C-66F2B396166B}.Debug|x86.ActiveCfg = Debug|Win32
		{A0865B26-06F9-497C-BF3C-66F2B396166B}.Debug|x86.Build.0 = Debug|Win32
		{A0865B26-06F9-497C-BF3C-66F2B396166B}.Release|x64.ActiveCfg = Release|x64
		{A0865B26-06F9-497C-BF3C-66F2B396166B}.Release|x64.Build.0 = Release|x64
		{A0865B26-06F9-497C-BF3C-66F2B396166B}.Release|x86.ActiveCfg = Release|Win32
		{A0865B26-06F9-497C-BF3C-66F2B396166B}.Release|x86.Build.0 = Release|Win32
		{6939B78B-546A-4C1E-AC18-EAF82AABB82A}.Debug|x64.ActiveCfg = Debug|x64
		{6939B78B-546A-4C1E-AC18-EAF82AABB82A}.Debug|x64.Build.0 = Debug|x64
		{6939B78B-546A-4C1E-AC18-EAF82AABB82A}.Debug|x86.ActiveCfg = Debug|Win32
		{6939B78B-546A-4C1E-AC18-EAF82AABB82A}.Debug|x86.Build.0 = Debug|Win32
		{6939B78B-546A-4C1E-AC18-EAF82AABB82A}.Release|x64.ActiveCfg = Release|x64
		{6939B78B-546A-4C1E-AC18-EAF82AABB82A}.Release|x64.Build.0 = Release|x64
		{6939B78B-546A-4C1E-AC18-EAF82AABB82A}.Release|x86.ActiveCfg = Release|Win32
		{6939B78B-546A-4C1E-AC18-EAF82AABB82A}.Release|x86.Build.0 = Release|Win32
		{E5FE1488-6D2C-45AF-971A-BF91C8D8AD95}.Debug|x64.ActiveCfg = Debug|x64
		{E5FE1488-6D2C-45AF-971A-BF91C8D8AD95}.Debug|x64.Build.0 = Debug|x64
		{E5FE1488-6D2C-45AF-971A-BF91C8D8AD95}.Debug|x86.ActiveCfg = Debug|Win32
		{E5FE1488-6D2C-45AF-971A-BF91C8D8AD95}.Debug|x86.Build.0 = Debug|Win32
		{E5FE1488-6D2C-45AF-971A-BF91C8D8AD95}.Release|x64.ActiveCfg = Release|x64
		{E5FE1488-6D2C-45AF-971A-BF91C8D8AD95}.Release|x64.Build.0 = Release|x64
		{E5FE1488-6D2C-45AF-971A-BF91C8D8AD95}.Release|x86.ActiveCfg = Release|Win32
		{E5FE1488-6D2C-45AF-971A-BF91C8D8AD95}.Release|x86.Build.0 = Release|Win32
		{79A1243E-733B-4304-83E5-F73134FF2452}.Debug|x64.ActiveCfg = Debug|x64
		{79A1243E-733B-4304-83E5-F73134FF2452}.Debug|x64.Build.0 = Debug|x64
		{79A1243E-733B-4304-83E5-F73134FF2452}.Debug|x86.ActiveCfg = Debug|Win32
		{79A1243E-733B-4304-83E5-F73134FF2452}.Debug|x86.Build.0 = Debug|Win32
		{79A1243E-733B-4304-83E5-F73134FF2452}.Release|x64.ActiveCfg = Release|x64
		{79A1243E-733B-4304-83E5-F73134FF2452}.Release|x64.Build.0 = Release|x64
		{79A1243E-733B-4304-83E5-F73134FF2452}.Release|x86.ActiveCfg = Release|Win32
		{79A1243E-733B-4304-83E5-F73134FF2452}.Release|x86.Build.0 = Release|Win32
		{ABF86D94-9EAF-4628-A5D8-44BB642369C2}.Debug|x64.ActiveCfg = Debug|x64
		{ABF86D94-9EAF-4628-A5D8-44BB642369C2}.Debug|x64.Build.0 = Debug|x64
		{ABF86D94-9EAF-4628-A5D8-44BB642369C2}.Debug|x86.ActiveCfg = Debug|Win32
		{ABF86D94-9EAF-4628-A5D8-44BB642369C2}.Debug|x86.Build.0 = Debug|Win32
		{ABF86D94-9EAF-4628-A5D8-44BB642369C2}.Release|x64.ActiveCfg = Release|x64
		{ABF86D94-9EAF-4628-A5D8-44BB642369C2}.Release|x64.Build.0 = Release|x64
		{ABF86D94-9EAF-4628-A5D8-44BB642369C2}.Release|x86.ActiveCfg = Release|Win32
		{ABF86D94-9EAF-4628-A5D8-44BB642369C2}.Release|x86.Build.0 = Release|Win32
		{9773A9E4-1D26-4BA5-A55D-9AC159C59738}.Debug|x64.ActiveCfg = Debug|x64
		{9773A9E4-1D26-4BA5-A55D-9AC159C59738}.Debug|x64.Build.0 = Debug|x64
		{9773A9E4-1D26-4BA5-A55D-9AC159C59738}.Debug|x86.ActiveCfg = Debug|Win32
		{9773A9E4-1D26-4BA5-A55D-9AC159C59738}.Debug|x86.Build.0 = Debug|Win32
		{9773A9E4-1D26-4BA5-A55D-9AC159C59738}.Release|x64.ActiveCfg = Release|x64
		{9773A9E4-1D26-4BA5-A55D-9AC159C59738}.Release|x64.Build.0 = Release|x64
		{9773A9E4-1D26-4BA5-A55D-9AC159C59738}.Release|x86.ActiveCfg = Release|Win32
		{9773A9E4-1D26-4BA5-A55D-9AC159C59738}.Release|x86.Build.0 = Release|Win32
		{79DBE962-B1B6-49BC-B546-4EEEEA3A2905}.Debug|x64.ActiveCfg = Debug|x64
		{79DBE962-B1B6-49BC-B546-4EEEEA3A2905}.Debug|x64.Build.0 = Debug|x64
		{79DBE962-B1B6-49BC-B546-4EEEEA3A2905}.Debug|x86.ActiveCfg = Debug|Win32
		{79DBE962-B1B6-49BC-B546-4EEEEA3A2905}.Debug|x86.Build.0 = Debug|Win32
		{79DBE962-B1B6-49BC-B546-4EEEEA3A2905}.Release|x64.ActiveCfg = Release|x64
		{79DBE962-B1B6-49BC-B546-4EEEEA3A2905}.Release|x64.Build.0 = Release|x64
		{79DBE962-B1B6-49BC-B546-4EEEEA3A2905}.Release|x86.ActiveCfg = Release|Win32
		{79DBE962-B1B6-49BC-B546-4EEEEA3A2905}.Release|x86.Build.0 = Release|Win32
		{730157BB-2FAC-4458-9BAB-EBE570C8FF01}.Debug|x64.ActiveCfg = Debug|x64
		{730157BB-2FAC-4458-9BAB-EBE570C8FF01}.Debug|x64.Build.0 = Debug|x64
		{730157BB-2FAC-4458-9BAB-EBE570C8FF01}.Debug|x86.ActiveCfg = Debug|Win32
		{730157BB-2FAC-4458-9BAB-EBE570C8FF01}.Debug|x86.Build.0 = Debug|Win32
		{730157BB-2FAC-4458-9BAB-EBE570C8FF01}.Release|x64.ActiveCfg = Release|x64
		{730157BB-2FAC-4458-9BAB-EBE570C8FF01}.Release|x64.Build.0 = Release|x64
		{730157BB-2FAC-4458-9BAB-EBE570C8FF01}.Release|x86.ActiveCfg = Release|Win32
		{730157BB-2FAC-4458-9BAB-EBE570C8FF01}.Release|x86.Build.0 = Release|Win32
		{CACD693D-639D-4F7C-A109-4AC7B22BE4C7}.Debug|x64.ActiveCfg = Debug|x64
		{CACD693D-639D-4F7C-A109-4AC7B22BE4C7}.Debug|x64.Build.0 = Debug|x64
		{CACD693D-639D-4F7C-A109-4AC7B22BE4C7}.Debug|x86.ActiveCfg = Debug|Win32
		{CACD693D-639D-4F7C-A109-4AC7B22BE4C7}.Debug|x86.Build.0 = Debug|Win32
		{CACD693D-639D-4F7C-A109-4AC7B22BE4C7}.Release|x64.ActiveCfg = Release|x64
		{CACD693D-639D-4F7C-A109-4AC7B22BE4C7}.Release|x64.Build.0 = Release|x64
		{CACD693D-639D-4F7C-A109-4AC7B22BE4C7}.Release|x86.ActiveCfg = Release|Win32
		{CACD693D-639D-4F7C-A109-4AC7B22BE4C7}.Release|x86.Build.0 = Release|Win32
		{79B739AB-01EA-495B-90FD-0CA38B8FFB4D}.Debug|x64.ActiveCfg = Debug|x64
		{79B739AB-01EA-495B-90FD-0CA38B8FFB4D}.Debug|x64.Build.0 = Debug|x64
		{79B739AB-01EA-495B-90FD-0CA38B8FFB4D}.Debug|x86.ActiveCfg = Debug|Win32
		{79B739AB-01EA-495B-90FD-0CA38B8FFB4D}.Debug|x86.Build.0 = Debug|Win32
		{79B739AB-01EA-495B-90FD-0CA38B8FFB4D}.Release|x64.ActiveCfg = Release|x64
		{79B739AB-01EA-495B-90FD-0CA38B8FFB4D}.Release|x64.Build.0 = Release|x64
		{79B739AB-01EA-495B-90FD-0CA38B8FFB4D}.Release|x86.ActiveCfg = Release|Win32
		{79B739AB-01EA-495B-90FD-0CA38B8FFB4D}.Release|x86.Build.0 = Release|Win32
		{82F50BBF-A9AC-44CA-8456-BC922E268263}.Debug|x64.ActiveCfg = Debug|x64
		{82F50BBF-A9AC-44CA-8456-BC922E268263}.Debug|x64.Build.0 = Debug|x64
		{82F50BBF-A9AC-44CA-8456-BC922E268263}.Debug|x86.ActiveCfg = Debug|Win32
		{82F50BBF-A9AC-44CA-8456-BC922E268263}.Debug|x86.Build.0 = Debug|Win32
		{82F50BBF-A9AC-44CA-8456-BC922E268263}.Release|x64.ActiveCfg = Release|x64
		{82F50BBF-A9AC-44CA-8456-BC922E268263}.Release|x64.Build.0 = Release|x64
		{82F50BBF-A9AC-44CA-8456-BC922E268263}.Release|x86.ActiveCfg = Release|Win32
		{82F50BBF-A9AC-44CA-8456-BC922E268263}.Release|x86.Build.0 = Release|Win32
		{524A0601-8BFD-48B3-BBC0-717003ED4C1A}.Debug|x64.ActiveCfg = Debug|x64
		{524A0601-8BFD-48B3-BBC0-717003ED4C1A}.Debug|x64.Build.0 = Debug|x64
		{524A0601-8BFD-48B3-BBC0-717003ED4C1A}.Debug|x86.ActiveCfg = Debug|Win32
		{524A0601-8BFD-48B3-BBC0-717003ED4C1A}.Debug|x86.Build.0 = Debug|Win32
		{524A0601-8BFD-48B3-BBC0-717003ED4C1A}.Release|x64.ActiveCfg = Release|x64
		{524A0601-8BFD-48B3-BBC0-717003ED4C1A}.Release|x64.Build.0 = Release|x64
		{524A0601-8BFD-48B3-BBC0-717003ED4C1A}.Release|x86.ActiveCfg = Release|Win32
		{524A0601-8BFD-48B3-BBC0-717003ED4C1A}.Release|x86.Build.0 = Release|Win32
		{38D451D4-1A44-4C04-99CD-4CAFD91CB7F9}.Debug|x64.ActiveCfg = Debug|x64
		{38D451D4-1A44-4C04-99CD-4CAFD91CB7F9}.Debug|x64.Build.0 = Debug|x64
		{38D451D4-1A44-4C04-99CD-4CAFD91CB7F9}.Debug|x86.ActiveCfg = Debug|Win32
		{38D451D4-1A44-4C04-99CD-4CAFD91CB7F9}.Debug|x86.Build.0 = Debug|Win32
		{38D451D4-1A44-4C04-99CD-4CAFD91CB7F9}.Release|x64.ActiveCfg = Release|x64
		{38D451D4-1A44-4C04-99CD-4CAFD91CB7F9}.Release|x64.Build.0 = Release|x64
		{38D451D4-1A44-4C04-99CD-4CAFD91CB7F9}.Release|x86.ActiveCfg = Release|Win32
		{38D451D4-1A44-4C04-99CD-4CAFD91CB7F9}.Release|x86.Build.0 = Release|Win32
		{93C9E56F-BA2F-46EF-951F-42305F1D4DDA}.Debug|x64.ActiveCfg = Debug|x64
		{93C9E56F-BA2F-46EF-951F-42305F1D4DDA}.Debug|x64.Build.0 = Debug|x64
		{93C9E56F-BA2F-46EF-951F-42305F1D4DDA}.Debug|x86.ActiveCfg = Debug|Win32
		{93C9E56F-BA2F-46EF-951F-42305F1D4DDA}.Debug|x86.Build.0 = Debug|Win32
		{93C9E56F-BA2F-46EF-951F-42305F1D4DDA}.Release|x64.ActiveCfg = Release|x64
		{93C9E56F-BA2F-46EF-951F-42305F1D4DDA}.Release|x64.Build.0 = Release|x64
		{93C9E56F-BA2F-46EF-951F-42305F1D4DDA}.Release|x86.ActiveCfg = Release|Win32
		{93C9E56F-BA2F-46EF-951F-42305F1D4DDA}.Release|x86.Build.0 = Release|Win32
		{A690CEF9-C905-42E3-868D-90CCB12CC9D7}.Debug|x64.ActiveCfg = Debug|x64
		{A690CEF9-C905-42E3-868D-90CCB12CC9D7}.Debug|x64.Build.0 = Debug|x64
		{A690CEF9-C905-42E3-868D-90CCB12CC9D7}.Debug|x86.ActiveCfg = Debug|Win32
		{A690CEF9-C905-42E3-868D-90CCB12CC9D7}.Debug|x86.Build.0 = Debug|Win32
		{A690CEF9-C905-42E3-868D-90CCB12CC9D7}.Release|x64.ActiveCfg = Release|x64
		{A690CEF9-C905-42E3-868D-90CCB12CC9D7}.Release|x64.Build.0 = Release|x64
		{A690CEF9-C905-42E3-868D-90CCB12CC9D7}.Release|x86.ActiveCfg = Release|Win32
		{A690CEF9-C905-42E3-868D-90CCB12CC9D7}.Release|x86.Build.0 = Release|Win32
		{648D12DF-9A9A-406B-882E-BDB456D0A6CD}.Debug|x64.ActiveCfg = Debug|x64
		{648D12DF-9A9A-406B-882E-BDB456D0A6CD}.Debug|x64.Build.0 = Debug|x64
		{648D12DF-9A9A-406B-882E-BDB456D0A6CD}.Debug|x86.ActiveCfg = Debug|Win32
		{648D12DF-9A9A-406B-882E-BDB456D0A6CD}.Debug|x86.Build.0 = Debug|Win32
		{648D12DF-9A9A-406B-882E-BDB456D0A6CD}.Release|x64.ActiveCfg = Release|x64
		{648D12DF-9A9A-406B-882E-BDB456D0A6CD}.Release|x64.Build.0 = Release|x64
		{648D12DF-9A9A-406B-882E-BDB456D0A6CD}.Release|x86.ActiveCfg = Release|Win32
		{648D12DF-9A9A-406B-882E-BDB456D0A6CD}.Release|x86.Build.0 = Release|Win32
		{842AC20D-E57E-4378-BE45-DF448E5DD450}.Debug|x64.ActiveCfg = Debug|x64
		{842AC20D-E57E-4378-BE45-DF448E5DD450}.Debug|x64.Build.0 = Debug|x64
		{842AC20D-E57E-4378-BE45-DF448E5DD450}.Debug|x86.ActiveCfg = Debug|Win32
		{842AC20D-E57E-4378-BE45-DF448E5DD450}.Debug|x86.Build.0 = Debug|Win32
		{842AC20D-E57E-4378-BE45-DF448E5DD450}.Release|x64.ActiveCfg = Release|x64
		{842AC20D-E57E-4378-BE45-DF448E5DD450}.Release|x64.Build.0 = Release|x64
		{842AC20D-E57E-4378-BE45-DF448E5DD450}.Release|x86.ActiveCfg = Release|Win32
		{842AC20D-E57E-4378-BE45-DF448E5DD450}.Release|x86.Build.0 = Release|Win32
		{0FCE93F0-3EAB-4FD4-B85F-ABC9638FB5DD}.Debug|x64.ActiveCfg = Debug|x64
		{0FCE93F0-3EAB-4FD4-B85F-ABC9638FB5DD}.Debug|x64.Build.0 = Debug|x64
		{0FCE93F0-3EAB-4FD4-B85F-ABC9638FB5DD}.Debug|x86.ActiveCfg = Debug|Win32
		{0FCE93F0-3EAB-4FD4-B85F-ABC9638FB5DD}.Debug|x86.Build.0 = Debug|Win32
		{0FCE93F0-3EAB-4FD4-B85F-ABC9638FB5DD}.Release|x64.ActiveCfg = Release|x64
		{0FCE93F0-3EAB-4FD4-B85F-ABC9638FB5DD}.Release|x64.Build.0 = Release|x64
		{0FCE93F0-3EAB-4FD4-B85F-ABC9638FB5DD}.Release|x86.ActiveCfg = Release|Win32
		{0FCE93F0-3EAB-4FD4-B85F-ABC9638FB5DD}.Release|x86.Build.0 = Release|Win32
		{27AE58D6-9794-4259-A7B6-F35AC7AA9159}.Debug|x64.ActiveCfg = Debug|x64
		{27AE58D6-9794-4259-A7B6-F35AC7AA9159}.Debug|x64.Build.0 = Debug|x64
		{27AE58D6-9794-4259-A7B6-F35AC7AA9159}.Debug|x86.ActiveCfg = Debug|Win32
		{27AE58D6-9794-4259-A7B6-F35AC7AA9159}.Debug|x86.Build.0 = Debug|Win32
		{27AE58D6-9794-4259-A7B6-F35AC7AA9159}.Release|x64.ActiveCfg = Release|x64
		{27AE58D6-9794-4259-A7B6-F35AC7AA9159}.Release|x64.Build.0 = Release|x64
		{27AE58D6-9794-4259-A7B6-F35AC7AA9159}.Release|x86.ActiveCfg = Release|Win32
		{27AE58D6-9794-4259-A7B6-F35AC7AA9159}.Release|x86.Build.0 = Release|Win32
		{95638278-EE47-461D-8C44-251C6DC5349D}.Debug|x64.ActiveCfg = Debug|x64
		{95638278-EE47-461D-8C44-251C6DC5349D}.Debug|x64.Build.0 = Debug|x64
		{95638278-EE47-461D-8C44-251C6DC5349D}.Debug|x86.ActiveCfg = Debug|Win32
		{95638278-EE47-461D-8C44-251C6DC5349D}.Debug|x86.Build.0 = Debug|Win32
		{95638278-EE47-461D-8C44-251C6DC5349D}.Release|x64.ActiveCfg = Release|x64
		{95638278-EE47-461D-8C44-251C6DC5349D}.Release|x64.Build.0 = Release|x64
		{95638278-EE47-461D-8C44-251C6DC5349D}.Release|x86.ActiveCfg = Release|Win32
		{95638278-EE47-461D-8C44-251C6DC5349D}.Release|x86.Build.0 = Release|Win32
		{D7DDB13F-0FDE-4BAF-9294-2808A5379D04}.Debug|x64.ActiveCfg = Debug|x64
		{D7DDB13F-0FDE-4BAF-9294-2808A5379D04}.Debug|x64.Build.0 = Debug|x64
		{D7DDB13F-0FDE-4BAF-9294-2808A5379D04}.Debug|x86.ActiveCfg = Debug|Win32
		{D7DDB13F-0FDE-4BAF-9294-2808A5379D04}.Debug|x86.Build.0 = Debug|Win32
		{D7DDB13F-0FDE-4BAF-9294-2808A5379D04}.Release|x64.ActiveCfg = Release|x64
		{D7DDB13F-0FDE-4BAF-9294-2808A5379D04}.Release|x64.Build.0 = Release|x64
		{D7DDB13F-0FDE-4BAF-9294-2808A5379D04}.Release|x86.ActiveCfg = Release|Win32
		{D7DDB13F-0FDE-4BAF-9294-2808A5379D04}.Release|x86.Build.0 = Release|Win32
		{F8601D22-EF56-4152-B577-7718A6D33419}.Debug|x64.ActiveCfg = Debug|x64
		{F8601D22-EF56-4152-B577-7718A6D33419}.Debug|x64.Build.0 = Debug|x64
		{F8601D22-EF56-4152-B577-7718A6D33419}.Debug|x86.ActiveCfg = Debug|Win32
		{F8601D22-EF56-4152-B577-7718A6D33419}.Debug|x86.Build.0 = Debug|Win32
		{F8601D22-EF56-4152-B577-7718A6D33419}.Release|x64.ActiveCfg = Release|x64
		{F8601D22-EF56-4152-B577-7718A6D33419}.Release|x64.Build.0 = Release|x64
		{F8601D22-EF56-4152-B577-7718A6D33419}.Release|x86.ActiveCfg = Release|Win32
		{F8601D22-EF56-4152-B577-7718A6D33419}.Release|x86.Build.0 = Release|Win32
		{08F67866-85EF-4B67-9E65-911210A4B022}.Debug|x64.ActiveCfg = Debug|x64
		{08F67866-85EF-4B67-9E65-911210A4B022}.Debug|x64.Build.0 = Debug|x64
		{08F67866-85EF-4B67-9E65-911210A4B022}.Debug|x86.ActiveCfg = Debug|Win32
		{08F67866-85EF-4B67-9E65-911210A4B022}.Debug|x86.Build.0 = Debug|Win32
		{08F67866-85EF-4B67-9E65-911210A4B022}.Release|x64.ActiveCfg = Release|x64
		{08F67866-85EF-4B67-9E65-911210A4B022}.Release|x64.Build.0 = Release|x64
		{08F67866-85EF-4B67-9E65-911210A4B022}.Release|x86.ActiveCfg = Release|Win32
		{08F67866-85EF-4B67-9E65-911210A4B022}.Release|x86.Build.0 = Release|Win32
		{E5893BE2-C68E-46C3-A4AB-FA5EE9B6A54D}.Debug|x64.ActiveCfg = Debug|x64
		{E5893BE2-C68E-46C3-A4AB-FA5EE9B6A54D}.Debug|x64.Build.0 = Debug|x64
		{E5893BE2-C68E-46C3-A4AB-FA5EE9B6A54D}.Debug|x86.ActiveCfg = Debug|Win32
		{E5893BE2-C68E-46C3-A4AB-FA5EE9B6A54D}.Debug|x86.Build.0 = Debug|Win32
		{E5893BE2-C68E-46C3-A4AB-FA5EE9B6A54D}.Release|x64.ActiveCfg = Release|x64
		{E5893BE2-C68E-46C3-A4AB-FA5EE9B6A54D}.Release|x64.Build.0 = Release|x64
		{E5893BE2-C68E-46C3-A4AB-FA5EE9B6A54D}.Release|x86.ActiveCfg = Release|Win32
		{E5893BE2-C68E-46C3-A4AB-FA5EE9B6A54D}.Release|x86.Build.0 = Release|Win32
		{15C9D3E3-C9B1-468B-9B05-C47923FE7FC4}.Debug|x64.ActiveCfg = Debug|x64
		{15C9D3E3-C9B1-468B-9B05-C47923FE7FC4}.Debug|x64.Build.0 = Debug|x64
		{15C9D3E3-C9B1-468B-9B05-C47923FE7FC4}.Debug|x86.ActiveCfg = Debug|Win32
		{15C9D3E3-C9B1-468B-9B05-C47923FE7FC4}.Debug|x86.Build.0 = Debug|Win32
		{15C9D3E3-C9B1-468B-9B05-C47923FE7FC4}.Release|x64.ActiveCfg = Release|x64
		{15C9D3E3-C9B1-468B-9B05-C47923FE7FC4}.Release|x64.Build.0 = Release|x64
		{15C9D3E3-C9B1-468B-9B05-C47923FE7FC4}.Release|x86.ActiveCfg = Release|Win32
		{15C9D3E3-C9B1-468B-9B05-C47923FE7FC4}.Release|x86.Build.0 = Release|Win32
		{E72C7A0C-2CBA-474F-BCBA-84A203E6A222}.Debug|x64.ActiveCfg = Debug|x64
		{E72C7A0C-2CBA-474F-BCBA-84A203E6A222}.Debug|x64.Build.0 = Debug|x64
		{E72C7A0C-2CBA-474F-BCBA-84A203E6A222}.Debug|x86.ActiveCfg = Debug|Win32
		{E72C7A0C-2CBA-474F-BCBA-84A203E6A222}.Debug|x86.Build.0 = Debug|Win32
		{E72C7A0C-2CBA-474F-BCBA-84A203E6A222}.Release|x64.ActiveCfg = Release|x64
		{E72C7A0C-2CBA-474F-BCBA-84A203E6A222}.Release|x64.Build.0 = Release|x64
		{E72C7A0C-2CBA-474F-BCBA-84A203E6A222}.Release|x86.ActiveCfg = Release|Win32
		{E72C7A0C-2CBA-474F-BCBA-84A203E6A222}.Release|x86.Build.0 = Release|Win32
		{9ADBDF4B-D750-42E3-9144-EAB110F6274B}.Debug|x64.ActiveCfg = Debug|x64
		{9ADBDF4B-D750-42E3-9144-EAB110F6274B}.Debug|x64.Build.0 = Debug|x64
		{9ADBDF4B-D750-42E3-9144-EAB110F6274B}.Debug|x86.ActiveCfg = Debug|Win32
		{9ADBDF4B-D750-42E3-9144-EAB110F6274B}.Debug|x86.Build.0 = Debug|Win32
		{9ADBDF4B-D750-42E3-9144-EAB110F6274B}.Release|x64.ActiveCfg = Release|x64
		{9ADBDF4B-D750-42E3-9144-EAB110F6274B}.Release|x64.Build.0 = Release|x64
		{9ADBDF4B-D750-42E3-9144-EAB110F6274B}.Release|x86.ActiveCfg = Release|Win32
		{9ADBDF4B-D750-42E3-9144-EAB110F6274B}.Release|x86.Build.0 = Release|Win32
		{53DC49F9-E0FF-47EF-BC0F-94DB0DC853D0}.Debug|x64.ActiveCfg = Debug|x64
		{53DC49F9-E0FF-47EF-BC0F-94DB0DC853D0}.Debug|x64.Build.0 = Debug|x64
		{53DC49F9-E0FF-47EF-BC0F-94DB0DC853D0}.Debug|x86.ActiveCfg = Debug|Win32
		{53DC49F9-E0FF-47EF-BC0F-94DB0DC853D0}.Debug|x86.Build.0 = Debug|Win32
		{53DC49F9-E0FF-47EF-BC0F-94DB0DC853D0}.Release|x64.ActiveCfg = Release|x64
		{53DC49F9-E0FF-47EF-BC0F-94DB0DC853D0}.Release|x64.Build.0 = Release|x64
		{53DC49F9-E0FF-47EF-BC0F-94DB0DC853D0}.Release|x86.ActiveCfg = Release|Win32
		{53DC49F9-E0FF-47EF-BC0F-94DB0DC853D0}.Release|x86.Build.0 = Release|Win32
		{D8694AF3-CD90-45F7-831F-EF3D31F7FCF4}.Debug|x64.ActiveCfg = Debug|x64
		{D8694AF3-CD90-45F7-831F-EF3D31F7FCF4}.Debug|x64.Build.0 = Debug|x64
		{D8694AF3-CD90-45F7-831F-EF3D31F7FCF4}.Debug|x86.ActiveCfg = Debug|Win32
		{D8694AF3-CD90-45F7-831F-EF3D31F7FCF4}.Debug|x86.Build.0 = Debug|Win32
		{D8694AF3-CD90-45F7-831F-EF3D31F7FCF4}.Release|x64.ActiveCfg = Release|x64
		{D8694AF3-CD90-45F7-831F-EF3D31F7FCF4}.Release|x64.Build.0 = Release|x64
		{D8694AF3-CD90-45F7-831F-EF3D31F7FCF4}.Release|x86.ActiveCfg = Release|Win32
		{D8694AF3-CD90-45F7-831F-EF3D31F7FCF4}.Release|x86.Build.0 = Release|Win32
		{715DF26D-BE8B-4FA2-A923-2EB5BDDED028}.Debug|x64.ActiveCfg = Debug|x64
		{715DF26D-BE8B-4FA2-A923-2EB5BDDED028}.Debug|x64.Build.0 = Debug|x64
		{715DF26D-BE8B-4FA2-A923-2EB5BDDED028}.Debug|x86.ActiveCfg = Debug|Win32
		{715DF26D-BE8B-4FA2-A923-2EB5BDDED028}.Debug|x86.Build.0 = Debug|Win32
		{715DF26D-BE8B-4FA2-A923-2EB5BDDED028}.Release|x64.ActiveCfg = Release|x64
		{715DF26D-BE8B-4FA2-A923-2EB5BDDED028}.Release|x64.Build.0 = Release|x64
		{715DF26D-BE8B-4FA2-A923-2EB5BDDED028}.Release|x86.ActiveCfg = Release|Win32
		{715DF26D-BE8B-4FA2-A923-2EB5BDDED028}.Release|x86.Build.0 = Release|Win32
		{39712AC3-D4A9-420C-9E40-A14C9C2FC83C}.Debug|x64.ActiveCfg = Debug|x64
		{39712AC3-D4A9-420C-9E40-A14C9C2FC83C}.Debug|x64.Build.0 = Debug|x64
		{39712AC3-D4A9-420C-9E40-A14C9C2FC83C}.Debug|x86.ActiveCfg = Debug|Win32
		{39712AC3-D4A9-420C-9E40-A14C9C2FC83C}.Debug|x86.Build.0 = Debug|Win32
		{39712AC3-D4A9-420C-9E40-A14C9C2FC83C}.Release|x64.ActiveCfg = Release|x64
		{39712AC3-D4A9-420C-9E40-A14C9C2FC83C}.Release|x64.Build.0 = Release|x64
		{39712AC3-D4A9-420C-9E40-A14C9C2FC83C}.Release|x86.ActiveCfg = Release|Win32
		{39712AC3-D4A9-420C-9E40-A14C9C2FC83C}.Release|x86.Build.0 = Release|Win32
		{7E9F6FE8-322B-4754-B9BD-8E83FE32797F}.Debug|x64.ActiveCfg = Debug|x64
		{7E9F6FE8-322B-4754-B9BD-8E83FE32797F}.Debug|x64.Build.0 = Debug|x64
		{7E9F6FE8-322B-4754-B9BD-8E83FE32797F}.Debug|x86.ActiveCfg = Debug|Win32
		{7E9F6FE8-322B-4754-B9BD-8E83FE32797F}.Debug|x86.Build.0 = Debug|Win32
		{7E9F6FE8-322B-4754-B9BD-8E83FE32797F}.Release|x64.ActiveCfg = Release|x64
		{7E9F6FE8-322B-4754-B9BD-8E83FE32797F}.Release|x64.Build.0 = Release|x64
		{7E9F6FE8-322B-4754-B9BD-8E83FE32797F}.Release|x86.ActiveCfg = Release|Win32
		{7E9F6FE8-322B-4754-B9BD-8E83FE32797F}.Release|x86.Build.0 = Release|Win32
		{84FD6862-DE32-4D4E-A93C-FFE6664296A2}.Debug|x64.ActiveCfg = Debug|x64
		{84FD6862-DE32-4D4E-A93C-FFE6664296A2}.Debug|x64.Build.0 = Debug|x64
		{84FD6862-DE32-4D4E-A93C-FFE6664296A2}.Debug|x86.ActiveCfg = Debug|Win32
		{84FD6862-DE32-4D4E-A93C-FFE6664296A2}.Debug|x86.Build.0 = Debug|Win32
		{84FD6862-DE32-4D4E-A93C-FFE6664296A2}.Release|x64.ActiveCfg = Release|x64
		{84FD6862-DE32-4D4E-A93C-FFE6664296A2}.Release|x64.Build.0 = Release|x64
		{84FD6862-DE32-4D4E-A93C-FFE6664296A2}.Release|x86.ActiveCfg = Release|Win32
		{84FD6862-DE32-4D4E-A93C-FFE6664296A2}.Release|x86.Build.0 = Release|Win32
		{9BE495E5-C0C6-4206-BFCC-3297B32CDBF9}.Debug|x64.ActiveCfg = Debug|x64
		{9BE495E5-C0C6-4206-BFCC-3297B32CDBF9}.Debug|x64.Build.0 = Debug|x64
		{9BE495E5-C0C6-4206-BFCC-3297B32CDBF9}.Debug|x86.ActiveCfg = Debug|Win32
		{9BE495E5-C0C6-4206-BFCC-3297B32CDBF9}.Debug|x86.Build.0 = Debug|Win32
		{9BE495E5-C0C6-4206-BFCC-3297B32CDBF9}.Release|x64.ActiveCfg = Release|x64
		{9BE495E5-C0C6-4206-BFCC-3297B32CDBF9}.Release|x64.Build.0 = Release|x64
		{9BE495E5-C0C6-4206-BFCC-3297B32CDBF9}.Release|x86.ActiveCfg = Release|Win32
		{9BE495E5-C0C6-4206-BFCC-3297B32CDBF9}.Release|x86.Build.0 = Release|Win32
		{84442EAB-6EE6-4028-AA8C-03397D8B18AB}.Debug|x64.ActiveCfg = Debug|x64
		{84442EAB-6EE6-4028-AA8C-03397D8B18AB}.Debug|x64.Build.0 = Debug|x64
		{84442EAB-6EE6-4028-AA8C-03397D8B18AB}.Debug|x86.ActiveCfg = Debug|Win32
		{84442EAB-6EE6-4028-AA8C-03397D8B18AB}.Debug|x86.Build.0 = Debug|Win32
		{84442EAB-6EE6-4028-AA8C-03397D8B18AB}.Release|x64.ActiveCfg = Release|x64
		{84442EAB-6EE6-4028-AA8C-03397D8B18AB}.Release|x64.Build.0 = Release|x64
		{84442EAB-6EE6-4028-AA8C-03397D8B18AB}.Release|x86.ActiveCfg = Release|Win32
		{84442EAB-6EE6-4028-AA8C-03397D8B18AB}.Release|x86.Build.0 = Release|Win32
		{B30BB113-C610-4259-8EB8-AD971C9232C2}.Debug|x64.ActiveCfg = Debug|x64
		{B30BB113-C610-4259-8EB8-AD971C9232C2}.Debug|x64.Build.0 = Debug|x64
		{B30BB113-C610-4259-8EB8-AD971C9232C2}.Debug|x86.ActiveCfg = Debug|Win32
		{B30BB113-C610-4259-8EB8-AD971C9232C2}.Debug|x86.Build.0 = Debug|Win32
		{B30BB113-C610-4259-8EB8-AD971C9232C2}.Release|x64.ActiveCfg = Release|x64
		{B30BB113-C610-4259-8EB8-AD971C9232C2}.Release|x64.Build.0 = Release|x64
		{B30BB113-C610-4259-8EB8-AD971C9232C2}.Release|x86.ActiveCfg = Release|Win32
		{B30BB113-C610-4259-8EB8-AD971C9232C2}.Release|x86.Build.0 = Release|Win32
		{2E57D0ED-5F84-463E-93D4-E902965ECC48}.Debug|x64.ActiveCfg = Debug|x64
		{2E57D0ED-5F84-463E-93D4-E902965ECC48}.Debug|x64.Build.0 = Debug|x64
		{2E57D0ED-5F84-463E-93D4-E902965ECC48}.Debug|x86.ActiveCfg = Debug|Win32
		{2E57D0ED-5F84-463E-93D4-E902965ECC48}.Debug|x86.Build.0 = Debug|Win32
		{2E57D0ED-5F84-463E-93D4-E902965ECC48}.Release|x64.ActiveCfg = Release|x64
		{2E57D0ED-5F84-463E-93D4-E902965ECC48}.Release|x64.Build.0 = Release|x64
		{2E57D0ED-5F84-463E-93D4-E902965ECC48}.Release|x86.ActiveCfg = Release|Win32
		{2E57D0ED-5F84-463E-93D4-E902965ECC48}.Release|x86.Build.0 = Release|Win32
		{45CBC6E2-C8F2-45BC-B107-E78816ADF58D}.Debug|x64.ActiveCfg = Debug|x64
		{45CBC6E2-C8F2-45BC-B107-E78816ADF58D}.Debug|x64.Build.0 = Debug|x64
		{45CBC6E2-C8F2-45BC-B107-E78816ADF58D}.Debug|x86.ActiveCfg = Debug|Win32
		{45CBC6E2-C8F2-45BC-B107-E78816ADF58D}.Debug|x86.Build.0 = Debug|Win32
		{45CBC6E2-C8F2-45BC-B107-E78816ADF58D}.Release|x64.ActiveCfg = Release|x64
		{45CBC6E2-C8F2-45BC-B107-E78816ADF58D}.Release|x64.Build.0 = Release|x64
		{45CBC6E2-C8F2-45BC-B107-E78816ADF58D}.Release|x86.ActiveCfg = Release|Win32
		{45CBC6E2-C8F2-45BC-B107-E78816ADF58D}.Release|x86.Build.0 = Release|Win32
		{9BE58CA4-67E4-4AAD-B4EF-1E939F021D33}.Debug|x64.ActiveCfg = Debug|x64
		{9BE58CA4-67E4-4AAD-B4EF-1E939F021D33}.Debug|x64.Build.0 = Debug|x64
		{9BE58CA4-67E4-4AAD-B4EF-1E939F021D33}.Debug|x86.ActiveCfg = Debug|Win32
		{9BE58CA4-67E4-4AAD-B4EF-1E939F021D33}.Debug|x86.Build.0 = Debug|Win32
		{9BE58CA4-67E4-4AAD-B4EF-1E939F021D33}.Release|x64.ActiveCfg = Release|x64
		{9BE58CA4-67E4-4AAD-B4EF-1E939F021D33}.Release|x64.Build.0 = Release|x64
		{9BE58CA4-67E4-4AAD-B4EF-1E939F021D33}.Release|x86.ActiveCfg = Release|Win32
		{9BE58CA4-67E4-4AAD-B4EF-1E939F021D33}.Release|x86.Build.0 = Release|Win32
		{07C21579-CDB9-4E40-B866-33A95EB289BF}.Debug|x64.ActiveCfg = Debug|x64
		{07C21579-CDB9-4E40-B866-33A95EB289BF}.Debug|x64.Build.0 = Debug|x64
		{07C21579-CDB9-4E40-B866-33A95EB289BF}.Debug|x86.ActiveCfg = Debug|Win32
		{07C21579-CDB9-4E40-B866-33A95EB289BF}.Debug|x86.Build.0 = Debug|Win32
		{07C21579-CDB9-4E40-B866-33A95EB289BF}.Release|x64.ActiveCfg = Release|x64
		{07C21579-CDB9-4E40-B866-33A95EB289BF}.Release|x64.Build.0 = Release|x64
		{07C21579-CDB9-4E40-B866-33A95EB289BF}.Release|x86.ActiveCfg = Release|Win32
		{07C21579-CDB9-4E40-B866-33A95EB289BF}.Release|x86.Build.0 = Release|Win32
		{F382E9E2-C159-49DF-845A-3D706BEA33C7}.Debug|x64.ActiveCfg = Debug|x64
		{F382E9E2-C159-49DF-845A-3D706BEA33C7}.Debug|x64.Build.0 = Debug|x64
		{F382E9E2-C159-49DF-845A-3D706BEA33C7}.Debug|x86.ActiveCfg = Debug|Win32
		{F382E9E2-C159-49DF-845A-3D706BEA33C7}.Debug|x86.Build.0 = Debug|Win32
		{F382E9E2-C159-49DF-845A-3D706BEA33C7}.Release|x64.ActiveCfg = Release|x64
		{F382E9E2-C159-49DF-845A-3D706BEA33C7}.Release|x64.Build.0 = Release|x64
		{F382E9E2-C159-49DF-845A-3D706BEA33C7}.Release|x86.ActiveCfg = Release|Win32
		{F382E9E2-C159-49DF-845A-3D706BEA33C7}.Release|x86.Build.0 = Release|Win32
		{3B6AA616-47C8-4346-B378-E7FCD0A1CB25}.Debug|x64.ActiveCfg = Debug|x64
		{3B6AA616-47C8-4346-B378-E7FCD0A1CB25}.Debug|x64.Build.0 = Debug|x64
		{3B6AA616-47C8-4346-B378-E7FCD0A1CB25}.Debug|x86.ActiveCfg = Debug|Win32
		{3B6AA616-47C8-4346-B378-E7FCD0A1CB25}.Debug|x86.Build.0 = Debug|Win32
		{3B6AA616-47C8-4346-B378-E7FCD0A1CB25}.Release|x64.ActiveCfg = Release|x64
		{3B6AA616-47C8-4346-B378-E7FCD0A1CB25}.Release|x64.Build.0 = Release|x64
		{3B6AA616-47C8-4346-B378-E7FCD0A1CB25}.Release|x86.ActiveCfg = Release|Win32
		{3B6AA616-47C8-4346-B378-E7FCD0A1CB25}.Release|x86.Build.0 = Release|Win32
		{23F1F9CD-96DF-4745-8F16-0FE61FE85C7B}.Debug|x64.ActiveCfg = Debug|x64
		{23F1F9CD-96DF-4745-8F16-0FE61FE85C7B}.Debug|x64.Build.0 = Debug|x64
		{23F1F9CD-96DF-4745-8F16-0FE61FE85C7B}.Debug|x86.ActiveCfg = Debug|Win32
		{23F1F9CD-96DF-4745-8F16-0FE61FE85C7B}.Debug|x86.Build.0 = Debug|Win32
		{23F1F9CD-96DF-4745-8F16-0FE61FE85C7B}.Release|x64.ActiveCfg = Release|x64
		{23F1F9CD-96DF-4745-8F16-0FE61FE85C7B}.Release|x64.Build.0 = Release|x64
		{23F1F9CD-96DF-4745-8F16-0FE61FE85C7B}.Release|x86.ActiveCfg = Release|Win32
		{23F1F9CD-96DF-4745-8F16-0FE61FE85C7B}.Release|x86.Build.0 = Release|Win32
		{52F578DA-5D4E-4879-9511-66C54102171E}.Debug|x64.ActiveCfg = Debug|x64
		{52F578DA-5D4E-4879-9511-66C54102171E}.Debug|x64.Build.0 = Debug|x64
		{52F578DA-5D4E-4879-9511-66C54102171E}.Debug|x86.ActiveCfg = Debug|Win32
		{52F578DA-5D4E-4879-9511-66C54102171E}.Debug|x86.Build.0 = Debug|Win32
		{52F578DA-5D4E-4879-9511-66C54102171E}.Release|x64.ActiveCfg = Release|x64
		{52F578DA-5D4E-4879-9511-66C54102171E}.Release|x64.Build.0 = Release|x64
		{52F578DA-5D4E-4879-9511-66C54102171E}.Release|x86.ActiveCfg = Release|Win32
		{52F578DA-5D4E-4879-9511-66C54102171E}.Release|x86.Build.0 = Release|Win32
		{7C770882-D8EA-4461-9F0C-8674C99C5F97}.Debug|x64.ActiveCfg = Debug|x64
		{7C770882-D8EA-4461-9F0C-8674C99C5F97}.Debug|x64.Build.0 = Debug|x64
		{7C770882-D8EA-4461-9F0C-8674C99C5F97}.Debug|x86.ActiveCfg = Debug|Win32
		{7C770882-D8EA-4461-9F0C-8674C99C5F97}.Debug|x86.Build.0 = Debug|Win32
		{7C770882-D8EA-4461-9F0C-8674C99C5F97}.Release|x64.ActiveCfg = Release|x64
		{7C770882-D8EA-4461-9F0C-8674C99C5F97}.Release|x64.Build.0 = Release|x64
		{7C770882-D8EA-4461-9F0C-8674C99C5F97}.Release|x86.ActiveCfg = Release|Win32
		{7C770882-D8EA-4461-9F0C-8674C99C5F97}.Release|x86.Build.0 = Release|Win32
		{2F500518-855C-43FD-820E-A0A22445DFE3}.Debug|x64.ActiveCfg = Debug|x64
		{2F500518-855C-43FD-820E-A0A22445DFE3}.Debug|x64.Build.0 = Debug|x64
		{2F500518-855C-43FD-820E-A0A22445DFE3}.Debug|x86.ActiveCfg = Debug|Win32
		{2F500518-855C-43FD-820E-A0A22445DFE3}.Debug|x86.Build.0 = Debug|Win32
		{2F500518-855C-43FD-820E-A0A22445DFE3}.Release|x64.ActiveCfg = Release|x64
		{2F500518-855C-43FD-820E-A0A22445DFE3}.Release|x64.Build.0 = Release|x64
		{2F500518-855C-43FD-820E-A0A22445DFE3}.Release|x86.ActiveCfg = Release|Win32
		{2F500518-855C-43FD-820E-A0A22445DFE3}.Release|x86.Build.0 = Release|Win32
		{13C76168-FBAD-4F0A-A8D5-F93B4E8C8FB3}.Debug|x64.ActiveCfg = Debug|x64
		{13C76168-FBAD-4F0A-A8D5-F93B4E8C8FB3}.Debug|x64.Build.0 = Debug|x64
		{13C76168-FBAD-4F0A-A8D5-F93B4E8C8FB3}.Debug|x86.ActiveCfg = Debug|Win32
		{13C76168-FBAD-4F0A-A8D5-F93B4E8C8FB3}.Debug|x86.Build.0 = Debug|Win32
		{13C76168-FBAD-4F0A-A8D5-F93B4E8C8FB3}.Release|x64.ActiveCfg = Release|x64
		{13C76168-FBAD-4F0A-A8D5-F93B4E8C8FB3}.Release|x64.Build.0 = Release|x64
		{13C76168-FBAD-4F0A-A8D5-F93B4E8C8FB3}.Release|x86.ActiveCfg = Release|Win32
		{13C76168-FBAD-4F0A-A8D5-F93B4E8C8FB3}.Release|x86.Build.0 = Release|Win32
		{3DAF15C1-16C5-423C-9D2B-9F9D4406CD37}.Debug|x64.ActiveCfg = Debug|x64
		{3DAF15C1-16C5-423C-9D2B-9F9D4406CD37}.Debug|x64.Build.0 = Debug|x64
		{3DAF15C1-16C5-423C-9D2B-9F9D4406CD37}.Debug|x86.ActiveCfg = Debug|Win32
		{3DAF15C1-16C5-423C-9D2B-9F9D4406CD37}.Debug|x86.Build.0 = Debug|Win32
		{3DAF15C1-16C5-423C-9D2B-9F9D4406CD37}.Release|x64.ActiveCfg = Release|x64
		{3DAF15C1-16C5-423C-9D2B-9F9D4406CD37}.Release|x64.Build.0 = Release|x64
		{3DAF15C1-16C5-423C-9D2B-9F9D4406CD37}.Release|x86.ActiveCfg = Release|Win32
		{3DAF15C1-16C5-423C-9D2B-9F9D4406CD37}.Release|x86.Build.0 = Release|Win32
		{E81227CD-6F7C-4AD5-92A6-21F9B245F2C1}.Debug|x64.ActiveCfg = Debug|x64
		{E81227CD-6F7C-4AD5-92A6-21F9B245F2C1}.Debug|x64.Build.0 = Debug|x64
		{E81227CD-6F7C-4AD5-92A6-21F9B245F2C1}.Debug|x86.ActiveCfg = Debug|Win32
		{E81227CD-6F7C-4AD5-92A6-21F9B245F2C1}.Debug|x86.Build.0 = Debug|Win32
		{E81227CD-6F7C-4AD5-92A6-21F9B245F2C1}.Release|x64.ActiveCfg = Release|x64
		{E81227CD-6F7C-4AD5-92A6-21F9B245F2C1}.Release|x64.Build.0 = Release|x64
		{E81227CD-6F7C-4AD5-92A6-21F9B245F2C1}.Release|x86.ActiveCfg = Release|Win32
		{E81227CD-6F7C-4AD5-92A6-21F9B245F2C1}.Release|x86.Build.0 = Release|Win32
		{73E9E599-A79B-4B92-8BBF-F8B413E7D45E}.Debug|x64.ActiveCfg = Debug|x64
		{73E9E599-A79B-4B92-8BBF-F8B413E7D45E}.Debug|x64.Build.0 = Debug|x64
		{73E9E599-A79B-4B92-8BBF-F8B413E7D45E}.Debug|x86.ActiveCfg = Debug|Win32
		{73E9E599-A79B-4B92-8BBF-F8B413E7D45E}.Debug|x86.Build.0 = Debug|Win32
		{73E9E599-A79B-4B92-8BBF-F8B413E7D45E}.Release|x64.ActiveCfg = Release|x64
		{73E9E599-A79B-4B92-8BBF-F8B413E7D45E}.Release|x64.Build.0 = Release|x64
		{73E9E599-A79B-4B92-8BBF-F8B413E7D45E}.Release|x86.ActiveCfg = Release|Win32
		{73E9E599-A79B-4B92-8BBF-F8B413E7D45E}.Release|x86.Build.0 = Release|Win32
		{E253A424-5C89-4EBC-AFCE-25BDEF830A22}.Debug|x64.ActiveCfg = Debug|x64
		{E253A424-5C89-4EBC-AFCE-25BDEF830A22}.Debug|x64.Build.0 = Debug|x64
		{E253A424-5C89-4EBC-AFCE-25BDEF830A22}.Debug|x86.ActiveCfg = Debug|Win32
		{E253A424-5C89-4EBC-AFCE-25BDEF830A22}.Debug|x86.Build.0 = Debug|Win32
		{E253A424-5C89-4EBC-AFCE-25BDEF830A22}.Release|x64.ActiveCfg = Release|x64
		{E253A424-5C89-4EBC-AFCE-25BDEF830A22}.Release|x64.Build.0 = Release|x64
		{E253A424-5C89-4EBC-AFCE-25BDEF830A22}.Release|x86.ActiveCfg = Release|Win32
		{E253A424-5C89-4EBC-AFCE-25BDEF830A22}.Release|x86.Build.0 = Release|Win32
		{1877BFA1-8466-46A8-B8AF-68A9AEDC477E}.Debug|x64.ActiveCfg = Debug|x64
		{1877BFA1-8466-46A8-B8AF-68A9AEDC477E}.Debug|x64.Build.0 = Debug|x64
		{1877BFA1-8466-46A8-B8AF-68A9AEDC477E}.Debug|x86.ActiveCfg = Debug|Win32
		{1877BFA1-8466-46A8-B8AF-68A9AEDC477E}.Debug|x86.Build.0 = Debug|Win32
		{1877BFA1-8466-46A8-B8AF-68A9AEDC477E}.Release|x64.ActiveCfg = Release|x64
		{1877BFA1-8466-46A8-B8AF-68A9AEDC477E}.Release|x64.Build.0 = Release|x64
		{1877BFA1-8466-46A8-B8AF-68A9AEDC477E}.Release|x86.ActiveCfg = Release|Win32
		{1877BFA1-8466-46A8-B8AF-68A9AEDC477E}.Release|x86.Build.0 = Release|Win32
		{4690840C-EC7C-4075-B017-9DCAD41A87C4}.Debug|x64.ActiveCfg = Debug|x64
		{4690840C-EC7C-4075-B017-9DCAD41A87C4}.Debug|x64.Build.0 = Debug|x64
		{4690840C-EC7C-4075-B017-9DCAD41A87C4}.Debug|x86.ActiveCfg = Debug|Win32
		{4690840C-EC7C-4075-B017-9DCAD41A87C4}.Debug|x86.Build.0 = Debug|Win32
		{4690840C-EC7C-4075-B017-9DCAD41A87C4}.Release|x64.ActiveCfg = Release|x64
		{4690840C-EC7C-4075-B017-9DCAD41A87C4}.Release|x64.Build.0 = Release|x64
		{4690840C-EC7C-4075-B017-9DCAD41A87C4}.Release|x86.ActiveCfg = Release|Win32
		{4690840C-EC7C-4075-B017-9DCAD41A87C4}.Release|x86.Build.0 = Release|Win32
		{DBD0D196-2039-4773-8296-A9AE91F92740}.Debug|x64.ActiveCfg = Debug|x64
		{DBD0D196-2039-4773-8296-A9AE91F92740}.Debug|x64.Build.0 = Debug|x64
		{DBD0D196-2039-4773-8296-A9AE91F92740}.Debug|x86.ActiveCfg = Debug|Win32
		{DBD0D196-2039-4773-8296-A9AE91F92740}.Debug|x86.Build.0 = Debug|Win32
		{DBD0D196-2039-4773-8296-A9AE91F92740}.Release|x64.ActiveCfg = Release|x64
		{DBD0D196-2039-4773-8296-A9AE91F92740}.Release|x64.Build.0 = Release|x64
		{DBD0D196-2039-4773-8296-A9AE91F92740}.Release|x86.ActiveCfg = Release|Win32
		{DBD0D196-2039-4773-8296-A9AE91F92740}.Release|x86.Build.0 = Release|Win32
		{27C5DDDA-9E2E-4668-9DA1-E5E1E6E7C9E9}.Debug|x64.ActiveCfg = Debug|x64
		{27C5DDDA-9E2E-4668-9DA1-E5E1E6E7C9E9}.Debug|x64.Build.0 = Debug|x64
		{27C5DDDA-9E2E-4668-9DA1-E5E1E6E7C9E9}.Debug|x86.ActiveCfg = Debug|Win32
		{27C5DDDA-9E2E-4668-9DA1-E5E1E6E7C9E9}.Debug|x86.Build.0 = Debug|Win32
		{27C5DDDA-9E2E-4668-9DA1-E5E1E6E7C9E9}.Release|x64.ActiveCfg = Release|x64
		{27C5DDDA-9E2E-4668-9DA1-E5E1E6E7C9E9}.Release|x64.Build.0 = Release|x64
		{27C5DDDA-9E2E-4668-9DA1-E5E1E6E7C9E9}.Release|x86.ActiveCfg = Release|Win32
		{27C5DDDA-9E2E-4668-9DA1-E5E1E6E7C9E9}.Release|x86.Build.0 = Release|Win32
		{E78BCF3A-A237-4954-A8AA-2BB4C3B5C8FB}.Debug|x64.ActiveCfg = Debug|x64
		{E78BCF3A-A237-4954-A8AA-2BB4C3B5C8FB}.Debug|x64.Build.0 = Debug|x64
		{E78BCF3A-A237-4954-A8AA-2BB4C3B5C8FB}.Debug|x86.ActiveCfg = Debug|Win32
		{E78BCF3A-A237-4954-A8AA-2BB4C3B5C8FB}.Debug|x86.Build.0 = Debug|Win32
		{E78BCF3A-A237-4954-A8AA-2BB4C3B5C8FB}.Release|x64.ActiveCfg = Release|x64
		{E78BCF3A-A237-4954-A8AA-2BB4C3B5C8FB}.Release|x64.Build.0 = Release|x64
		{E78BCF3A-A237-4954-A8AA-2BB4C3B5C8FB}.Release|x86.ActiveCfg = Release|Win32
		{E78BCF3A-A237-4954-A8AA-2BB4C3B5C8FB}.Release|x86.Build.0 = Release|Win32
		{AD545323-7852-48B1-B3C2-A28ED1F98B6F}.Debug|x64.ActiveCfg = Debug|x64
		{AD545323-7852-48B1-B3C2-A28ED1F98B6F}.Debug|x64.Build.0 = Debug|x64
		{AD545323-7852-48B1-B3C2-A28ED1F98B6F}.Debug|x86.ActiveCfg = Debug|Win32
		{AD545323-7852-48B1-B3C2-A28ED1F98B6F}.Debug|x86.Build.0 = Debug|Win32
		{AD545323-7852-48B1-B3C2-A28ED1F98B6F}.Release|x64.ActiveCfg = Release|x64
		{AD545323-7852-48B1-B3C2-A28ED1F98B6F}.Release|x64.Build.0 = Release|x64
		{AD545323-7852-48B1-B3C2-A28ED1F98B6F}.Release|x86.ActiveCfg = Release|Win32
		{AD545323-7852-48B1-B3C2-A28ED1F98B6F}.Release|x86.Build.0 = Release|Win32
		{5318B1CA-2C9A-4ED4-B6AA-5803ABA6C9A8}.Debug|x64.ActiveCfg = Debug|x64
		{5318B1CA-2C9A-4ED4-B6AA-5803ABA6C9A8}.Debug|x64.Build.0 = Debug|x64
		{5318B1CA-2C9A-4ED4-B6AA-5803ABA6C9A8}.Debug|x86.ActiveCfg = Debug|Win32
		{5318B1CA-2C9A-4ED4-B6AA-5803ABA6C9A8}.Debug|x86.Build.0 = Debug|Win32
		{5318B1CA-2C9A-4ED4-B6AA-5803ABA6C9A8}.Release|x64.ActiveCfg = Release|x64
		{5318B1CA-2C9A-4ED4-B6AA-5803ABA6C9A8}.Release|x64.Build.0 = Release|x64
		{5318B1CA-2C9A-4ED4-B6AA-5803ABA6C9A8}.Release|x86.ActiveCfg = Release|Win32
		{5318B1CA-2C9A-4ED4-B6AA-5803ABA6C9A8}.Release|x86.Build.0 = Release|Win32
		{05C2CF7C-6B72-44A8-817C-BD8D637DC3AB}.Debug|x64.ActiveCfg = Debug|x64
		{05C2CF7C-6B72-44A8-817C-BD8D637DC3AB}.Debug|x64.Build.0 = Debug|x64
		{05C2CF7C-6B72-44A8-817C-BD8D637DC3AB}.Debug|x86.ActiveCfg = Debug|Win32
		{05C2CF7C-6B72-44A8-817C-BD8D637DC3AB}.Debug|x86.Build.0 = Debug|Win32
		{05C2CF7C-6B72-44A8-817C-BD8D637DC3AB}.Release|x64.ActiveCfg = Release|x64
		{05C2CF7C-6B72-44A8-817C-BD8D637DC3AB}.Release|x64.Build.0 = Release|x64
		{05C2CF7C-6B72-44A8-817C-BD8D637DC3AB}.Release|x86.ActiveCfg = Release|Win32
		{05C2CF7C-6B72-44A8-817C-BD8D637DC3AB}.Release|x86.Build.0 = Release|Win32
		{22D7BDB3-E645-43E7-A9F7-DC58D56586CA}.Debug|x64.ActiveCfg = Debug|x64
		{22D7BDB3-E645-43E7-A9F7-DC58D56586CA}.Debug|x64.Build.0 = Debug|x64
		{22D7BDB3-E645-43E7-A9F7-DC58D56586CA}.Debug|x86.ActiveCfg = Debug|Win32
		{22D7BDB3-E645-43E7-A9F7-DC58D56586CA}.Debug|x86.Build.0 = Debug|Win32
		{22D7BDB3-E645-43E7-A9F7-DC58D56586CA}.Release|x64.ActiveCfg = Release|x64
		{22D7BDB3-E645-43E7-A9F7-DC58D56586CA}.Release|x64.Build.0 = Release|x64
		{22D7BDB3-E645-43E7-A9F7-DC58D56586CA}.Release|x86.ActiveCfg = Release|Win32
		{22D7BDB3-E645-43E7-A9F7-DC58D56586CA}.Release|x86.Build.0 = Release|Win32
		{25C5E894-7263-4DE9-8650-A6D1B6F174AE}.Debug|x64.ActiveCfg = Debug|x64
		{25C5E894-7263-4DE9-8650-A6D1B6F174AE}.Debug|x64.Build.0 = Debug|x64
		{25C5E894-7263-4DE9-8650-A6D1B6F174AE}.Debug|x86.ActiveCfg = Debug|Win32
		{25C5E894-7263-4DE9-8650-A6D1B6F174AE}.Debug|x86.Build.0 = Debug|Win32
		{25C5E894-7263-4DE9-8650-A6D1B6F174AE}.Release|x64.ActiveCfg = Release|x64
		{25C5E894-7263-4DE9-8650-A6D1B6F174AE}.Release|x64.Build.0 = Release|x64
		{25C5E894-7263-4DE9-8650-A6D1B6F174AE}.Release|x86.ActiveCfg = Release|Win32
		{25C5E894-7263-4DE9-8650-A6D1B6F174AE}.Release|x86.Build.0 = Release|Win32
		{69ED3C52-8EDA-4867-943E-8935DFD10397}.Debug|x64.ActiveCfg = Debug|x64
		{69ED3C52-8EDA-4867-943E-8935DFD10397}.Debug|x64.Build.0 = Debug|x64
		{69ED3C52-8EDA-4867-943E-8935DFD10397}.Debug|x86.ActiveCfg = Debug|Win32
		{69ED3C52-8EDA-4867-943E-8935DFD10397}.Debug|x86.Build.0 = Debug|Win32
		{69ED3C52-8EDA-4867-943E-8935DFD10397}.Release|x64.ActiveCfg = Release|x64
		{69ED3C52-8EDA-4867-943E-8935DFD10397}.Release|x64.Build.0 = Release|x64
		{69ED3C52-8EDA-4867-943E-8935DFD10397}.Release|x86.ActiveCfg = Release|Win32
		{69ED3C52-8EDA-4867-943E-8935DFD10397}.Release|x86.Build.0 = Release|Win32
		{970212BE-1E2B-43A4-A104-2B17C4FB09E3}.Debug|x64.ActiveCfg = Debug|x64
		{970212BE-1E2B-43A4-A104-2B17C4FB09E3}.Debug|x64.Build.0 = Debug|x64
		{970212BE-1E2B-43A4-A104-2B17C4FB09E3}.Debug|x86.ActiveCfg = Debug|Win32
		{970212BE-1E2B-43A4-A104-2B17C4FB09E3}.Debug|x86.Build.0 = Debug|Win32
		{970212BE-1E2B-43A4-A104-2B17C4FB09E3}.Release|x64.ActiveCfg = Release|x64
		{970212BE-1E2B-43A4-A104-2B17C4FB09E3}.Release|x64.Build.0 = Release|x64
		{970212BE-1E2B-43A4-A104-2B17C4FB09E3}.Release|x86.ActiveCfg = Release|Win32
		{970212BE-1E2B-43A4-A104-2B17C4FB09E3}.Release|x86.Build.0 = Release|Win32
		{8572D2B6-7B33-47FF-BD1E-03B5C80E6D5D}.Debug|x64.ActiveCfg = Debug|x64
		{8572D2B6-7B33-47FF-BD1E-03B5C80E6D5D}.Debug|x64.Build.0 = Debug|x64
		{8572D2B6-7B33-47FF-BD1E-03B5C80E6D5D}.Debug|x86.ActiveCfg = Debug|Win32
		{8572D2B6-7B33-47FF-BD1E-03B5C80E6D5D}.Debug|x86.Build.0 = Debug|Win32
		{8572D2B6-7B33-47FF-BD1E-03B5C80E6D5D}.Release|x64.ActiveCfg = Release|x64
		{8572D2B6-7B33-47FF-BD1E-03B5C80E6D5D}.Release|x64.Build.0 = Release|x64
		{8572D2B6-7B33-47FF-BD1E-03B5C80E6D5D}.Release|x86.ActiveCfg = Release|Win32
		{8572D2B6-7B33-47FF-BD1E-03B5C80E6D5D}.Release|x86.Build.0 = Release|Win32
		{41733881-12AC-4572-A421-0CEA582CF727}.Debug|x64.ActiveCfg = Debug|x64
		{41733881-12AC-4572-A421-0CEA582CF727}.Debug|x64.Build.0 = Debug|x64
		{41733881-12AC-4572-A421-0CEA582CF727}.Debug|x86.ActiveCfg = Debug|Win32
		{41733881-12AC-4572-A421-0CEA582CF727}.Debug|x86.Build.0 = Debug|Win32
		{41733881-12AC-4572-A421-0CEA582CF727}.Release|x64.ActiveCfg = Release|x64
		{41733881-12AC-4572-A421-0CEA582CF727}.Release|x64.Build.0 = Release|x64
		{41733881-12AC-4572-A421-0CEA582CF727}.Release|x86.ActiveCfg = Release|Win32
		{41733881-12AC-4572-A421-0CEA582CF727}.Release|x86.Build.0 = Release|Win32
		{6ABDD67C-F0FB-421C-811D-3D7102B5239E}.Debug|x64.ActiveCfg = Debug|x64
		{6ABDD67C-F0FB-421C-811D-3D7102B5239E}.Debug|x64.Build.0 = Debug|x64
		{6ABDD67C-F0FB-421C-811D-3D7102B5239E}.Debug|x86.ActiveCfg = Debug|Win32
		{6ABDD67C-F0FB-421C-811D-3D7102B5239E}.Debug|x86.Build.0 = Debug|Win32
		{6ABDD67C-F0FB-421C-811D-3D7102B5239E}.Release|x64.ActiveCfg = Release|x64
		{6ABDD67C-F0FB-421C-811D-3D7102B5239E}.Release|x64.Build.0 = Release|x64
		{6ABDD67C-F0FB-421C-811D-3D7102B5239E}.Release|x86.ActiveCfg = Release|Win32
		{6ABDD67C-F0FB-421C-811D-3D7102B5239E}.Release|x86.Build.0 = Release|Win32
		{AFBC98AC-9B7B-454E-A6C5-50BD10DBF3DD}.Debug|x64.ActiveCfg = Debug|x64
		{AFBC98AC-9B7B-454E-A6C5-50BD10DBF3DD}.Debug|x64.Build.0 = Debug|x64
		{AFBC98AC-9B7B-454E-A6C5-50BD10DBF3DD}.Debug|x86.ActiveCfg = Debug|Win32
		{AFBC98AC-9B7B-454E-A6C5-50BD10DBF3DD}.Debug|x86.Build.0 = Debug|Win32
		{AFBC98AC-9B7B-454E-A6C5-50BD10DBF3DD}.Release|x64.ActiveCfg = Release|x64
		{AFBC98AC-9B7B-454E-A6C5-50BD10DBF3DD}.Release|x64.Build.0 = Release|x64
		{AFBC98AC-9B7B-454E-A6C5-50BD10DBF3DD}.Release|x86.ActiveCfg = Release|Win32
		{AFBC98AC-9B7B-454E-A6C5-50BD10DBF3DD}.Release|x86.Build.0 = Release|Win32
		{2CDD9CCD-2F59-4617-99F7-C065827B0BF2}.Debug|x64.ActiveCfg = Debug|x64
		{2CDD9CCD-2F59-4617-99F7-C065827B0BF2}.Debug|x64.Build.0 = Debug|x64
		{2CDD9CCD-2F59-4617-99F7-C065827B0BF2}.Debug|x86.ActiveCfg = Debug|Win32
		{2CDD9CCD-2F59-4617-99F7-C065827B0BF2}.Debug|x86.Build.0 = Debug|Win32
		{2CDD9CCD-2F59-4617-99F7-C065827B0BF2}.Release|x64.ActiveCfg = Release|x64
		{2CDD9CCD-2F59-4617-99F7-C065827B0BF2}.Release|x64.Build.0 = Release|x64
		{2CDD9CCD-2F59-4617-99F7-C065827B0BF2}.Release|x86.ActiveCfg = Release|Win32
		{2CDD9CCD-2F59-4617-99F7-C065827B0BF2}.Release|x86.Build.0 = Release|Win32
		{FDBE956A-8D9C-4E21-BC24-0024FE777548}.Debug|x64.ActiveCfg = Debug|x64
		{FDBE956A-8D9C-4E21-BC24-0024FE777548}.Debug|x64.Build.0 = Debug|x64
		{FDBE956A-8D9C-4E21-BC24-0024FE777548}.Debug|x86.ActiveCfg = Debug|Win32
		{FDBE956A-8D9C-4E21-BC24-0024FE777548}.Debug|x86.Build.0 = Debug|Win32
		{FDBE956A-8D9C-4E21-BC24-0024FE777548}.Release|x64.ActiveCfg = Release|x64
		{FDBE956A-8D9C-4E21-BC24-0024FE777548}.Release|x64.Build.0 = Release|x64
		{FDBE956A-8D9C-4E21-BC24-0024FE777548}.Release|x86.ActiveCfg = Release|Win32
		{FDBE956A-8D9C-4E21-BC24-0024FE777548}.Release|x86.Build.0 = Release|Win32
		{E486FC08-2B6D-4320-9E05-7C382537E22D}.Debug|x64.ActiveCfg = Debug|x64
		{E486FC08-2B6D-4320-9E05-7C382537E22D}.Debug|x64.Build.0 = Debug|x64
		{E486FC08-2B6D-4320-9E05-7C382537E22D}.Debug|x86.ActiveCfg = Debug|Win32
		{E486FC08-2B6D-4320-9E05-7C382537E22D}.Debug|x86.Build.0 = Debug|Win32
		{E486FC08-2B6D-4320-9E05-7C382537E22D}.Release|x64.ActiveCfg = Release|x64
		{E486FC08-2B6D-4320-9E05-7C382537E22D}.Release|x64.Build.0 = Release|x64
		{E486FC08-2B6D-4320-9E05-7C382537E22D}.Release|x86.ActiveCfg = Release|Win32
		{E486FC08-2B6D-4320-9E05-7C382537E22D}.Release|x86.Build.0 = Release|Win32
		{290DE99E-9D5D-4BB5-8346-80C0A74C471C}.Debug|x64.ActiveCfg = Debug|x64
		{290DE99E-9D5D-4BB5-8346-80C0A74C471C}.Debug|x64.Build.0 = Debug|x64
		{290DE99E-9D5D-4BB5-8346-80C0A74C471C}.Debug|x86.ActiveCfg = Debug|Win32
		{290DE99E-9D5D-4BB5-8346-80C0A74C471C}.Debug|x86.Build.0 = Debug|Win32
		{290DE99E-9D5D-4BB5-8346-80C0A74C471C}.Release|x64.ActiveCfg = Release|x64
		{290DE99E-9D5D-4BB5-8346-80C0A74C471C}.Release|x64.Build.0 = Release|x64
		{290DE99E-9D5D-4BB5-8346-80C0A74C471C}.Release|x86.ActiveCfg = Release|Win32
		{290DE99E-9D5D-4BB5-8346-80C0A74C471C}.Release|x86.Build.0 = Release|Win32
		{D107D667-1B3D-4553-A305-7E4EEB6910BB}.Debug|x64.ActiveCfg = Debug|x64
		{D107D667-1B3D-4553-A305-7E4EEB6910BB}.Debug|x64.Build.0 = Debug|x64
		{D107D667-1B3D-4553-A305-7E4EEB6910BB}.Debug|x86.ActiveCfg = Debug|Win32
		{D107D667-1B3D-4553-A305-7E4EEB6910BB}.Debug|x86.Build.0 = Debug|Win32
		{D107D667-1B3D-4553-A305-7E4EEB6910BB}.Release|x64.ActiveCfg = Release|x64
		{D107D667-1B3D-4553-A305-7E4EEB6910BB}.Release|x64.Build.0 = Release|x64
		{D107D667-1B3D-4553-A305-7E4EEB6910BB}.Release|x86.ActiveCfg = Release|Win32
		{D107D667-1B3D-4553-A305-7E4EEB6910BB}.Release|x86.Build.0 = Release|Win32
		{EC5B8643-9554-4E77-BA30-7FE9B9EA7BD7}.Debug|x64.ActiveCfg = Debug|x64
		{EC5B8643-9554-4E77-BA30-7FE9B9EA7BD7}.Debug|x64.Build.0 = Debug|x64
		{EC5B8643-9554-4E77-BA30-7FE9B9EA7BD7}.Debug|x86.ActiveCfg = Debug|Win32
		{EC5B8643-9554-4E77-BA30-7FE9B9EA7BD7}.Debug|x86.Build.0 = Debug|Win32
		{EC5B8643-9554-4E77-BA30-7FE9B9EA7BD7}.Release|x64.ActiveCfg = Release|x64
		{EC5B8643-9554-4E77-BA30-7FE9B9EA7BD7}.Release|x64.Build.0 = Release|x64
		{EC5B8643-9554-4E77-BA30-7FE9B9EA7BD7}.Release|x86.ActiveCfg = Release|Win32
		{EC5B8643-9554-4E77-BA30-7FE9B9EA7BD7}.Release|x86.Build.0 = Release|Win32
		{D24DF4D1-7423-426F-9345-EB05AAFAB259}.Debug|x64.ActiveCfg = Debug|x64
		{D24DF4D1-7423-426F-9345-EB05AAFAB259}.Debug|x64.Build.0 = Debug|x64
		{D24DF4D1-7423-426F-9345-EB05AAFAB259}.Debug|x86.ActiveCfg = Debug|Win32
		{D24DF4D1-7423-426F-9345-EB05AAFAB259}.Debug|x86.Build.0 = Debug|Win32
		{D24DF4D1-7423-426F-9345-EB05AAFAB259}.Release|x64.ActiveCfg = Release|x64
		{D24DF4D1-7423-426F-9345-EB05AAFAB259}.Release|x64.Build.0 = Release|x64
		{D24DF4D1-7423-426F-9345-EB05AAFAB259}.Release|x86.ActiveCfg = Release|Win32
		{D24DF4D1-7423-426F-9345-EB05AAFAB259}.Release|x86.Build.0 = Release|Win32
		{27878737-3EEC-4674-B246-4FFC0EC8201E}.Debug|x64.ActiveCfg = Debug|x64
		{27878737-3EEC-4674-B246-4FFC0EC8201E}.Debug|x64.Build.0 = Debug|x64
		{27878737-3EEC-4674-B246-4FFC0EC8201E}.Debug|x86.ActiveCfg = Debug|Win32
		{27878737-3EEC-4674-B246-4FFC0EC8201E}.Debug|x86.Build.0 = Debug|Win32
		{27878737-3EEC-4674-B246-4FFC0EC8201E}.Release|x64.ActiveCfg = Release|x64
		{27878737-3EEC-4674-B246-4FFC0EC8201E}.Release|x64.Build.0 = Release|x64
		{27878737-3EEC-4674-B246-4FFC0EC8201E}.Release|x86.ActiveCfg = Release|Win32
		{27878737-3EEC-4674-B246-4FFC0EC8201E}.Release|x86.Build.0 = Release|Win32
		{29082C86-B98A-4615-8D81-DF9673BB8B7F}.Debug|x64.ActiveCfg = Debug|x64
		{29082C86-B98A-4615-8D81-DF9673BB8B7F}.Debug|x64.Build.0 = Debug|x64
		{29082C86-B98A-4615-8D81-DF9673BB8B7F}.Debug|x86.ActiveCfg = Debug|Win32
		{29082C86-B98A-4615-8D81-DF9673BB8B7F}.Debug|x86.Build.0 = Debug|Win32
		{29082C86-B98A-4615-8D81-DF9673BB8B7F}.Release|x64.ActiveCfg = Release|x64
		{29082C86-B98A-4615-8D81-DF9673BB8B7F}.Release|x64.Build.0 = Release|x64
		{29082C86-B98A-4615-8D81-DF9673BB8B7F}.Release|x86.ActiveCfg = Release|Win32
		{29082C86-B98A-4615-8D81-DF9673BB8B7F}.Release|x86.Build.0 = Release|Win32
		{404DB2AE-C620-42FE-9D6A-0271CD51274F}.Debug|x64.ActiveCfg = Debug|x64
		{404DB2AE-C620-42FE-9D6A-0271CD51274F}.Debug|x64.Build.0 = Debug|x64
		{404DB2AE-C620-42FE-9D6A-0271CD51274F}.Debug|x86.ActiveCfg = Debug|Win32
		{404DB2AE-C620-42FE-9D6A-0271CD51274F}.Debug|x86.Build.0 = Debug|Win32
		{404DB2AE-C620-42FE-9D6A-0271CD51274F}.Release|x64.ActiveCfg = Release|x64
		{404DB2AE-C620-42FE-9D6A-0271CD51274F}.Release|x64.Build.0 = Release|x64
		{404DB2AE-C620-42FE-9D6A-0271CD51274F}.Release|x86.ActiveCfg = Release|Win32
		{404DB2AE-C620-42FE-9D6A-0271CD51274F}.Release|x86.Build.0 = Release|Win32
		{1462BC26-5FB0-4021-8598-F063E9EDE577}.Debug|x64.ActiveCfg = Debug|x64
		{1462BC26-5FB0-4021-8598-F063E9EDE577}.Debug|x64.Build.0 = Debug|x64
		{1462BC26-5FB0-4021-8598-F063E9EDE577}.Debug|x86.ActiveCfg = Debug|Win32
		{1462BC26-5FB0-4021-8598-F063E9EDE577}.Debug|x86.Build.0 = Debug|Win32
		{1462BC26-5FB0-4021-8598-F063E9EDE577}.Release|x64.ActiveCfg = Release|x64
		{1462BC26-5FB0-4021-8598-F063E9EDE577}.Release|x64.Build.0 = Release|x64
		{1462BC26-5FB0-4021-8598-F063E9EDE577}.Release|x86.ActiveCfg = Release|Win32
		{1462BC26-5FB0-4021-8598-F063E9EDE577}.Release|x86.Build.0 = Release|Win32
		{14C09481-C932-4A05-BA42-ABC5B15E5E78}.Debug|x64.ActiveCfg = Debug|x64
		{14C09481-C932-4A05-BA42-ABC5B15E5E78}.Debug|x64.Build.0 = Debug|x64
		{14C09481-C932-4A05-BA42-ABC5B15E5E78}.Debug|x86.ActiveCfg = Debug|Win32
		{14C09481-C932-4A05-BA42-ABC5B15E5E78}.Debug|x86.Build.0 = Debug|Win32
		{14C09481-C932-4A05-BA42-ABC5B15E5E78}.Release|x64.ActiveCfg = Release|x64
		{14C09481-C932-4A05-BA42-ABC5B15E5E78}.Release|x64.Build.0 = Release|x64
		{14C09481-C932-4A05-BA42-ABC5B15E5E78}.Release|x86.ActiveCfg = Release|Win32
		{14C09481-C932-4A05-BA42-ABC5B15E5E78}.Release|x86.Build.0 = Release|Win32
		{708BD591-DD27-476E-9483-858BEBCBC792}.Debug|x64.ActiveCfg = Debug|x64
		{708BD591-DD27-476E-9483-858BEBCBC792}.Debug|x64.Build.0 = Debug|x64
		{708BD591-DD27-476E-9483-858BEBCBC792}.Debug|x86.ActiveCfg = Debug|Win32
		{708BD591-DD27-476E-9483-858BEBCBC792}.Debug|x86.Build.0 = Debug|Win32
		{708BD591-DD27-476E-9483-858BEBCBC792}.Release|x64.ActiveCfg = Release|x64
		{708BD591-DD27-476E-9483-858BEBCBC792}.Release|x64.Build.0 = Release|x64
		{708BD591-DD27-476E-9483-858BEBCBC792}.Release|x86.ActiveCfg = Release|Win32
		{708BD591-DD27-476E-9483-858BEBCBC792}.Release|x86.Build.0 = Release|Win32
		{42C35E8E-AC1C-493E-8A03-C1271B51D08D}.Debug|x64.ActiveCfg = Debug|x64
		{42C35E8E-AC1C-493E-8A03-C1271B51D08D}.Debug|x64.Build.0 = Debug|x64
		{42C35E8E-AC1C-493E-8A03-C1271B51D08D}.Debug|x86.ActiveCfg = Debug|Win32
		{42C35E8E-AC1C-493E-8A03-C1271B51D08D}.Debug|x86.Build.0 = Debug|Win32
		{42C35E8E-AC1C-493E-8A03-C1271B51D08D}.Release|x64.ActiveCfg = Release|x64
		{42C35E8E-AC1C-493E-8A03-C1271B51D08D}.Release|x64.Build.0 = Release|x64
		{42C35E8E-AC1C-493E-8A03-C1271B51D08D}.Release|x86.ActiveCfg = Release|Win32
		{42C35E8E-AC1C-493E-8A03-C1271B51D08D}.Release|x86.Build.0 = Release|Win32
		{6804BD6C-4969-4FEE-81F8-835816D6B728}.Debug|x64.ActiveCfg = Debug|x64
		{6804BD6C-4969-4FEE-81F8-835816D6B728}.Debug|x64.Build.0 = Debug|x64
		{6804BD6C-4969-4FEE-81F8-835816D6B728}.Debug|x86.ActiveCfg = Debug|Win32
		{6804BD6C-4969-4FEE-81F8-835816D6B728}.Debug|x86.Build.0 = Debug|Win32
		{6804BD6C-4969-4FEE-81F8-835816D6B728}.Release|x64.ActiveCfg = Release|x64
		{6804BD6C-4969-4FEE-81F8-835816D6B728}.Release|x64.Build.0 = Release|x64
		{6804BD6C-4969-4FEE-81F8-835816D6B728}.Release|x86.ActiveCfg = Release|Win32
		{6804BD6C-4969-4FEE-81F8-835816D6B728}.Release|x86.Build.0 = Release|Win32
		{C6A21617-9174-4B06-AF83-A0EF2E0262B3}.Debug|x64.ActiveCfg = Debug|x64
		{C6A21617-9174-4B06-AF83-A0EF2E0262B3}.Debug|x64.Build.0 = Debug|x64
		{C6A21617-9174-4B06-AF83-A0EF2E0262B3}.Debug|x86.ActiveCfg = Debug|Win32
		{C6A21617-9174-4B06-AF83-A0EF2E0262B3}.Debug|x86.Build.0 = Debug|Win32
		{C6A21617-9174-4B06-AF83-A0EF2E0262B3}.Release|x64.ActiveCfg = Release|x64
		{C6A21617-9174-4B06-AF83-A0EF2E0262B3}.Release|x64.Build.0 = Release|x64
		{C6A21617-9174-4B06-AF83-A0EF2E0262B3}.Release|x86.ActiveCfg = Release|Win32
		{C6A21617-9174-4B06-AF83-A0EF2E0262B3}.Release|x86.Build.0 = Release|Win32
		{E371507C-4CA0-4E4B-AAEC-411743C0E817}.Debug|x64.ActiveCfg = Debug|x64
		{E371507C-4CA0-4E4B-AAEC-411743C0E817}.Debug|x64.Build.0 = Debug|x64
		{E371507C-4CA0-4E4B-AAEC-411743C0E817}.Debug|x86.ActiveCfg = Debug|Win32
		{E371507C-4CA0-4E4B-AAEC-411743C0E817}.Debug|x86.Build.0 = Debug|Win32
		{E371507C-4CA0-4E4B-AAEC-411743C0E817}.Release|x64.ActiveCfg = Release|x64
		{E371507C-4CA0-4E4B-AAEC-411743C0E817}.Release|x64.Build.0 = Release|x64
		{E371507C-4CA0-4E4B-AAEC-411743C0E817}.Release|x86.ActiveCfg = Release|Win32
		{E371507C-4CA0-4E4B-AAEC-411743C0E817}.Release|x86.Build.0 = Release|Win32
		{749FDB68-AF9C-4CC8-94A4-3265A454EB16}.Debug|x64.ActiveCfg = Debug|x64
		{749FDB68-AF9C-4CC8-94A4-3265A454EB16}.Debug|x64.Build.0 = Debug|x64
		{749FDB68-AF9C-4CC8-94A4-3265A454EB16}.Debug|x86.ActiveCfg = Debug|Win32
		{749FDB68-AF9C-4CC8-94A4-3265A454EB16}.Debug|x86.Build.0 = Debug|Win32
		{749FDB68-AF9C-4CC8-94A4-3265A454EB16}.Release|x64.ActiveCfg = Release|x64
		{749FDB68-AF9C-4CC8-94A4-3265A454EB16}.Release|x64.Build.0 = Release|x64
		{749FDB68-AF9C-4CC8-94A4-3265A454EB16}.Release|x86.ActiveCfg = Release|Win32
		{749FDB68-AF9C-4CC8-94A4-3265A454EB16}.Release|x86.Build.0 = Release|Win32
		{30BB2EB7-3037-4F2D-BE83-E93B975B1381}.Debug|x64.ActiveCfg = Debug|x64
		{30BB2EB7-3037-4F2D-BE83-E93B975B1381}.Debug|x64.Build.0 = Debug|x64
		{30BB2EB7-3037-4F2D-BE83-E93B975B1381}.Debug|x86.ActiveCfg = Debug|Win32
		{30BB2EB7-3037-4F2D-BE83-E93B975B1381}.Debug|x86.Build.0 = Debug|Win32
		{30BB2EB7-3037-4F2D-BE83-E93B975B1381}.Release|x64.ActiveCfg = Release|x64
		{30BB2EB7-3037-4F2D-BE83-E93B975B1381}.Release|x64.Build.0 = Release|x64
		{30BB2EB7-3037-4F2D-BE83-E93B975B1381}.Release|x86.ActiveCfg = Release|Win32
		{30BB2EB7-3037-4F2D-BE83-E93B975B1381}.Release|x86.Build.0 = Release|Win32
		{876F4B78-090D-4344-BA88-691B1F40954C}.Debug|x64.ActiveCfg = Debug|x64
		{876F4B78-090D-4344-BA88-691B1F40954C}.Debug|x64.Build.0 = Debug|x64
		{876F4B78-090D-4344-BA88-691B1F40954C}.Debug|x86.ActiveCfg = Debug|Win32
		{876F4B78-090D-4344-BA88-691B1F40954C}.Debug|x86.Build.0 = Debug|Win32
		{876F4B78-090D-4344-BA88-691B1F40954C}.Release|x64.ActiveCfg = Release|x64
		{876F4B78-090D-4344-BA88-691B1F40954C}.Release|x64.Build.0 = Release|x64
		{876F4B78-090D-4344-BA88-691B1F40954C}.Release|x86.ActiveCfg = Release|Win32
		{876F4B78-090D-4344-BA88-691B1F40954C}.Release|x86.Build.0 = Release|Win32
		{0CC951F1-A73F-46E1-83D8-70B5FF0B394C}.Debug|x64.ActiveCfg = Debug|x64
		{0CC951F1-A73F-46E1-83D8-70B5FF0B394C}.Debug|x64.Build.0 = Debug|x64
		{0CC951F1-A73F-46E1-83D8-70B5FF0B394C}.Debug|x86.ActiveCfg = Debug|Win32
		{0CC951F1-A73F-46E1-83D8-70B5FF0B394C}.Debug|x86.Build.0 = Debug|Win32
		{0CC951F1-A73F-46E1-83D8-70B5FF0B394C}.Release|x64.ActiveCfg = Release|x64
		{0CC951F1-A73F-46E1-83D8-70B5FF0B394C}.Release|x64.Build.0 = Release|x64
		{0CC951F1-A73F-46E1-83D8-70B5FF0B394C}.Release|x86.ActiveCfg = Release|Win32
		{0CC951F1-A73F-46E1-83D8-70B5FF0B394C}.Release|x86.Build.0 = Release|Win32
		{B2144730-45E4-405F-BE59-F4C377A6ECB2}.Debug|x64.ActiveCfg = Debug|x64
		{B2144730-45E4-405F-BE59-F4C377A6ECB2}.Debug|x64.Build.0 = Debug|x64
		{B2144730-45E4-405F-BE59-F4C377A6ECB2}.Debug|x86.ActiveCfg = Debug|Win32
		{B2144730-45E4-405F-BE59-F4C377A6ECB2}.Debug|x86.Build.0 = Debug|Win32
		{B2144730-45E4-405F-BE59-F4C377A6ECB2}.Release|x64.ActiveCfg = Release|x64
		{B2144730-45E4-405F-BE59-F4C377A6ECB2}.Release|x64.Build.0 = Release|x64
		{B2144730-45E4-405F-BE59-F4C377A6ECB2}.Release|x86.ActiveCfg = Release|Win32
		{B2144730-45E4-405F-BE59-F4C377A6ECB2}.Release|x86.Build.0 = Release|Win32
		{2DDD6A7D-4100-419E-9742-FE889A96645A}.Debug|x64.ActiveCfg = Debug|x64
		{2DDD6A7D-4100-419E-9742-FE889A96645A}.Debug|x64.Build.0 = Debug|x64
		{2DDD6A7D-4100-419E-9742-FE889A96645A}.Debug|x86.ActiveCfg = Debug|Win32
		{2DDD6A7D-4100-419E-9742-FE889A96645A}.Debug|x86.Build.0 = Debug|Win32
		{2DDD6A7D-4100-419E-9742-FE889A96645A}.Release|x64.ActiveCfg = Release|x64
		{2DDD6A7D-4100-419E-9742-FE889A96645A}.Release|x64.Build.0 = Release|x64
		{2DDD6A7D-4100-419E-9742-FE889A96645A}.Release|x86.ActiveCfg = Release|Win32
		{2DDD6A7D-4100-419E-9742-FE889A96645A}.Release|x86.Build.0 = Release|Win32
		{11DE1440-8DAB-47CB-BDE9-6194D5A26C4C}.Debug|x64.ActiveCfg = Debug|x64
		{11DE1440-8DAB-47CB-BDE9-6194D5A26C4C}.Debug|x64.Build.0 = Debug|x64
		{11DE1440-8DAB-47CB-BDE9-6194D5A26C4C}.Debug|x86.ActiveCfg = Debug|Win32
		{11DE1440-8DAB-47CB-BDE9-6194D5A26C4C}.Debug|x86.Build.0 = Debug|Win32
		{11DE1440-8DAB-47CB-BDE9-6194D5A26C4C}.Release|x64.ActiveCfg = Release|x64
		{11DE1440-8DAB-47CB-BDE9-6194D5A26C4C}.Release|x64.Build.0 = Release|x64
		{11DE1440-8DAB-47CB-BDE9-6194D5A26C4C}.Release|x86.ActiveCfg = Release|Win32
		{11DE1440-8DAB-47CB-BDE9-6194D5A26C4C}.Release|x86.Build.0 = Release|Win32
		{A3208DEB-B29A-4999-8F4B-D804666A994C}.Debug|x64.ActiveCfg = Debug|x64
		{A3208DEB-B29A-4999-8F4B-D804666A994C}.Debug|x64.Build.0 = Debug|x64
		{A3208DEB-B29A-4999-8F4B-D804666A994C}.Debug|x86.ActiveCfg = Debug|Win32
		{A3208DEB-B29A-4999-8F4B-D804666A994C}.Debug|x86.Build.0 = Debug|Win32
		{A3208DEB-B29A-4999-8F4B-D804666A994C}.Release|x64.ActiveCfg = Release|x64
		{A3208DEB-B29A-4999-8F4B-D804666A994C}.Release|x64.Build.0 = Release|x64
		{A3208DEB-B29A-4999-8F4B-D804666A994C}.Release|x86.ActiveCfg = Release|Win32
		{A3208DEB-B29A-4999-8F4B-D804666A994C}.Release|x86.Build.0 = Release|Win32
		{A13BAC15-2FF2-4F39-ABC1-24FC38386FBA}.Debug|x64.ActiveCfg = Debug|x64
		{A13BAC15-2FF2-4F39-ABC1-24FC38386FBA}.Debug|x64.Build.0 = Debug|x64
		{A13BAC15-2FF2-4F39-ABC1-24FC38386FBA}.Debug|x86.ActiveCfg = Debug|Win32
		{A13BAC15-2FF2-4F39-ABC1-24FC38386FBA}.Debug|x86.Build.0 = Debug|Win32
		{A13BAC15-2FF2-4F39-ABC1-24FC38386FBA}.Release|x64.ActiveCfg = Release|x64
		{A13BAC15-2FF2-4F39-ABC1-24FC38386FBA}.Release|x64.Build.0 = Release|x64
		{A13BAC15-2FF2-4F39-ABC1-24FC38386FBA}.Release|x86.ActiveCfg = Release|Win32
		{A13BAC15-2FF2-4F39-ABC1-24FC38386FBA}.Release|x86.Build.0 = Release|Win32
		{7373F389-0259-4266-91BB-6E28A166C1C0}.Debug|x64.ActiveCfg = Debug|x64
		{7373F389-0259-4266-91BB-6E28A166C1C0}.Debug|x64.Build.0 = Debug|x64
		{7373F389-0259-4266-91BB-6E28A166C1C0}.Debug|x86.ActiveCfg = Debug|Win32
		{7373F389-0259-4266-91BB-6E28A166C1C0}.Debug|x86.Build.0 = Debug|Win32
		{7373F389-0259-4266-91BB-6E28A166C1C0}.Release|x64.ActiveCfg = Release|x64
		{7373F389-0259-4266-91BB-6E28A166C1C0}.Release|x64.Build.0 = Release|x64
		{7373F389-0259-4266-91BB-6E28A166C1C0}.Release|x86.ActiveCfg = Release|Win32
		{7373F389-0259-4266-91BB-6E28A166C1C0}.Release|x86.Build.0 = Release|Win32
		{7998C664-51EF-4912-BF78-79420495687F}.Debug|x64.ActiveCfg = Debug|x64
		{7998C664-51EF-4912-BF78-79420495687F}.Debug|x64.Build.0 = Debug|x64
		{7998C664-51EF-4912-BF78-79420495687F}.Debug|x86.ActiveCfg = Debug|Win32
		{7998C664-51EF-4912-BF78-79420495687F}.Debug|x86.Build.0 = Debug|Win32
		{7998C664-51EF-4912-BF78-79420495687F}.Release|x64.ActiveCfg = Release|x64
		{7998C664-51EF-4912-BF78-79420495687F}.Release|x64.Build.0 = Release|x64
		{7998C664-51EF-4912-BF78-79420495687F}.Release|x86.ActiveCfg = Release|Win32
		{7998C664-51EF-4912-BF78-79420495687F}.Release|x86.Build.0 = Release|Win32
		{32D969F8-7DA0-4312-9A40-B007CDD43C3C}.Debug|x64.ActiveCfg = Debug|x64
		{32D969F8-7DA0-4312-9A40-B007CDD43C3C}.Debug|x64.Build.0 = Debug|x64
		{32D969F8-7DA0-4312-9A40-B007CDD43C3C}.Debug|x86.ActiveCfg = Debug|Win32
		{32D969F8-7DA0-4312-9A40-B007CDD43C3C}.Debug|x86.Build.0 = Debug|Win32
		{32D969F8-7DA0-4312-9A40-B007CDD43C3C}.Release|x64.ActiveCfg = Release|x64
		{32D969F8-7DA0-4312-9A40-B007CDD43C3C}.Release|x64.Build.0 = Release|x64
		{32D969F8-7DA0-4312-9A40-B007CDD43C3C}.Release|x86.ActiveCfg = Release|Win32
		{32D969F8-7DA0-4312-9A40-B007CDD43C3C}.Release|x86.Build.0 = Release|Win32
		{B40B5098-32FF-49C8-9077-AB2BE1E98DF9}.Debug|x64.ActiveCfg = Debug|x64
		{B40B5098-32FF-49C8-9077-AB2BE1E98DF9}.Debug|x64.Build.0 = Debug|x64
		{B40B5098-32FF-49C8-9077-AB2BE1E98DF9}.Debug|x86.ActiveCfg = Debug|Win32
		{B40B5098-32FF-49C8-9077-AB2BE1E98DF9}.Debug|x86.Build.0 = Debug|Win32
		{B40B5098-32FF-49C8-9077-AB2BE1E98DF9}.Release|x64.ActiveCfg = Release|x64
		{B40B5098-32FF-49C8-9077-AB2BE1E98DF9}.Release|x64.Build.0 = Release|x64
		{B40B5098-32FF-49C8-9077-AB2BE1E98DF9}.Release|x86.ActiveCfg = Release|Win32
		{B40B5098-32FF-49C8-9077-AB2BE1E98DF9}.Release|x86.Build.0 = Release|Win32
		{5A9E1CFF-FB89-4156-9D08-C448D818771D}.Debug|x64.ActiveCfg = Debug|x64
		{5A9E1CFF-FB89-4156-9D08-C448D818771D}.Debug|x64.Build.0 = Debug|x64
		{5A9E1CFF-FB89-4156-9D08-C448D818771D}.Debug|x86.ActiveCfg = Debug|Win32
		{5A9E1CFF-FB89-4156-9D08-C448D818771D}.Debug|x86.Build.0 = Debug|Win32
		{5A9E1CFF-FB89-4156-9D08-C448D818771D}.Release|x64.ActiveCfg = Release|x64
		{5A9E1CFF-FB89-4156-9D08-C448D818771D}.Release|x64.Build.0 = Release|x64
		{5A9E1CFF-FB89-4156-9D08-C448D818771D}.Release|x86.ActiveCfg = Release|Win32
		{5A9E1CFF-FB89-4156-9D08-C448D818771D}.Release|x86.Build.0 = Release|Win32
		{6EBCA8C8-4577-46C3-8B3E-E0B3DB4E3A3E}.Debug|x64.ActiveCfg = Debug|x64
		{6EBCA8C8-4577-46C3-8B3E-E0B3DB4E3A3E}.Debug|x64.Build.0 = Debug|x64
		{6EBCA8C8-4577-46C3-8B3E-E0B3DB4E3A3E}.Debug|x86.ActiveCfg = Debug|Win32
		{6EBCA8C8-4577-46C3-8B3E-E0B3DB4E3A3E}.Debug|x86.Build.0 = Debug|Win32
		{6EBCA8C8-4577-46C3-8B3E-E0B3DB4E3A3E}.Release|x64.ActiveCfg = Release|x64
		{6EBCA8C8-4577-46C3-8B3E-E0B3DB4E3A3E}.Release|x64.Build.0 = Release|x64
		{6EBCA8C8-4577-46C3-8B3E-E0B3DB4E3A3E}.Release|x86.ActiveCfg = Release|Win32
		{6EBCA8C8-4577-46C3-8B3E-E0B3DB4E3A3E}.Release|x86.Build.0 = Release|Win32
		{3513F137-4F39-4D9A-BF6B-326FBD4ABE3F}.Debug|x64.ActiveCfg = Debug|x64
		{3513F137-4F39-4D9A-BF6B-326FBD4ABE3F}.Debug|x64.Build.0 = Debug|x64
		{3513F137-4F39-4D9A-BF6B-326FBD4ABE3F}.Debug|x86.ActiveCfg = Debug|Win32
		{3513F137-4F39-4D9A-BF6B-326FBD4ABE3F}.Debug|x86.Build.0 = Debug|Win32
		{3513F137-4F39-4D9A-BF6B-326FBD4ABE3F}.Release|x64.ActiveCfg = Release|x64
		{3513F137-4F39-4D9A-BF6B-326FBD4ABE3F}.Release|x64.Build.0 = Release|x64
		{3513F137-4F39-4D9A-BF6B-326FBD4ABE3F}.Release|x86.ActiveCfg = Release|Win32
		{3513F137-4F39-4D9A-BF6B-326FBD4ABE3F}.Release|x86.Build.0 = Release|Win32
		{AA2B87B0-212B-4878-A569-17D634D3732D}.Debug|x64.ActiveCfg = Debug|x64
		{AA2B87B0-212B-4878-A569-17D634D3732D}.Debug|x64.Build.0 = Debug|x64
		{AA2B87B0-212B-4878-A569-17D634D3732D}.Debug|x86.ActiveCfg = Debug|Win32
		{AA2B87B0-212B-4878-A569-17D634D3732D}.Debug|x86.Build.0 = Debug|Win32
		{AA2B87B0-212B-4878-A569-17D634D3732D}.Release|x64.ActiveCfg = Release|x64
		{AA2B87B0-212B-4878-A569-17D634D3732D}.Release|x64.Build.0 = Release|x64
		{AA2B87B0-212B-4878-A569-17D634D3732D}.Release|x86.ActiveCfg = Release|Win32
		{AA2B87B0-212B-4878-A569-17D634D3732D}.Release|x86.Build.0 = Release|Win32
		{801E62ED-D72B-490D-BCFE-EFFBDB6AF4C7}.Debug|x64.ActiveCfg = Debug|x64
		{801E62ED-D72B-490D-BCFE-EFFBDB6AF4C7}.Debug|x64.Build.0 = Debug|x64
		{801E62ED-D72B-490D-BCFE-EFFBDB6AF4C7}.Debug|x86.ActiveCfg = Debug|Win32
		{801E62ED-D72B-490D-BCFE-EFFBDB6AF4C7}.Debug|x86.Build.0 = Debug|Win32
		{801E62ED-D72B-490D-BCFE-EFFBDB6AF4C7}.Release|x64.ActiveCfg = Release|x64
		{801E62ED-D72B-490D-BCFE-EFFBDB6AF4C7}.Release|x64.Build.0 = Release|x64
		{801E62ED-D72B-490D-BCFE-EFFBDB6AF4C7}.Release|x86.ActiveCfg = Release|Win32
		{801E62ED-D72B-490D-BCFE-EFFBDB6AF4C7}.Release|x86.Build.0 = Release|Win32
		{65DE8FE3-D66E-462D-8A66-BCB192323A13}.Debug|x64.ActiveCfg = Debug|x64
		{65DE8FE3-D66E-462D-8A66-BCB192323A13}.Debug|x64.Build.0 = Debug|x64
		{65DE8FE3-D66E-462D-8A66-BCB192323A13}.Debug|x86.ActiveCfg = Debug|Win32
		{65DE8FE3-D66E-462D-8A66-BCB192323A13}.Debug|x86.Build.0 = Debug|Win32
		{65DE8FE3-D66E-462D-8A66-BCB192323A13}.Release|x64.ActiveCfg = Release|x64
		{65DE8FE3-D66E-462D-8A66-BCB192323A13}.Release|x64.Build.0 = Release|x64
		{65DE8FE3-D66E-462D-8A66-BCB192323A13}.Release|x86.ActiveCfg = Release|Win32
		{65DE8FE3-D66E-462D-8A66-BCB192323A13}.Release|x86.Build.0 = Release|Win32
		{AA5271A0-03B6-468F-9AFA-1BAEF13A6C41}.Debug|x64.ActiveCfg = Debug|x64
		{AA5271A0-03B6-468F-9AFA-1BAEF13A6C41}.Debug|x64.Build.0 = Debug|x64
		{AA5271A0-03B6-468F-9AFA-1BAEF13A6C41}.Debug|x86.ActiveCfg = Debug|Win32
		{AA5271A0-03B6-468F-9AFA-1BAEF13A6C41}.Debug|x86.Build.0 = Debug|Win32
		{AA5271A0-03B6-468F-9AFA-1BAEF13A6C41}.Release|x64.ActiveCfg = Release|x64
		{AA5271A0-03B6-468F-9AFA-1BAEF13A6C41}.Release|x64.Build.0 = Release|x64
		{AA5271A0-03B6-468F-9AFA-1BAEF13A6C41}.Release|x86.ActiveCfg = Release|Win32
		{AA5271A0-03B6-468F-9AFA-1BAEF13A6C41}.Release|x86.Build.0 = Release|Win32
		{C9D86603-04CD-4457-903E-F26B4217DDAA}.Debug|x64.ActiveCfg = Debug|x64
		{C9D86603-04CD-4457-903E-F26B4217DDAA}.Debug|x64.Build.0 = Debug|x64
		{C9D86603-04CD-4457-903E-F26B4217DDAA}.Debug|x86.ActiveCfg = Debug|Win32
		{C9D86603-04CD-4457-903E-F26B4217DDAA}.Debug|x86.Build.0 = Debug|Win32
		{C9D86603-04CD-4457-903E-F26B4217DDAA}.Release|x64.ActiveCfg = Release|x64
		{C9D86603-04CD-4457-903E-F26B4217DDAA}.Release|x64.Build.0 = Release|x64
		{C9D86603-04CD-4457-903E-F26B4217DDAA}.Release|x86.ActiveCfg = Release|Win32
		{C9D86603-04CD-4457-903E-F26B4217DDAA}.Release|x86.Build.0 = Release|Win32
	EndGlobalSection
	GlobalSection(SolutionProperties) = preSolution
		HideSolutionNode = FALSE
	EndGlobalSection
	GlobalSection(ExtensibilityGlobals) = postSolution
		SolutionGuid = {4C43BF7E-2C04-42B3-ADBC-1874D934CB9F}
	EndGlobalSection
EndGlobal
